
Microsoft Visual Studio Solution File, Format Version 12.00
# Visual Studio 15
VisualStudioVersion = 15.0.27130.2010
MinimumVisualStudioVersion = 10.0.40219.1
Project("{FAE04EC0-301F-11D3-BF4B-00C04F79EFBC}") = "GaugeSpeed", "GaugeSpeed\GaugeSpeed\GaugeSpeed.csproj", "{97AFC43D-362A-4967-8054-2F5C3D5C6723}"
EndProject
Project("{FAE04EC0-301F-11D3-BF4B-00C04F79EFBC}") = "GaugeSpeed.Droid", "GaugeSpeed\GaugeSpeed.Droid\GaugeSpeed.Droid.csproj", "{05268F71-2285-441E-AA95-11C27C881390}"
EndProject
Project("{FAE04EC0-301F-11D3-BF4B-00C04F79EFBC}") = "GaugeSpeed.iOS", "GaugeSpeed\GaugeSpeed.iOS\GaugeSpeed.iOS.csproj", "{3BEE3399-1394-49DF-B4A2-2D2A20E2FC10}"
EndProject
Global
	GlobalSection(SolutionConfigurationPlatforms) = preSolution
		Ad-Hoc|Any CPU = Ad-Hoc|Any CPU
		Ad-Hoc|ARM = Ad-Hoc|ARM
		Ad-Hoc|iPhone = Ad-Hoc|iPhone
		Ad-Hoc|iPhoneSimulator = Ad-Hoc|iPhoneSimulator
		Ad-Hoc|x64 = Ad-Hoc|x64
		Ad-Hoc|x86 = Ad-Hoc|x86
		AppStore|Any CPU = AppStore|Any CPU
		AppStore|ARM = AppStore|ARM
		AppStore|iPhone = AppStore|iPhone
		AppStore|iPhoneSimulator = AppStore|iPhoneSimulator
		AppStore|x64 = AppStore|x64
		AppStore|x86 = AppStore|x86
		Debug|Any CPU = Debug|Any CPU
		Debug|ARM = Debug|ARM
		Debug|iPhone = Debug|iPhone
		Debug|iPhoneSimulator = Debug|iPhoneSimulator
		Debug|x64 = Debug|x64
		Debug|x86 = Debug|x86
		Release|Any CPU = Release|Any CPU
		Release|ARM = Release|ARM
		Release|iPhone = Release|iPhone
		Release|iPhoneSimulator = Release|iPhoneSimulator
		Release|x64 = Release|x64
		Release|x86 = Release|x86
	EndGlobalSection
	GlobalSection(ProjectConfigurationPlatforms) = postSolution
		{97AFC43D-362A-4967-8054-2F5C3D5C6723}.Ad-Hoc|Any CPU.ActiveCfg = Release|Any CPU
		{97AFC43D-362A-4967-8054-2F5C3D5C6723}.Ad-Hoc|Any CPU.Build.0 = Release|Any CPU
		{97AFC43D-362A-4967-8054-2F5C3D5C6723}.Ad-Hoc|ARM.ActiveCfg = Release|Any CPU
		{97AFC43D-362A-4967-8054-2F5C3D5C6723}.Ad-Hoc|ARM.Build.0 = Release|Any CPU
		{97AFC43D-362A-4967-8054-2F5C3D5C6723}.Ad-Hoc|iPhone.ActiveCfg = Release|Any CPU
		{97AFC43D-362A-4967-8054-2F5C3D5C6723}.Ad-Hoc|iPhone.Build.0 = Release|Any CPU
		{97AFC43D-362A-4967-8054-2F5C3D5C6723}.Ad-Hoc|iPhoneSimulator.ActiveCfg = Release|Any CPU
		{97AFC43D-362A-4967-8054-2F5C3D5C6723}.Ad-Hoc|iPhoneSimulator.Build.0 = Release|Any CPU
		{97AFC43D-362A-4967-8054-2F5C3D5C6723}.Ad-Hoc|x64.ActiveCfg = Release|Any CPU
		{97AFC43D-362A-4967-8054-2F5C3D5C6723}.Ad-Hoc|x64.Build.0 = Release|Any CPU
		{97AFC43D-362A-4967-8054-2F5C3D5C6723}.Ad-Hoc|x86.ActiveCfg = Release|Any CPU
		{97AFC43D-362A-4967-8054-2F5C3D5C6723}.Ad-Hoc|x86.Build.0 = Release|Any CPU
		{97AFC43D-362A-4967-8054-2F5C3D5C6723}.AppStore|Any CPU.ActiveCfg = Release|Any CPU
		{97AFC43D-362A-4967-8054-2F5C3D5C6723}.AppStore|Any CPU.Build.0 = Release|Any CPU
		{97AFC43D-362A-4967-8054-2F5C3D5C6723}.AppStore|ARM.ActiveCfg = Release|Any CPU
		{97AFC43D-362A-4967-8054-2F5C3D5C6723}.AppStore|ARM.Build.0 = Release|Any CPU
		{97AFC43D-362A-4967-8054-2F5C3D5C6723}.AppStore|iPhone.ActiveCfg = Release|Any CPU
		{97AFC43D-362A-4967-8054-2F5C3D5C6723}.AppStore|iPhone.Build.0 = Release|Any CPU
		{97AFC43D-362A-4967-8054-2F5C3D5C6723}.AppStore|iPhoneSimulator.ActiveCfg = Release|Any CPU
		{97AFC43D-362A-4967-8054-2F5C3D5C6723}.AppStore|iPhoneSimulator.Build.0 = Release|Any CPU
		{97AFC43D-362A-4967-8054-2F5C3D5C6723}.AppStore|x64.ActiveCfg = Release|Any CPU
		{97AFC43D-362A-4967-8054-2F5C3D5C6723}.AppStore|x64.Build.0 = Release|Any CPU
		{97AFC43D-362A-4967-8054-2F5C3D5C6723}.AppStore|x86.ActiveCfg = Release|Any CPU
		{97AFC43D-362A-4967-8054-2F5C3D5C6723}.AppStore|x86.Build.0 = Release|Any CPU
		{97AFC43D-362A-4967-8054-2F5C3D5C6723}.Debug|Any CPU.ActiveCfg = Debug|Any CPU
		{97AFC43D-362A-4967-8054-2F5C3D5C6723}.Debug|Any CPU.Build.0 = Debug|Any CPU
		{97AFC43D-362A-4967-8054-2F5C3D5C6723}.Debug|ARM.ActiveCfg = Debug|Any CPU
		{97AFC43D-362A-4967-8054-2F5C3D5C6723}.Debug|ARM.Build.0 = Debug|Any CPU
		{97AFC43D-362A-4967-8054-2F5C3D5C6723}.Debug|iPhone.ActiveCfg = Debug|Any CPU
		{97AFC43D-362A-4967-8054-2F5C3D5C6723}.Debug|iPhone.Build.0 = Debug|Any CPU
		{97AFC43D-362A-4967-8054-2F5C3D5C6723}.Debug|iPhoneSimulator.ActiveCfg = Debug|Any CPU
		{97AFC43D-362A-4967-8054-2F5C3D5C6723}.Debug|iPhoneSimulator.Build.0 = Debug|Any CPU
		{97AFC43D-362A-4967-8054-2F5C3D5C6723}.Debug|x64.ActiveCfg = Debug|Any CPU
		{97AFC43D-362A-4967-8054-2F5C3D5C6723}.Debug|x64.Build.0 = Debug|Any CPU
		{97AFC43D-362A-4967-8054-2F5C3D5C6723}.Debug|x86.ActiveCfg = Debug|Any CPU
		{97AFC43D-362A-4967-8054-2F5C3D5C6723}.Debug|x86.Build.0 = Debug|Any CPU
		{97AFC43D-362A-4967-8054-2F5C3D5C6723}.Release|Any CPU.ActiveCfg = Release|Any CPU
		{97AFC43D-362A-4967-8054-2F5C3D5C6723}.Release|Any CPU.Build.0 = Release|Any CPU
		{97AFC43D-362A-4967-8054-2F5C3D5C6723}.Release|ARM.ActiveCfg = Release|Any CPU
		{97AFC43D-362A-4967-8054-2F5C3D5C6723}.Release|ARM.Build.0 = Release|Any CPU
		{97AFC43D-362A-4967-8054-2F5C3D5C6723}.Release|iPhone.ActiveCfg = Release|Any CPU
		{97AFC43D-362A-4967-8054-2F5C3D5C6723}.Release|iPhone.Build.0 = Release|Any CPU
		{97AFC43D-362A-4967-8054-2F5C3D5C6723}.Release|iPhoneSimulator.ActiveCfg = Release|Any CPU
		{97AFC43D-362A-4967-8054-2F5C3D5C6723}.Release|iPhoneSimulator.Build.0 = Release|Any CPU
		{97AFC43D-362A-4967-8054-2F5C3D5C6723}.Release|x64.ActiveCfg = Release|Any CPU
		{97AFC43D-362A-4967-8054-2F5C3D5C6723}.Release|x64.Build.0 = Release|Any CPU
		{97AFC43D-362A-4967-8054-2F5C3D5C6723}.Release|x86.ActiveCfg = Release|Any CPU
		{97AFC43D-362A-4967-8054-2F5C3D5C6723}.Release|x86.Build.0 = Release|Any CPU
		{05268F71-2285-441E-AA95-11C27C881390}.Ad-Hoc|Any CPU.ActiveCfg = Release|Any CPU
		{05268F71-2285-441E-AA95-11C27C881390}.Ad-Hoc|Any CPU.Build.0 = Release|Any CPU
		{05268F71-2285-441E-AA95-11C27C881390}.Ad-Hoc|Any CPU.Deploy.0 = Release|Any CPU
		{05268F71-2285-441E-AA95-11C27C881390}.Ad-Hoc|ARM.ActiveCfg = Release|Any CPU
		{05268F71-2285-441E-AA95-11C27C881390}.Ad-Hoc|ARM.Build.0 = Release|Any CPU
		{05268F71-2285-441E-AA95-11C27C881390}.Ad-Hoc|ARM.Deploy.0 = Release|Any CPU
		{05268F71-2285-441E-AA95-11C27C881390}.Ad-Hoc|iPhone.ActiveCfg = Release|Any CPU
		{05268F71-2285-441E-AA95-11C27C881390}.Ad-Hoc|iPhone.Build.0 = Release|Any CPU
		{05268F71-2285-441E-AA95-11C27C881390}.Ad-Hoc|iPhone.Deploy.0 = Release|Any CPU
		{05268F71-2285-441E-AA95-11C27C881390}.Ad-Hoc|iPhoneSimulator.ActiveCfg = Release|Any CPU
		{05268F71-2285-441E-AA95-11C27C881390}.Ad-Hoc|iPhoneSimulator.Build.0 = Release|Any CPU
		{05268F71-2285-441E-AA95-11C27C881390}.Ad-Hoc|iPhoneSimulator.Deploy.0 = Release|Any CPU
		{05268F71-2285-441E-AA95-11C27C881390}.Ad-Hoc|x64.ActiveCfg = Release|Any CPU
		{05268F71-2285-441E-AA95-11C27C881390}.Ad-Hoc|x64.Build.0 = Release|Any CPU
		{05268F71-2285-441E-AA95-11C27C881390}.Ad-Hoc|x64.Deploy.0 = Release|Any CPU
		{05268F71-2285-441E-AA95-11C27C881390}.Ad-Hoc|x86.ActiveCfg = Release|Any CPU
		{05268F71-2285-441E-AA95-11C27C881390}.Ad-Hoc|x86.Build.0 = Release|Any CPU
		{05268F71-2285-441E-AA95-11C27C881390}.Ad-Hoc|x86.Deploy.0 = Release|Any CPU
		{05268F71-2285-441E-AA95-11C27C881390}.AppStore|Any CPU.ActiveCfg = Release|Any CPU
		{05268F71-2285-441E-AA95-11C27C881390}.AppStore|Any CPU.Build.0 = Release|Any CPU
		{05268F71-2285-441E-AA95-11C27C881390}.AppStore|Any CPU.Deploy.0 = Release|Any CPU
		{05268F71-2285-441E-AA95-11C27C881390}.AppStore|ARM.ActiveCfg = Release|Any CPU
		{05268F71-2285-441E-AA95-11C27C881390}.AppStore|ARM.Build.0 = Release|Any CPU
		{05268F71-2285-441E-AA95-11C27C881390}.AppStore|ARM.Deploy.0 = Release|Any CPU
		{05268F71-2285-441E-AA95-11C27C881390}.AppStore|iPhone.ActiveCfg = Release|Any CPU
		{05268F71-2285-441E-AA95-11C27C881390}.AppStore|iPhone.Build.0 = Release|Any CPU
		{05268F71-2285-441E-AA95-11C27C881390}.AppStore|iPhone.Deploy.0 = Release|Any CPU
		{05268F71-2285-441E-AA95-11C27C881390}.AppStore|iPhoneSimulator.ActiveCfg = Release|Any CPU
		{05268F71-2285-441E-AA95-11C27C881390}.AppStore|iPhoneSimulator.Build.0 = Release|Any CPU
		{05268F71-2285-441E-AA95-11C27C881390}.AppStore|iPhoneSimulator.Deploy.0 = Release|Any CPU
		{05268F71-2285-441E-AA95-11C27C881390}.AppStore|x64.ActiveCfg = Release|Any CPU
		{05268F71-2285-441E-AA95-11C27C881390}.AppStore|x64.Build.0 = Release|Any CPU
		{05268F71-2285-441E-AA95-11C27C881390}.AppStore|x64.Deploy.0 = Release|Any CPU
		{05268F71-2285-441E-AA95-11C27C881390}.AppStore|x86.ActiveCfg = Release|Any CPU
		{05268F71-2285-441E-AA95-11C27C881390}.AppStore|x86.Build.0 = Release|Any CPU
		{05268F71-2285-441E-AA95-11C27C881390}.AppStore|x86.Deploy.0 = Release|Any CPU
		{05268F71-2285-441E-AA95-11C27C881390}.Debug|Any CPU.ActiveCfg = Debug|Any CPU
		{05268F71-2285-441E-AA95-11C27C881390}.Debug|Any CPU.Build.0 = Debug|Any CPU
		{05268F71-2285-441E-AA95-11C27C881390}.Debug|Any CPU.Deploy.0 = Debug|Any CPU
		{05268F71-2285-441E-AA95-11C27C881390}.Debug|ARM.ActiveCfg = Debug|Any CPU
		{05268F71-2285-441E-AA95-11C27C881390}.Debug|ARM.Build.0 = Debug|Any CPU
		{05268F71-2285-441E-AA95-11C27C881390}.Debug|ARM.Deploy.0 = Debug|Any CPU
		{05268F71-2285-441E-AA95-11C27C881390}.Debug|iPhone.ActiveCfg = Debug|Any CPU
		{05268F71-2285-441E-AA95-11C27C881390}.Debug|iPhone.Build.0 = Debug|Any CPU
		{05268F71-2285-441E-AA95-11C27C881390}.Debug|iPhone.Deploy.0 = Debug|Any CPU
		{05268F71-2285-441E-AA95-11C27C881390}.Debug|iPhoneSimulator.ActiveCfg = Debug|Any CPU
		{05268F71-2285-441E-AA95-11C27C881390}.Debug|iPhoneSimulator.Build.0 = Debug|Any CPU
		{05268F71-2285-441E-AA95-11C27C881390}.Debug|iPhoneSimulator.Deploy.0 = Debug|Any CPU
		{05268F71-2285-441E-AA95-11C27C881390}.Debug|x64.ActiveCfg = Debug|Any CPU
		{05268F71-2285-441E-AA95-11C27C881390}.Debug|x64.Build.0 = Debug|Any CPU
		{05268F71-2285-441E-AA95-11C27C881390}.Debug|x64.Deploy.0 = Debug|Any CPU
		{05268F71-2285-441E-AA95-11C27C881390}.Debug|x86.ActiveCfg = Debug|Any CPU
		{05268F71-2285-441E-AA95-11C27C881390}.Debug|x86.Build.0 = Debug|Any CPU
		{05268F71-2285-441E-AA95-11C27C881390}.Debug|x86.Deploy.0 = Debug|Any CPU
		{05268F71-2285-441E-AA95-11C27C881390}.Release|Any CPU.ActiveCfg = Release|Any CPU
		{05268F71-2285-441E-AA95-11C27C881390}.Release|Any CPU.Build.0 = Release|Any CPU
		{05268F71-2285-441E-AA95-11C27C881390}.Release|Any CPU.Deploy.0 = Release|Any CPU
		{05268F71-2285-441E-AA95-11C27C881390}.Release|ARM.ActiveCfg = Release|Any CPU
		{05268F71-2285-441E-AA95-11C27C881390}.Release|ARM.Build.0 = Release|Any CPU
		{05268F71-2285-441E-AA95-11C27C881390}.Release|ARM.Deploy.0 = Release|Any CPU
		{05268F71-2285-441E-AA95-11C27C881390}.Release|iPhone.ActiveCfg = Release|Any CPU
		{05268F71-2285-441E-AA95-11C27C881390}.Release|iPhone.Build.0 = Release|Any CPU
		{05268F71-2285-441E-AA95-11C27C881390}.Release|iPhone.Deploy.0 = Release|Any CPU
		{05268F71-2285-441E-AA95-11C27C881390}.Release|iPhoneSimulator.ActiveCfg = Release|Any CPU
		{05268F71-2285-441E-AA95-11C27C881390}.Release|iPhoneSimulator.Build.0 = Release|Any CPU
		{05268F71-2285-441E-AA95-11C27C881390}.Release|iPhoneSimulator.Deploy.0 = Release|Any CPU
		{05268F71-2285-441E-AA95-11C27C881390}.Release|x64.ActiveCfg = Release|Any CPU
		{05268F71-2285-441E-AA95-11C27C881390}.Release|x64.Build.0 = Release|Any CPU
		{05268F71-2285-441E-AA95-11C27C881390}.Release|x64.Deploy.0 = Release|Any CPU
		{05268F71-2285-441E-AA95-11C27C881390}.Release|x86.ActiveCfg = Release|Any CPU
		{05268F71-2285-441E-AA95-11C27C881390}.Release|x86.Build.0 = Release|Any CPU
		{05268F71-2285-441E-AA95-11C27C881390}.Release|x86.Deploy.0 = Release|Any CPU
		{3BEE3399-1394-49DF-B4A2-2D2A20E2FC10}.Ad-Hoc|Any CPU.ActiveCfg = Ad-Hoc|iPhone
		{3BEE3399-1394-49DF-B4A2-2D2A20E2FC10}.Ad-Hoc|ARM.ActiveCfg = Ad-Hoc|iPhone
		{3BEE3399-1394-49DF-B4A2-2D2A20E2FC10}.Ad-Hoc|iPhone.ActiveCfg = Ad-Hoc|iPhone
		{3BEE3399-1394-49DF-B4A2-2D2A20E2FC10}.Ad-Hoc|iPhone.Build.0 = Ad-Hoc|iPhone
		{3BEE3399-1394-49DF-B4A2-2D2A20E2FC10}.Ad-Hoc|iPhoneSimulator.ActiveCfg = Ad-Hoc|iPhoneSimulator
		{3BEE3399-1394-49DF-B4A2-2D2A20E2FC10}.Ad-Hoc|iPhoneSimulator.Build.0 = Ad-Hoc|iPhoneSimulator
		{3BEE3399-1394-49DF-B4A2-2D2A20E2FC10}.Ad-Hoc|x64.ActiveCfg = Ad-Hoc|iPhone
		{3BEE3399-1394-49DF-B4A2-2D2A20E2FC10}.Ad-Hoc|x86.ActiveCfg = Ad-Hoc|iPhone
		{3BEE3399-1394-49DF-B4A2-2D2A20E2FC10}.AppStore|Any CPU.ActiveCfg = AppStore|iPhone
		{3BEE3399-1394-49DF-B4A2-2D2A20E2FC10}.AppStore|ARM.ActiveCfg = AppStore|iPhone
		{3BEE3399-1394-49DF-B4A2-2D2A20E2FC10}.AppStore|iPhone.ActiveCfg = AppStore|iPhone
		{3BEE3399-1394-49DF-B4A2-2D2A20E2FC10}.AppStore|iPhone.Build.0 = AppStore|iPhone
		{3BEE3399-1394-49DF-B4A2-2D2A20E2FC10}.AppStore|iPhoneSimulator.ActiveCfg = AppStore|iPhoneSimulator
		{3BEE3399-1394-49DF-B4A2-2D2A20E2FC10}.AppStore|iPhoneSimulator.Build.0 = AppStore|iPhoneSimulator
		{3BEE3399-1394-49DF-B4A2-2D2A20E2FC10}.AppStore|x64.ActiveCfg = AppStore|iPhone
		{3BEE3399-1394-49DF-B4A2-2D2A20E2FC10}.AppStore|x86.ActiveCfg = AppStore|iPhone
		{3BEE3399-1394-49DF-B4A2-2D2A20E2FC10}.Debug|Any CPU.ActiveCfg = Debug|iPhone
		{3BEE3399-1394-49DF-B4A2-2D2A20E2FC10}.Debug|ARM.ActiveCfg = Debug|iPhone
		{3BEE3399-1394-49DF-B4A2-2D2A20E2FC10}.Debug|iPhone.ActiveCfg = Debug|iPhone
		{3BEE3399-1394-49DF-B4A2-2D2A20E2FC10}.Debug|iPhone.Build.0 = Debug|iPhone
		{3BEE3399-1394-49DF-B4A2-2D2A20E2FC10}.Debug|iPhoneSimulator.ActiveCfg = Debug|iPhoneSimulator
		{3BEE3399-1394-49DF-B4A2-2D2A20E2FC10}.Debug|iPhoneSimulator.Build.0 = Debug|iPhoneSimulator
		{3BEE3399-1394-49DF-B4A2-2D2A20E2FC10}.Debug|x64.ActiveCfg = Debug|iPhone
		{3BEE3399-1394-49DF-B4A2-2D2A20E2FC10}.Debug|x86.ActiveCfg = Debug|iPhone
		{3BEE3399-1394-49DF-B4A2-2D2A20E2FC10}.Release|Any CPU.ActiveCfg = Release|iPhone
		{3BEE3399-1394-49DF-B4A2-2D2A20E2FC10}.Release|ARM.ActiveCfg = Release|iPhone
		{3BEE3399-1394-49DF-B4A2-2D2A20E2FC10}.Release|iPhone.ActiveCfg = Release|iPhone
		{3BEE3399-1394-49DF-B4A2-2D2A20E2FC10}.Release|iPhone.Build.0 = Release|iPhone
		{3BEE3399-1394-49DF-B4A2-2D2A20E2FC10}.Release|iPhoneSimulator.ActiveCfg = Release|iPhoneSimulator
		{3BEE3399-1394-49DF-B4A2-2D2A20E2FC10}.Release|iPhoneSimulator.Build.0 = Release|iPhoneSimulator
		{3BEE3399-1394-49DF-B4A2-2D2A20E2FC10}.Release|x64.ActiveCfg = Release|iPhone
		{3BEE3399-1394-49DF-B4A2-2D2A20E2FC10}.Release|x86.ActiveCfg = Release|iPhone
	EndGlobalSection
	GlobalSection(SolutionProperties) = preSolution
		HideSolutionNode = FALSE
	EndGlobalSection
	GlobalSection(ExtensibilityGlobals) = postSolution
		SolutionGuid = {DB522BBF-2CF9-4F4A-8DEE-BCB653E05A45}
	EndGlobalSection
EndGlobal
