
Microsoft Visual Studio Solution File, Format Version 12.00
# Visual Studio 14
VisualStudioVersion = 14.0.25123.0
MinimumVisualStudioVersion = 10.0.40219.1
Project("{FAE04EC0-301F-11D3-BF4B-00C04F79EFBC}") = "StandardSeriesDemo", "StandardSeriesDemo\StandardSeriesDemo\StandardSeriesDemo.csproj", "{FCDC7B8E-85D8-4279-BFA2-0D1716B49A9F}"
EndProject
Project("{FAE04EC0-301F-11D3-BF4B-00C04F79EFBC}") = "StandardSeriesDemo.iOS", "StandardSeriesDemo\StandardSeriesDemo.iOS\StandardSeriesDemo.iOS.csproj", "{5B876751-6DDC-4FC1-ADBF-52AE6178A082}"
EndProject
Project("{FAE04EC0-301F-11D3-BF4B-00C04F79EFBC}") = "StandardSeriesDemo.Droid", "StandardSeriesDemo\StandardSeriesDemo.Droid\StandardSeriesDemo.Droid.csproj", "{42DEFC53-8A38-43A9-8144-C8733CB63D33}"
EndProject
Project("{FAE04EC0-301F-11D3-BF4B-00C04F79EFBC}") = "StandardSeriesDemo.WinPhone", "StandardSeriesDemo\StandardSeriesDemo.WinPhone\StandardSeriesDemo.WinPhone.csproj", "{8A1642A8-7CD8-4BD5-9779-7B7049C28EA2}"
EndProject
Project("{2150E333-8FDC-42A3-9474-1A3956D46DE8}") = ".nuget", ".nuget", "{424446D8-BF3A-45F5-AD8D-A1AC1692182F}"
	ProjectSection(SolutionItems) = preProject
		.nuget\NuGet.Config = .nuget\NuGet.Config
		.nuget\NuGet.exe = .nuget\NuGet.exe
		.nuget\NuGet.targets = .nuget\NuGet.targets
	EndProjectSection
EndProject
Project("{FAE04EC0-301F-11D3-BF4B-00C04F79EFBC}") = "TeeChart.PCL", "..\..\..\TeeChartforNET\Version 4\Sources\TeeChart.Xamarin.Forms\TeeChart.PCL\TeeChart.PCL.csproj", "{9CE121FC-EDCB-44AE-92E0-4587DC2C8697}"
EndProject
Project("{FAE04EC0-301F-11D3-BF4B-00C04F79EFBC}") = "TeeChart.PCL.Android", "..\..\..\TeeChartforNET\Version 4\Sources\TeeChart.Xamarin.Forms\TeeChart.PCL.Android\TeeChart.PCL.Android.csproj", "{192CC99A-4357-40F6-9349-1E1F26223787}"
EndProject
Project("{FAE04EC0-301F-11D3-BF4B-00C04F79EFBC}") = "TeeChart.PCL.WP8", "..\..\..\TeeChartforNET\Version 4\Sources\TeeChart.Xamarin.Forms\TeeChart.PCL.WP8\TeeChart.PCL.WP8.csproj", "{E7F99720-54BB-4F17-A03D-C807E3B32B49}"
EndProject
Project("{FAE04EC0-301F-11D3-BF4B-00C04F79EFBC}") = "TeeChart.PCL.iOS.Unified", "..\..\..\TeeChartforNET\Version 4\Sources\TeeChart.Xamarin.Forms\TeeChart.PCL.iOS.Unified\TeeChart.PCL.iOS.Unified.csproj", "{AEAF2DFF-7866-44D9-91A3-0B2B303BAC22}"
EndProject
Global
	GlobalSection(SolutionConfigurationPlatforms) = preSolution
		Ad-Hoc|Any CPU = Ad-Hoc|Any CPU
		Ad-Hoc|ARM = Ad-Hoc|ARM
		Ad-Hoc|iPhone = Ad-Hoc|iPhone
		Ad-Hoc|iPhoneSimulator = Ad-Hoc|iPhoneSimulator
		Ad-Hoc|Mixed Platforms = Ad-Hoc|Mixed Platforms
		Ad-Hoc|x86 = Ad-Hoc|x86
		AppStore|Any CPU = AppStore|Any CPU
		AppStore|ARM = AppStore|ARM
		AppStore|iPhone = AppStore|iPhone
		AppStore|iPhoneSimulator = AppStore|iPhoneSimulator
		AppStore|Mixed Platforms = AppStore|Mixed Platforms
		AppStore|x86 = AppStore|x86
		Debug|Any CPU = Debug|Any CPU
		Debug|ARM = Debug|ARM
		Debug|iPhone = Debug|iPhone
		Debug|iPhoneSimulator = Debug|iPhoneSimulator
		Debug|Mixed Platforms = Debug|Mixed Platforms
		Debug|x86 = Debug|x86
		Release|Any CPU = Release|Any CPU
		Release|ARM = Release|ARM
		Release|iPhone = Release|iPhone
		Release|iPhoneSimulator = Release|iPhoneSimulator
		Release|Mixed Platforms = Release|Mixed Platforms
		Release|x86 = Release|x86
	EndGlobalSection
	GlobalSection(ProjectConfigurationPlatforms) = postSolution
		{FCDC7B8E-85D8-4279-BFA2-0D1716B49A9F}.Ad-Hoc|Any CPU.ActiveCfg = Release|Any CPU
		{FCDC7B8E-85D8-4279-BFA2-0D1716B49A9F}.Ad-Hoc|Any CPU.Build.0 = Release|Any CPU
		{FCDC7B8E-85D8-4279-BFA2-0D1716B49A9F}.Ad-Hoc|ARM.ActiveCfg = Release|Any CPU
		{FCDC7B8E-85D8-4279-BFA2-0D1716B49A9F}.Ad-Hoc|iPhone.ActiveCfg = Release|Any CPU
		{FCDC7B8E-85D8-4279-BFA2-0D1716B49A9F}.Ad-Hoc|iPhoneSimulator.ActiveCfg = Release|Any CPU
		{FCDC7B8E-85D8-4279-BFA2-0D1716B49A9F}.Ad-Hoc|Mixed Platforms.ActiveCfg = Release|Any CPU
		{FCDC7B8E-85D8-4279-BFA2-0D1716B49A9F}.Ad-Hoc|Mixed Platforms.Build.0 = Release|Any CPU
		{FCDC7B8E-85D8-4279-BFA2-0D1716B49A9F}.Ad-Hoc|x86.ActiveCfg = Release|Any CPU
		{FCDC7B8E-85D8-4279-BFA2-0D1716B49A9F}.AppStore|Any CPU.ActiveCfg = Release|Any CPU
		{FCDC7B8E-85D8-4279-BFA2-0D1716B49A9F}.AppStore|Any CPU.Build.0 = Release|Any CPU
		{FCDC7B8E-85D8-4279-BFA2-0D1716B49A9F}.AppStore|ARM.ActiveCfg = Release|Any CPU
		{FCDC7B8E-85D8-4279-BFA2-0D1716B49A9F}.AppStore|iPhone.ActiveCfg = Release|Any CPU
		{FCDC7B8E-85D8-4279-BFA2-0D1716B49A9F}.AppStore|iPhoneSimulator.ActiveCfg = Release|Any CPU
		{FCDC7B8E-85D8-4279-BFA2-0D1716B49A9F}.AppStore|Mixed Platforms.ActiveCfg = Release|Any CPU
		{FCDC7B8E-85D8-4279-BFA2-0D1716B49A9F}.AppStore|Mixed Platforms.Build.0 = Release|Any CPU
		{FCDC7B8E-85D8-4279-BFA2-0D1716B49A9F}.AppStore|x86.ActiveCfg = Release|Any CPU
		{FCDC7B8E-85D8-4279-BFA2-0D1716B49A9F}.Debug|Any CPU.ActiveCfg = Debug|Any CPU
		{FCDC7B8E-85D8-4279-BFA2-0D1716B49A9F}.Debug|Any CPU.Build.0 = Debug|Any CPU
		{FCDC7B8E-85D8-4279-BFA2-0D1716B49A9F}.Debug|ARM.ActiveCfg = Debug|Any CPU
		{FCDC7B8E-85D8-4279-BFA2-0D1716B49A9F}.Debug|iPhone.ActiveCfg = Debug|Any CPU
		{FCDC7B8E-85D8-4279-BFA2-0D1716B49A9F}.Debug|iPhoneSimulator.ActiveCfg = Debug|Any CPU
		{FCDC7B8E-85D8-4279-BFA2-0D1716B49A9F}.Debug|Mixed Platforms.ActiveCfg = Debug|Any CPU
		{FCDC7B8E-85D8-4279-BFA2-0D1716B49A9F}.Debug|Mixed Platforms.Build.0 = Debug|Any CPU
		{FCDC7B8E-85D8-4279-BFA2-0D1716B49A9F}.Debug|x86.ActiveCfg = Debug|Any CPU
		{FCDC7B8E-85D8-4279-BFA2-0D1716B49A9F}.Release|Any CPU.ActiveCfg = Release|Any CPU
		{FCDC7B8E-85D8-4279-BFA2-0D1716B49A9F}.Release|Any CPU.Build.0 = Release|Any CPU
		{FCDC7B8E-85D8-4279-BFA2-0D1716B49A9F}.Release|ARM.ActiveCfg = Release|Any CPU
		{FCDC7B8E-85D8-4279-BFA2-0D1716B49A9F}.Release|iPhone.ActiveCfg = Release|Any CPU
		{FCDC7B8E-85D8-4279-BFA2-0D1716B49A9F}.Release|iPhoneSimulator.ActiveCfg = Release|Any CPU
		{FCDC7B8E-85D8-4279-BFA2-0D1716B49A9F}.Release|Mixed Platforms.ActiveCfg = Release|Any CPU
		{FCDC7B8E-85D8-4279-BFA2-0D1716B49A9F}.Release|Mixed Platforms.Build.0 = Release|Any CPU
		{FCDC7B8E-85D8-4279-BFA2-0D1716B49A9F}.Release|x86.ActiveCfg = Release|Any CPU
		{5B876751-6DDC-4FC1-ADBF-52AE6178A082}.Ad-Hoc|Any CPU.ActiveCfg = Ad-Hoc|iPhone
		{5B876751-6DDC-4FC1-ADBF-52AE6178A082}.Ad-Hoc|ARM.ActiveCfg = Ad-Hoc|iPhone
		{5B876751-6DDC-4FC1-ADBF-52AE6178A082}.Ad-Hoc|iPhone.ActiveCfg = Ad-Hoc|iPhone
		{5B876751-6DDC-4FC1-ADBF-52AE6178A082}.Ad-Hoc|iPhone.Build.0 = Ad-Hoc|iPhone
		{5B876751-6DDC-4FC1-ADBF-52AE6178A082}.Ad-Hoc|iPhoneSimulator.ActiveCfg = Ad-Hoc|iPhoneSimulator
		{5B876751-6DDC-4FC1-ADBF-52AE6178A082}.Ad-Hoc|iPhoneSimulator.Build.0 = Ad-Hoc|iPhoneSimulator
		{5B876751-6DDC-4FC1-ADBF-52AE6178A082}.Ad-Hoc|Mixed Platforms.ActiveCfg = Ad-Hoc|iPhone
		{5B876751-6DDC-4FC1-ADBF-52AE6178A082}.Ad-Hoc|Mixed Platforms.Build.0 = Ad-Hoc|iPhone
		{5B876751-6DDC-4FC1-ADBF-52AE6178A082}.Ad-Hoc|x86.ActiveCfg = Ad-Hoc|iPhone
		{5B876751-6DDC-4FC1-ADBF-52AE6178A082}.AppStore|Any CPU.ActiveCfg = AppStore|iPhone
		{5B876751-6DDC-4FC1-ADBF-52AE6178A082}.AppStore|ARM.ActiveCfg = AppStore|iPhone
		{5B876751-6DDC-4FC1-ADBF-52AE6178A082}.AppStore|iPhone.ActiveCfg = AppStore|iPhone
		{5B876751-6DDC-4FC1-ADBF-52AE6178A082}.AppStore|iPhone.Build.0 = AppStore|iPhone
		{5B876751-6DDC-4FC1-ADBF-52AE6178A082}.AppStore|iPhoneSimulator.ActiveCfg = AppStore|iPhoneSimulator
		{5B876751-6DDC-4FC1-ADBF-52AE6178A082}.AppStore|iPhoneSimulator.Build.0 = AppStore|iPhoneSimulator
		{5B876751-6DDC-4FC1-ADBF-52AE6178A082}.AppStore|Mixed Platforms.ActiveCfg = AppStore|iPhone
		{5B876751-6DDC-4FC1-ADBF-52AE6178A082}.AppStore|Mixed Platforms.Build.0 = AppStore|iPhone
		{5B876751-6DDC-4FC1-ADBF-52AE6178A082}.AppStore|x86.ActiveCfg = AppStore|iPhone
		{5B876751-6DDC-4FC1-ADBF-52AE6178A082}.Debug|Any CPU.ActiveCfg = Debug|iPhone
		{5B876751-6DDC-4FC1-ADBF-52AE6178A082}.Debug|ARM.ActiveCfg = Debug|iPhone
		{5B876751-6DDC-4FC1-ADBF-52AE6178A082}.Debug|iPhone.ActiveCfg = Debug|iPhone
		{5B876751-6DDC-4FC1-ADBF-52AE6178A082}.Debug|iPhone.Build.0 = Debug|iPhone
		{5B876751-6DDC-4FC1-ADBF-52AE6178A082}.Debug|iPhoneSimulator.ActiveCfg = Debug|iPhoneSimulator
		{5B876751-6DDC-4FC1-ADBF-52AE6178A082}.Debug|iPhoneSimulator.Build.0 = Debug|iPhoneSimulator
		{5B876751-6DDC-4FC1-ADBF-52AE6178A082}.Debug|Mixed Platforms.ActiveCfg = Debug|iPhone
		{5B876751-6DDC-4FC1-ADBF-52AE6178A082}.Debug|Mixed Platforms.Build.0 = Debug|iPhone
		{5B876751-6DDC-4FC1-ADBF-52AE6178A082}.Debug|x86.ActiveCfg = Debug|iPhone
		{5B876751-6DDC-4FC1-ADBF-52AE6178A082}.Release|Any CPU.ActiveCfg = Release|iPhone
		{5B876751-6DDC-4FC1-ADBF-52AE6178A082}.Release|ARM.ActiveCfg = Release|iPhone
		{5B876751-6DDC-4FC1-ADBF-52AE6178A082}.Release|iPhone.ActiveCfg = Release|iPhone
		{5B876751-6DDC-4FC1-ADBF-52AE6178A082}.Release|iPhone.Build.0 = Release|iPhone
		{5B876751-6DDC-4FC1-ADBF-52AE6178A082}.Release|iPhoneSimulator.ActiveCfg = Release|iPhoneSimulator
		{5B876751-6DDC-4FC1-ADBF-52AE6178A082}.Release|iPhoneSimulator.Build.0 = Release|iPhoneSimulator
		{5B876751-6DDC-4FC1-ADBF-52AE6178A082}.Release|Mixed Platforms.ActiveCfg = Release|iPhone
		{5B876751-6DDC-4FC1-ADBF-52AE6178A082}.Release|Mixed Platforms.Build.0 = Release|iPhone
		{5B876751-6DDC-4FC1-ADBF-52AE6178A082}.Release|x86.ActiveCfg = Release|iPhone
		{42DEFC53-8A38-43A9-8144-C8733CB63D33}.Ad-Hoc|Any CPU.ActiveCfg = Release|Any CPU
		{42DEFC53-8A38-43A9-8144-C8733CB63D33}.Ad-Hoc|Any CPU.Build.0 = Release|Any CPU
		{42DEFC53-8A38-43A9-8144-C8733CB63D33}.Ad-Hoc|Any CPU.Deploy.0 = Release|Any CPU
		{42DEFC53-8A38-43A9-8144-C8733CB63D33}.Ad-Hoc|ARM.ActiveCfg = Release|Any CPU
		{42DEFC53-8A38-43A9-8144-C8733CB63D33}.Ad-Hoc|iPhone.ActiveCfg = Release|Any CPU
		{42DEFC53-8A38-43A9-8144-C8733CB63D33}.Ad-Hoc|iPhoneSimulator.ActiveCfg = Release|Any CPU
		{42DEFC53-8A38-43A9-8144-C8733CB63D33}.Ad-Hoc|Mixed Platforms.ActiveCfg = Release|Any CPU
		{42DEFC53-8A38-43A9-8144-C8733CB63D33}.Ad-Hoc|Mixed Platforms.Build.0 = Release|Any CPU
		{42DEFC53-8A38-43A9-8144-C8733CB63D33}.Ad-Hoc|Mixed Platforms.Deploy.0 = Release|Any CPU
		{42DEFC53-8A38-43A9-8144-C8733CB63D33}.Ad-Hoc|x86.ActiveCfg = Release|Any CPU
		{42DEFC53-8A38-43A9-8144-C8733CB63D33}.AppStore|Any CPU.ActiveCfg = Release|Any CPU
		{42DEFC53-8A38-43A9-8144-C8733CB63D33}.AppStore|Any CPU.Build.0 = Release|Any CPU
		{42DEFC53-8A38-43A9-8144-C8733CB63D33}.AppStore|Any CPU.Deploy.0 = Release|Any CPU
		{42DEFC53-8A38-43A9-8144-C8733CB63D33}.AppStore|ARM.ActiveCfg = Release|Any CPU
		{42DEFC53-8A38-43A9-8144-C8733CB63D33}.AppStore|iPhone.ActiveCfg = Release|Any CPU
		{42DEFC53-8A38-43A9-8144-C8733CB63D33}.AppStore|iPhoneSimulator.ActiveCfg = Release|Any CPU
		{42DEFC53-8A38-43A9-8144-C8733CB63D33}.AppStore|Mixed Platforms.ActiveCfg = Release|Any CPU
		{42DEFC53-8A38-43A9-8144-C8733CB63D33}.AppStore|Mixed Platforms.Build.0 = Release|Any CPU
		{42DEFC53-8A38-43A9-8144-C8733CB63D33}.AppStore|Mixed Platforms.Deploy.0 = Release|Any CPU
		{42DEFC53-8A38-43A9-8144-C8733CB63D33}.AppStore|x86.ActiveCfg = Release|Any CPU
		{42DEFC53-8A38-43A9-8144-C8733CB63D33}.Debug|Any CPU.ActiveCfg = Debug|Any CPU
		{42DEFC53-8A38-43A9-8144-C8733CB63D33}.Debug|Any CPU.Build.0 = Debug|Any CPU
		{42DEFC53-8A38-43A9-8144-C8733CB63D33}.Debug|Any CPU.Deploy.0 = Debug|Any CPU
		{42DEFC53-8A38-43A9-8144-C8733CB63D33}.Debug|ARM.ActiveCfg = Debug|Any CPU
		{42DEFC53-8A38-43A9-8144-C8733CB63D33}.Debug|iPhone.ActiveCfg = Debug|Any CPU
		{42DEFC53-8A38-43A9-8144-C8733CB63D33}.Debug|iPhoneSimulator.ActiveCfg = Debug|Any CPU
		{42DEFC53-8A38-43A9-8144-C8733CB63D33}.Debug|Mixed Platforms.ActiveCfg = Debug|Any CPU
		{42DEFC53-8A38-43A9-8144-C8733CB63D33}.Debug|Mixed Platforms.Build.0 = Debug|Any CPU
		{42DEFC53-8A38-43A9-8144-C8733CB63D33}.Debug|Mixed Platforms.Deploy.0 = Debug|Any CPU
		{42DEFC53-8A38-43A9-8144-C8733CB63D33}.Debug|x86.ActiveCfg = Debug|Any CPU
		{42DEFC53-8A38-43A9-8144-C8733CB63D33}.Release|Any CPU.ActiveCfg = Release|Any CPU
		{42DEFC53-8A38-43A9-8144-C8733CB63D33}.Release|Any CPU.Build.0 = Release|Any CPU
		{42DEFC53-8A38-43A9-8144-C8733CB63D33}.Release|Any CPU.Deploy.0 = Release|Any CPU
		{42DEFC53-8A38-43A9-8144-C8733CB63D33}.Release|ARM.ActiveCfg = Release|Any CPU
		{42DEFC53-8A38-43A9-8144-C8733CB63D33}.Release|iPhone.ActiveCfg = Release|Any CPU
		{42DEFC53-8A38-43A9-8144-C8733CB63D33}.Release|iPhoneSimulator.ActiveCfg = Release|Any CPU
		{42DEFC53-8A38-43A9-8144-C8733CB63D33}.Release|Mixed Platforms.ActiveCfg = Release|Any CPU
		{42DEFC53-8A38-43A9-8144-C8733CB63D33}.Release|Mixed Platforms.Build.0 = Release|Any CPU
		{42DEFC53-8A38-43A9-8144-C8733CB63D33}.Release|Mixed Platforms.Deploy.0 = Release|Any CPU
		{42DEFC53-8A38-43A9-8144-C8733CB63D33}.Release|x86.ActiveCfg = Release|Any CPU
		{8A1642A8-7CD8-4BD5-9779-7B7049C28EA2}.Ad-Hoc|Any CPU.ActiveCfg = Release|Any CPU
		{8A1642A8-7CD8-4BD5-9779-7B7049C28EA2}.Ad-Hoc|Any CPU.Build.0 = Release|Any CPU
		{8A1642A8-7CD8-4BD5-9779-7B7049C28EA2}.Ad-Hoc|Any CPU.Deploy.0 = Release|Any CPU
		{8A1642A8-7CD8-4BD5-9779-7B7049C28EA2}.Ad-Hoc|ARM.ActiveCfg = Release|ARM
		{8A1642A8-7CD8-4BD5-9779-7B7049C28EA2}.Ad-Hoc|ARM.Build.0 = Release|ARM
		{8A1642A8-7CD8-4BD5-9779-7B7049C28EA2}.Ad-Hoc|ARM.Deploy.0 = Release|ARM
		{8A1642A8-7CD8-4BD5-9779-7B7049C28EA2}.Ad-Hoc|iPhone.ActiveCfg = Release|Any CPU
		{8A1642A8-7CD8-4BD5-9779-7B7049C28EA2}.Ad-Hoc|iPhoneSimulator.ActiveCfg = Release|Any CPU
		{8A1642A8-7CD8-4BD5-9779-7B7049C28EA2}.Ad-Hoc|Mixed Platforms.ActiveCfg = Release|x86
		{8A1642A8-7CD8-4BD5-9779-7B7049C28EA2}.Ad-Hoc|Mixed Platforms.Build.0 = Release|x86
		{8A1642A8-7CD8-4BD5-9779-7B7049C28EA2}.Ad-Hoc|Mixed Platforms.Deploy.0 = Release|x86
		{8A1642A8-7CD8-4BD5-9779-7B7049C28EA2}.Ad-Hoc|x86.ActiveCfg = Release|x86
		{8A1642A8-7CD8-4BD5-9779-7B7049C28EA2}.Ad-Hoc|x86.Build.0 = Release|x86
		{8A1642A8-7CD8-4BD5-9779-7B7049C28EA2}.Ad-Hoc|x86.Deploy.0 = Release|x86
		{8A1642A8-7CD8-4BD5-9779-7B7049C28EA2}.AppStore|Any CPU.ActiveCfg = Release|Any CPU
		{8A1642A8-7CD8-4BD5-9779-7B7049C28EA2}.AppStore|Any CPU.Build.0 = Release|Any CPU
		{8A1642A8-7CD8-4BD5-9779-7B7049C28EA2}.AppStore|Any CPU.Deploy.0 = Release|Any CPU
		{8A1642A8-7CD8-4BD5-9779-7B7049C28EA2}.AppStore|ARM.ActiveCfg = Release|ARM
		{8A1642A8-7CD8-4BD5-9779-7B7049C28EA2}.AppStore|ARM.Build.0 = Release|ARM
		{8A1642A8-7CD8-4BD5-9779-7B7049C28EA2}.AppStore|ARM.Deploy.0 = Release|ARM
		{8A1642A8-7CD8-4BD5-9779-7B7049C28EA2}.AppStore|iPhone.ActiveCfg = Release|Any CPU
		{8A1642A8-7CD8-4BD5-9779-7B7049C28EA2}.AppStore|iPhoneSimulator.ActiveCfg = Release|Any CPU
		{8A1642A8-7CD8-4BD5-9779-7B7049C28EA2}.AppStore|Mixed Platforms.ActiveCfg = Release|x86
		{8A1642A8-7CD8-4BD5-9779-7B7049C28EA2}.AppStore|Mixed Platforms.Build.0 = Release|x86
		{8A1642A8-7CD8-4BD5-9779-7B7049C28EA2}.AppStore|Mixed Platforms.Deploy.0 = Release|x86
		{8A1642A8-7CD8-4BD5-9779-7B7049C28EA2}.AppStore|x86.ActiveCfg = Release|x86
		{8A1642A8-7CD8-4BD5-9779-7B7049C28EA2}.AppStore|x86.Build.0 = Release|x86
		{8A1642A8-7CD8-4BD5-9779-7B7049C28EA2}.AppStore|x86.Deploy.0 = Release|x86
		{8A1642A8-7CD8-4BD5-9779-7B7049C28EA2}.Debug|Any CPU.ActiveCfg = Debug|Any CPU
		{8A1642A8-7CD8-4BD5-9779-7B7049C28EA2}.Debug|Any CPU.Build.0 = Debug|Any CPU
		{8A1642A8-7CD8-4BD5-9779-7B7049C28EA2}.Debug|Any CPU.Deploy.0 = Debug|Any CPU
		{8A1642A8-7CD8-4BD5-9779-7B7049C28EA2}.Debug|ARM.ActiveCfg = Debug|ARM
		{8A1642A8-7CD8-4BD5-9779-7B7049C28EA2}.Debug|ARM.Build.0 = Debug|ARM
		{8A1642A8-7CD8-4BD5-9779-7B7049C28EA2}.Debug|ARM.Deploy.0 = Debug|ARM
		{8A1642A8-7CD8-4BD5-9779-7B7049C28EA2}.Debug|iPhone.ActiveCfg = Debug|Any CPU
		{8A1642A8-7CD8-4BD5-9779-7B7049C28EA2}.Debug|iPhoneSimulator.ActiveCfg = Debug|Any CPU
		{8A1642A8-7CD8-4BD5-9779-7B7049C28EA2}.Debug|Mixed Platforms.ActiveCfg = Debug|x86
		{8A1642A8-7CD8-4BD5-9779-7B7049C28EA2}.Debug|Mixed Platforms.Build.0 = Debug|x86
		{8A1642A8-7CD8-4BD5-9779-7B7049C28EA2}.Debug|Mixed Platforms.Deploy.0 = Debug|x86
		{8A1642A8-7CD8-4BD5-9779-7B7049C28EA2}.Debug|x86.ActiveCfg = Debug|x86
		{8A1642A8-7CD8-4BD5-9779-7B7049C28EA2}.Debug|x86.Build.0 = Debug|x86
		{8A1642A8-7CD8-4BD5-9779-7B7049C28EA2}.Debug|x86.Deploy.0 = Debug|x86
		{8A1642A8-7CD8-4BD5-9779-7B7049C28EA2}.Release|Any CPU.ActiveCfg = Release|Any CPU
		{8A1642A8-7CD8-4BD5-9779-7B7049C28EA2}.Release|Any CPU.Build.0 = Release|Any CPU
		{8A1642A8-7CD8-4BD5-9779-7B7049C28EA2}.Release|Any CPU.Deploy.0 = Release|Any CPU
		{8A1642A8-7CD8-4BD5-9779-7B7049C28EA2}.Release|ARM.ActiveCfg = Release|ARM
		{8A1642A8-7CD8-4BD5-9779-7B7049C28EA2}.Release|ARM.Build.0 = Release|ARM
		{8A1642A8-7CD8-4BD5-9779-7B7049C28EA2}.Release|ARM.Deploy.0 = Release|ARM
		{8A1642A8-7CD8-4BD5-9779-7B7049C28EA2}.Release|iPhone.ActiveCfg = Release|Any CPU
		{8A1642A8-7CD8-4BD5-9779-7B7049C28EA2}.Release|iPhoneSimulator.ActiveCfg = Release|Any CPU
		{8A1642A8-7CD8-4BD5-9779-7B7049C28EA2}.Release|Mixed Platforms.ActiveCfg = Release|x86
		{8A1642A8-7CD8-4BD5-9779-7B7049C28EA2}.Release|Mixed Platforms.Build.0 = Release|x86
		{8A1642A8-7CD8-4BD5-9779-7B7049C28EA2}.Release|Mixed Platforms.Deploy.0 = Release|x86
		{8A1642A8-7CD8-4BD5-9779-7B7049C28EA2}.Release|x86.ActiveCfg = Release|x86
		{8A1642A8-7CD8-4BD5-9779-7B7049C28EA2}.Release|x86.Build.0 = Release|x86
		{8A1642A8-7CD8-4BD5-9779-7B7049C28EA2}.Release|x86.Deploy.0 = Release|x86
		{9CE121FC-EDCB-44AE-92E0-4587DC2C8697}.Ad-Hoc|Any CPU.ActiveCfg = Release|Any CPU
		{9CE121FC-EDCB-44AE-92E0-4587DC2C8697}.Ad-Hoc|Any CPU.Build.0 = Release|Any CPU
		{9CE121FC-EDCB-44AE-92E0-4587DC2C8697}.Ad-Hoc|ARM.ActiveCfg = Release|Any CPU
		{9CE121FC-EDCB-44AE-92E0-4587DC2C8697}.Ad-Hoc|ARM.Build.0 = Release|Any CPU
		{9CE121FC-EDCB-44AE-92E0-4587DC2C8697}.Ad-Hoc|iPhone.ActiveCfg = Release|Any CPU
		{9CE121FC-EDCB-44AE-92E0-4587DC2C8697}.Ad-Hoc|iPhone.Build.0 = Release|Any CPU
		{9CE121FC-EDCB-44AE-92E0-4587DC2C8697}.Ad-Hoc|iPhoneSimulator.ActiveCfg = Release|Any CPU
		{9CE121FC-EDCB-44AE-92E0-4587DC2C8697}.Ad-Hoc|iPhoneSimulator.Build.0 = Release|Any CPU
		{9CE121FC-EDCB-44AE-92E0-4587DC2C8697}.Ad-Hoc|Mixed Platforms.ActiveCfg = Release|Any CPU
		{9CE121FC-EDCB-44AE-92E0-4587DC2C8697}.Ad-Hoc|Mixed Platforms.Build.0 = Release|Any CPU
		{9CE121FC-EDCB-44AE-92E0-4587DC2C8697}.Ad-Hoc|x86.ActiveCfg = Release|Any CPU
		{9CE121FC-EDCB-44AE-92E0-4587DC2C8697}.Ad-Hoc|x86.Build.0 = Release|Any CPU
		{9CE121FC-EDCB-44AE-92E0-4587DC2C8697}.AppStore|Any CPU.ActiveCfg = Release|Any CPU
		{9CE121FC-EDCB-44AE-92E0-4587DC2C8697}.AppStore|Any CPU.Build.0 = Release|Any CPU
		{9CE121FC-EDCB-44AE-92E0-4587DC2C8697}.AppStore|ARM.ActiveCfg = Release|Any CPU
		{9CE121FC-EDCB-44AE-92E0-4587DC2C8697}.AppStore|ARM.Build.0 = Release|Any CPU
		{9CE121FC-EDCB-44AE-92E0-4587DC2C8697}.AppStore|iPhone.ActiveCfg = Release|Any CPU
		{9CE121FC-EDCB-44AE-92E0-4587DC2C8697}.AppStore|iPhone.Build.0 = Release|Any CPU
		{9CE121FC-EDCB-44AE-92E0-4587DC2C8697}.AppStore|iPhoneSimulator.ActiveCfg = Release|Any CPU
		{9CE121FC-EDCB-44AE-92E0-4587DC2C8697}.AppStore|iPhoneSimulator.Build.0 = Release|Any CPU
		{9CE121FC-EDCB-44AE-92E0-4587DC2C8697}.AppStore|Mixed Platforms.ActiveCfg = Release|Any CPU
		{9CE121FC-EDCB-44AE-92E0-4587DC2C8697}.AppStore|Mixed Platforms.Build.0 = Release|Any CPU
		{9CE121FC-EDCB-44AE-92E0-4587DC2C8697}.AppStore|x86.ActiveCfg = Release|Any CPU
		{9CE121FC-EDCB-44AE-92E0-4587DC2C8697}.AppStore|x86.Build.0 = Release|Any CPU
		{9CE121FC-EDCB-44AE-92E0-4587DC2C8697}.Debug|Any CPU.ActiveCfg = Debug|Any CPU
		{9CE121FC-EDCB-44AE-92E0-4587DC2C8697}.Debug|Any CPU.Build.0 = Debug|Any CPU
		{9CE121FC-EDCB-44AE-92E0-4587DC2C8697}.Debug|ARM.ActiveCfg = Debug|Any CPU
		{9CE121FC-EDCB-44AE-92E0-4587DC2C8697}.Debug|ARM.Build.0 = Debug|Any CPU
		{9CE121FC-EDCB-44AE-92E0-4587DC2C8697}.Debug|iPhone.ActiveCfg = Debug|Any CPU
		{9CE121FC-EDCB-44AE-92E0-4587DC2C8697}.Debug|iPhone.Build.0 = Debug|Any CPU
		{9CE121FC-EDCB-44AE-92E0-4587DC2C8697}.Debug|iPhoneSimulator.ActiveCfg = Debug|Any CPU
		{9CE121FC-EDCB-44AE-92E0-4587DC2C8697}.Debug|iPhoneSimulator.Build.0 = Debug|Any CPU
		{9CE121FC-EDCB-44AE-92E0-4587DC2C8697}.Debug|Mixed Platforms.ActiveCfg = Debug|Any CPU
		{9CE121FC-EDCB-44AE-92E0-4587DC2C8697}.Debug|Mixed Platforms.Build.0 = Debug|Any CPU
		{9CE121FC-EDCB-44AE-92E0-4587DC2C8697}.Debug|x86.ActiveCfg = Debug|Any CPU
		{9CE121FC-EDCB-44AE-92E0-4587DC2C8697}.Debug|x86.Build.0 = Debug|Any CPU
		{9CE121FC-EDCB-44AE-92E0-4587DC2C8697}.Release|Any CPU.ActiveCfg = Release|Any CPU
		{9CE121FC-EDCB-44AE-92E0-4587DC2C8697}.Release|Any CPU.Build.0 = Release|Any CPU
		{9CE121FC-EDCB-44AE-92E0-4587DC2C8697}.Release|ARM.ActiveCfg = Release|Any CPU
		{9CE121FC-EDCB-44AE-92E0-4587DC2C8697}.Release|ARM.Build.0 = Release|Any CPU
		{9CE121FC-EDCB-44AE-92E0-4587DC2C8697}.Release|iPhone.ActiveCfg = Release|Any CPU
		{9CE121FC-EDCB-44AE-92E0-4587DC2C8697}.Release|iPhone.Build.0 = Release|Any CPU
		{9CE121FC-EDCB-44AE-92E0-4587DC2C8697}.Release|iPhoneSimulator.ActiveCfg = Release|Any CPU
		{9CE121FC-EDCB-44AE-92E0-4587DC2C8697}.Release|iPhoneSimulator.Build.0 = Release|Any CPU
		{9CE121FC-EDCB-44AE-92E0-4587DC2C8697}.Release|Mixed Platforms.ActiveCfg = Release|Any CPU
		{9CE121FC-EDCB-44AE-92E0-4587DC2C8697}.Release|Mixed Platforms.Build.0 = Release|Any CPU
		{9CE121FC-EDCB-44AE-92E0-4587DC2C8697}.Release|x86.ActiveCfg = Release|Any CPU
		{9CE121FC-EDCB-44AE-92E0-4587DC2C8697}.Release|x86.Build.0 = Release|Any CPU
		{192CC99A-4357-40F6-9349-1E1F26223787}.Ad-Hoc|Any CPU.ActiveCfg = Release|Any CPU
		{192CC99A-4357-40F6-9349-1E1F26223787}.Ad-Hoc|Any CPU.Build.0 = Release|Any CPU
		{192CC99A-4357-40F6-9349-1E1F26223787}.Ad-Hoc|Any CPU.Deploy.0 = Release|Any CPU
		{192CC99A-4357-40F6-9349-1E1F26223787}.Ad-Hoc|ARM.ActiveCfg = Release|Any CPU
		{192CC99A-4357-40F6-9349-1E1F26223787}.Ad-Hoc|ARM.Build.0 = Release|Any CPU
		{192CC99A-4357-40F6-9349-1E1F26223787}.Ad-Hoc|ARM.Deploy.0 = Release|Any CPU
		{192CC99A-4357-40F6-9349-1E1F26223787}.Ad-Hoc|iPhone.ActiveCfg = Release|Any CPU
		{192CC99A-4357-40F6-9349-1E1F26223787}.Ad-Hoc|iPhone.Build.0 = Release|Any CPU
		{192CC99A-4357-40F6-9349-1E1F26223787}.Ad-Hoc|iPhone.Deploy.0 = Release|Any CPU
		{192CC99A-4357-40F6-9349-1E1F26223787}.Ad-Hoc|iPhoneSimulator.ActiveCfg = Release|Any CPU
		{192CC99A-4357-40F6-9349-1E1F26223787}.Ad-Hoc|iPhoneSimulator.Build.0 = Release|Any CPU
		{192CC99A-4357-40F6-9349-1E1F26223787}.Ad-Hoc|iPhoneSimulator.Deploy.0 = Release|Any CPU
		{192CC99A-4357-40F6-9349-1E1F26223787}.Ad-Hoc|Mixed Platforms.ActiveCfg = Release|Any CPU
		{192CC99A-4357-40F6-9349-1E1F26223787}.Ad-Hoc|Mixed Platforms.Build.0 = Release|Any CPU
		{192CC99A-4357-40F6-9349-1E1F26223787}.Ad-Hoc|Mixed Platforms.Deploy.0 = Release|Any CPU
		{192CC99A-4357-40F6-9349-1E1F26223787}.Ad-Hoc|x86.ActiveCfg = Release|Any CPU
		{192CC99A-4357-40F6-9349-1E1F26223787}.Ad-Hoc|x86.Build.0 = Release|Any CPU
		{192CC99A-4357-40F6-9349-1E1F26223787}.Ad-Hoc|x86.Deploy.0 = Release|Any CPU
		{192CC99A-4357-40F6-9349-1E1F26223787}.AppStore|Any CPU.ActiveCfg = Release|Any CPU
		{192CC99A-4357-40F6-9349-1E1F26223787}.AppStore|Any CPU.Build.0 = Release|Any CPU
		{192CC99A-4357-40F6-9349-1E1F26223787}.AppStore|Any CPU.Deploy.0 = Release|Any CPU
		{192CC99A-4357-40F6-9349-1E1F26223787}.AppStore|ARM.ActiveCfg = Release|Any CPU
		{192CC99A-4357-40F6-9349-1E1F26223787}.AppStore|ARM.Build.0 = Release|Any CPU
		{192CC99A-4357-40F6-9349-1E1F26223787}.AppStore|ARM.Deploy.0 = Release|Any CPU
		{192CC99A-4357-40F6-9349-1E1F26223787}.AppStore|iPhone.ActiveCfg = Release|Any CPU
		{192CC99A-4357-40F6-9349-1E1F26223787}.AppStore|iPhone.Build.0 = Release|Any CPU
		{192CC99A-4357-40F6-9349-1E1F26223787}.AppStore|iPhone.Deploy.0 = Release|Any CPU
		{192CC99A-4357-40F6-9349-1E1F26223787}.AppStore|iPhoneSimulator.ActiveCfg = Release|Any CPU
		{192CC99A-4357-40F6-9349-1E1F26223787}.AppStore|iPhoneSimulator.Build.0 = Release|Any CPU
		{192CC99A-4357-40F6-9349-1E1F26223787}.AppStore|iPhoneSimulator.Deploy.0 = Release|Any CPU
		{192CC99A-4357-40F6-9349-1E1F26223787}.AppStore|Mixed Platforms.ActiveCfg = Release|Any CPU
		{192CC99A-4357-40F6-9349-1E1F26223787}.AppStore|Mixed Platforms.Build.0 = Release|Any CPU
		{192CC99A-4357-40F6-9349-1E1F26223787}.AppStore|Mixed Platforms.Deploy.0 = Release|Any CPU
		{192CC99A-4357-40F6-9349-1E1F26223787}.AppStore|x86.ActiveCfg = Release|Any CPU
		{192CC99A-4357-40F6-9349-1E1F26223787}.AppStore|x86.Build.0 = Release|Any CPU
		{192CC99A-4357-40F6-9349-1E1F26223787}.AppStore|x86.Deploy.0 = Release|Any CPU
		{192CC99A-4357-40F6-9349-1E1F26223787}.Debug|Any CPU.ActiveCfg = Debug|Any CPU
		{192CC99A-4357-40F6-9349-1E1F26223787}.Debug|Any CPU.Build.0 = Debug|Any CPU
		{192CC99A-4357-40F6-9349-1E1F26223787}.Debug|Any CPU.Deploy.0 = Debug|Any CPU
		{192CC99A-4357-40F6-9349-1E1F26223787}.Debug|ARM.ActiveCfg = Debug|Any CPU
		{192CC99A-4357-40F6-9349-1E1F26223787}.Debug|ARM.Build.0 = Debug|Any CPU
		{192CC99A-4357-40F6-9349-1E1F26223787}.Debug|ARM.Deploy.0 = Debug|Any CPU
		{192CC99A-4357-40F6-9349-1E1F26223787}.Debug|iPhone.ActiveCfg = Debug|Any CPU
		{192CC99A-4357-40F6-9349-1E1F26223787}.Debug|iPhone.Build.0 = Debug|Any CPU
		{192CC99A-4357-40F6-9349-1E1F26223787}.Debug|iPhone.Deploy.0 = Debug|Any CPU
		{192CC99A-4357-40F6-9349-1E1F26223787}.Debug|iPhoneSimulator.ActiveCfg = Debug|Any CPU
		{192CC99A-4357-40F6-9349-1E1F26223787}.Debug|iPhoneSimulator.Build.0 = Debug|Any CPU
		{192CC99A-4357-40F6-9349-1E1F26223787}.Debug|iPhoneSimulator.Deploy.0 = Debug|Any CPU
		{192CC99A-4357-40F6-9349-1E1F26223787}.Debug|Mixed Platforms.ActiveCfg = Debug|Any CPU
		{192CC99A-4357-40F6-9349-1E1F26223787}.Debug|Mixed Platforms.Build.0 = Debug|Any CPU
		{192CC99A-4357-40F6-9349-1E1F26223787}.Debug|Mixed Platforms.Deploy.0 = Debug|Any CPU
		{192CC99A-4357-40F6-9349-1E1F26223787}.Debug|x86.ActiveCfg = Debug|Any CPU
		{192CC99A-4357-40F6-9349-1E1F26223787}.Debug|x86.Build.0 = Debug|Any CPU
		{192CC99A-4357-40F6-9349-1E1F26223787}.Debug|x86.Deploy.0 = Debug|Any CPU
		{192CC99A-4357-40F6-9349-1E1F26223787}.Release|Any CPU.ActiveCfg = Release|Any CPU
		{192CC99A-4357-40F6-9349-1E1F26223787}.Release|Any CPU.Build.0 = Release|Any CPU
		{192CC99A-4357-40F6-9349-1E1F26223787}.Release|Any CPU.Deploy.0 = Release|Any CPU
		{192CC99A-4357-40F6-9349-1E1F26223787}.Release|ARM.ActiveCfg = Release|Any CPU
		{192CC99A-4357-40F6-9349-1E1F26223787}.Release|ARM.Build.0 = Release|Any CPU
		{192CC99A-4357-40F6-9349-1E1F26223787}.Release|ARM.Deploy.0 = Release|Any CPU
		{192CC99A-4357-40F6-9349-1E1F26223787}.Release|iPhone.ActiveCfg = Release|Any CPU
		{192CC99A-4357-40F6-9349-1E1F26223787}.Release|iPhone.Build.0 = Release|Any CPU
		{192CC99A-4357-40F6-9349-1E1F26223787}.Release|iPhone.Deploy.0 = Release|Any CPU
		{192CC99A-4357-40F6-9349-1E1F26223787}.Release|iPhoneSimulator.ActiveCfg = Release|Any CPU
		{192CC99A-4357-40F6-9349-1E1F26223787}.Release|iPhoneSimulator.Build.0 = Release|Any CPU
		{192CC99A-4357-40F6-9349-1E1F26223787}.Release|iPhoneSimulator.Deploy.0 = Release|Any CPU
		{192CC99A-4357-40F6-9349-1E1F26223787}.Release|Mixed Platforms.ActiveCfg = Release|Any CPU
		{192CC99A-4357-40F6-9349-1E1F26223787}.Release|Mixed Platforms.Build.0 = Release|Any CPU
		{192CC99A-4357-40F6-9349-1E1F26223787}.Release|Mixed Platforms.Deploy.0 = Release|Any CPU
		{192CC99A-4357-40F6-9349-1E1F26223787}.Release|x86.ActiveCfg = Release|Any CPU
		{192CC99A-4357-40F6-9349-1E1F26223787}.Release|x86.Build.0 = Release|Any CPU
		{192CC99A-4357-40F6-9349-1E1F26223787}.Release|x86.Deploy.0 = Release|Any CPU
		{E7F99720-54BB-4F17-A03D-C807E3B32B49}.Ad-Hoc|Any CPU.ActiveCfg = Release|Any CPU
		{E7F99720-54BB-4F17-A03D-C807E3B32B49}.Ad-Hoc|Any CPU.Build.0 = Release|Any CPU
		{E7F99720-54BB-4F17-A03D-C807E3B32B49}.Ad-Hoc|ARM.ActiveCfg = Release|ARM
		{E7F99720-54BB-4F17-A03D-C807E3B32B49}.Ad-Hoc|ARM.Build.0 = Release|ARM
		{E7F99720-54BB-4F17-A03D-C807E3B32B49}.Ad-Hoc|iPhone.ActiveCfg = Release|Any CPU
		{E7F99720-54BB-4F17-A03D-C807E3B32B49}.Ad-Hoc|iPhone.Build.0 = Release|Any CPU
		{E7F99720-54BB-4F17-A03D-C807E3B32B49}.Ad-Hoc|iPhoneSimulator.ActiveCfg = Release|Any CPU
		{E7F99720-54BB-4F17-A03D-C807E3B32B49}.Ad-Hoc|iPhoneSimulator.Build.0 = Release|Any CPU
		{E7F99720-54BB-4F17-A03D-C807E3B32B49}.Ad-Hoc|Mixed Platforms.ActiveCfg = Release|x86
		{E7F99720-54BB-4F17-A03D-C807E3B32B49}.Ad-Hoc|Mixed Platforms.Build.0 = Release|x86
		{E7F99720-54BB-4F17-A03D-C807E3B32B49}.Ad-Hoc|x86.ActiveCfg = Release|x86
		{E7F99720-54BB-4F17-A03D-C807E3B32B49}.Ad-Hoc|x86.Build.0 = Release|x86
		{E7F99720-54BB-4F17-A03D-C807E3B32B49}.AppStore|Any CPU.ActiveCfg = Release|Any CPU
		{E7F99720-54BB-4F17-A03D-C807E3B32B49}.AppStore|Any CPU.Build.0 = Release|Any CPU
		{E7F99720-54BB-4F17-A03D-C807E3B32B49}.AppStore|ARM.ActiveCfg = Release|ARM
		{E7F99720-54BB-4F17-A03D-C807E3B32B49}.AppStore|ARM.Build.0 = Release|ARM
		{E7F99720-54BB-4F17-A03D-C807E3B32B49}.AppStore|iPhone.ActiveCfg = Release|Any CPU
		{E7F99720-54BB-4F17-A03D-C807E3B32B49}.AppStore|iPhone.Build.0 = Release|Any CPU
		{E7F99720-54BB-4F17-A03D-C807E3B32B49}.AppStore|iPhoneSimulator.ActiveCfg = Release|Any CPU
		{E7F99720-54BB-4F17-A03D-C807E3B32B49}.AppStore|iPhoneSimulator.Build.0 = Release|Any CPU
		{E7F99720-54BB-4F17-A03D-C807E3B32B49}.AppStore|Mixed Platforms.ActiveCfg = Release|x86
		{E7F99720-54BB-4F17-A03D-C807E3B32B49}.AppStore|Mixed Platforms.Build.0 = Release|x86
		{E7F99720-54BB-4F17-A03D-C807E3B32B49}.AppStore|x86.ActiveCfg = Release|x86
		{E7F99720-54BB-4F17-A03D-C807E3B32B49}.AppStore|x86.Build.0 = Release|x86
		{E7F99720-54BB-4F17-A03D-C807E3B32B49}.Debug|Any CPU.ActiveCfg = Debug|Any CPU
		{E7F99720-54BB-4F17-A03D-C807E3B32B49}.Debug|Any CPU.Build.0 = Debug|Any CPU
		{E7F99720-54BB-4F17-A03D-C807E3B32B49}.Debug|ARM.ActiveCfg = Debug|ARM
		{E7F99720-54BB-4F17-A03D-C807E3B32B49}.Debug|ARM.Build.0 = Debug|ARM
		{E7F99720-54BB-4F17-A03D-C807E3B32B49}.Debug|iPhone.ActiveCfg = Debug|Any CPU
		{E7F99720-54BB-4F17-A03D-C807E3B32B49}.Debug|iPhone.Build.0 = Debug|Any CPU
		{E7F99720-54BB-4F17-A03D-C807E3B32B49}.Debug|iPhoneSimulator.ActiveCfg = Debug|Any CPU
		{E7F99720-54BB-4F17-A03D-C807E3B32B49}.Debug|iPhoneSimulator.Build.0 = Debug|Any CPU
		{E7F99720-54BB-4F17-A03D-C807E3B32B49}.Debug|Mixed Platforms.ActiveCfg = Debug|x86
		{E7F99720-54BB-4F17-A03D-C807E3B32B49}.Debug|Mixed Platforms.Build.0 = Debug|x86
		{E7F99720-54BB-4F17-A03D-C807E3B32B49}.Debug|x86.ActiveCfg = Debug|x86
		{E7F99720-54BB-4F17-A03D-C807E3B32B49}.Debug|x86.Build.0 = Debug|x86
		{E7F99720-54BB-4F17-A03D-C807E3B32B49}.Release|Any CPU.ActiveCfg = Release|Any CPU
		{E7F99720-54BB-4F17-A03D-C807E3B32B49}.Release|Any CPU.Build.0 = Release|Any CPU
		{E7F99720-54BB-4F17-A03D-C807E3B32B49}.Release|ARM.ActiveCfg = Release|ARM
		{E7F99720-54BB-4F17-A03D-C807E3B32B49}.Release|ARM.Build.0 = Release|ARM
		{E7F99720-54BB-4F17-A03D-C807E3B32B49}.Release|iPhone.ActiveCfg = Release|Any CPU
		{E7F99720-54BB-4F17-A03D-C807E3B32B49}.Release|iPhone.Build.0 = Release|Any CPU
		{E7F99720-54BB-4F17-A03D-C807E3B32B49}.Release|iPhoneSimulator.ActiveCfg = Release|Any CPU
		{E7F99720-54BB-4F17-A03D-C807E3B32B49}.Release|iPhoneSimulator.Build.0 = Release|Any CPU
		{E7F99720-54BB-4F17-A03D-C807E3B32B49}.Release|Mixed Platforms.ActiveCfg = Release|x86
		{E7F99720-54BB-4F17-A03D-C807E3B32B49}.Release|Mixed Platforms.Build.0 = Release|x86
		{E7F99720-54BB-4F17-A03D-C807E3B32B49}.Release|x86.ActiveCfg = Release|x86
		{E7F99720-54BB-4F17-A03D-C807E3B32B49}.Release|x86.Build.0 = Release|x86
		{AEAF2DFF-7866-44D9-91A3-0B2B303BAC22}.Ad-Hoc|Any CPU.ActiveCfg = Ad-Hoc|iPhone
		{AEAF2DFF-7866-44D9-91A3-0B2B303BAC22}.Ad-Hoc|ARM.ActiveCfg = Ad-Hoc|iPhone
		{AEAF2DFF-7866-44D9-91A3-0B2B303BAC22}.Ad-Hoc|iPhone.ActiveCfg = Ad-Hoc|iPhone
		{AEAF2DFF-7866-44D9-91A3-0B2B303BAC22}.Ad-Hoc|iPhone.Build.0 = Ad-Hoc|iPhone
		{AEAF2DFF-7866-44D9-91A3-0B2B303BAC22}.Ad-Hoc|iPhoneSimulator.ActiveCfg = Ad-Hoc|iPhoneSimulator
		{AEAF2DFF-7866-44D9-91A3-0B2B303BAC22}.Ad-Hoc|iPhoneSimulator.Build.0 = Ad-Hoc|iPhoneSimulator
		{AEAF2DFF-7866-44D9-91A3-0B2B303BAC22}.Ad-Hoc|Mixed Platforms.ActiveCfg = Ad-Hoc|iPhone
		{AEAF2DFF-7866-44D9-91A3-0B2B303BAC22}.Ad-Hoc|Mixed Platforms.Build.0 = Ad-Hoc|iPhone
		{AEAF2DFF-7866-44D9-91A3-0B2B303BAC22}.Ad-Hoc|x86.ActiveCfg = Ad-Hoc|iPhone
		{AEAF2DFF-7866-44D9-91A3-0B2B303BAC22}.AppStore|Any CPU.ActiveCfg = AppStore|iPhone
		{AEAF2DFF-7866-44D9-91A3-0B2B303BAC22}.AppStore|ARM.ActiveCfg = AppStore|iPhone
		{AEAF2DFF-7866-44D9-91A3-0B2B303BAC22}.AppStore|iPhone.ActiveCfg = AppStore|iPhone
		{AEAF2DFF-7866-44D9-91A3-0B2B303BAC22}.AppStore|iPhone.Build.0 = AppStore|iPhone
		{AEAF2DFF-7866-44D9-91A3-0B2B303BAC22}.AppStore|iPhoneSimulator.ActiveCfg = AppStore|iPhoneSimulator
		{AEAF2DFF-7866-44D9-91A3-0B2B303BAC22}.AppStore|iPhoneSimulator.Build.0 = AppStore|iPhoneSimulator
		{AEAF2DFF-7866-44D9-91A3-0B2B303BAC22}.AppStore|Mixed Platforms.ActiveCfg = AppStore|iPhone
		{AEAF2DFF-7866-44D9-91A3-0B2B303BAC22}.AppStore|Mixed Platforms.Build.0 = AppStore|iPhone
		{AEAF2DFF-7866-44D9-91A3-0B2B303BAC22}.AppStore|x86.ActiveCfg = AppStore|iPhone
		{AEAF2DFF-7866-44D9-91A3-0B2B303BAC22}.Debug|Any CPU.ActiveCfg = Debug|iPhone
		{AEAF2DFF-7866-44D9-91A3-0B2B303BAC22}.Debug|ARM.ActiveCfg = Debug|iPhone
		{AEAF2DFF-7866-44D9-91A3-0B2B303BAC22}.Debug|iPhone.ActiveCfg = Debug|iPhone
		{AEAF2DFF-7866-44D9-91A3-0B2B303BAC22}.Debug|iPhone.Build.0 = Debug|iPhone
		{AEAF2DFF-7866-44D9-91A3-0B2B303BAC22}.Debug|iPhoneSimulator.ActiveCfg = Debug|iPhoneSimulator
		{AEAF2DFF-7866-44D9-91A3-0B2B303BAC22}.Debug|iPhoneSimulator.Build.0 = Debug|iPhoneSimulator
		{AEAF2DFF-7866-44D9-91A3-0B2B303BAC22}.Debug|Mixed Platforms.ActiveCfg = Debug|iPhone
		{AEAF2DFF-7866-44D9-91A3-0B2B303BAC22}.Debug|Mixed Platforms.Build.0 = Debug|iPhone
		{AEAF2DFF-7866-44D9-91A3-0B2B303BAC22}.Debug|x86.ActiveCfg = Debug|iPhone
		{AEAF2DFF-7866-44D9-91A3-0B2B303BAC22}.Release|Any CPU.ActiveCfg = Release|iPhone
		{AEAF2DFF-7866-44D9-91A3-0B2B303BAC22}.Release|ARM.ActiveCfg = Release|iPhone
		{AEAF2DFF-7866-44D9-91A3-0B2B303BAC22}.Release|iPhone.ActiveCfg = Release|iPhone
		{AEAF2DFF-7866-44D9-91A3-0B2B303BAC22}.Release|iPhone.Build.0 = Release|iPhone
		{AEAF2DFF-7866-44D9-91A3-0B2B303BAC22}.Release|iPhoneSimulator.ActiveCfg = Release|iPhoneSimulator
		{AEAF2DFF-7866-44D9-91A3-0B2B303BAC22}.Release|iPhoneSimulator.Build.0 = Release|iPhoneSimulator
		{AEAF2DFF-7866-44D9-91A3-0B2B303BAC22}.Release|Mixed Platforms.ActiveCfg = Release|iPhone
		{AEAF2DFF-7866-44D9-91A3-0B2B303BAC22}.Release|Mixed Platforms.Build.0 = Release|iPhone
		{AEAF2DFF-7866-44D9-91A3-0B2B303BAC22}.Release|x86.ActiveCfg = Release|iPhone
	EndGlobalSection
	GlobalSection(SolutionProperties) = preSolution
		HideSolutionNode = FALSE
	EndGlobalSection
EndGlobal
