
Microsoft Visual Studio Solution File, Format Version 12.00
# Visual Studio 15
VisualStudioVersion = 15.0.27130.2010
MinimumVisualStudioVersion = 10.0.40219.1
Project("{FAE04EC0-301F-11D3-BF4B-00C04F79EFBC}") = "StandardSeriesXFormsSTD", "StandardSeriesXFormsSTD\StandardSeriesXFormsSTD\StandardSeriesXFormsSTD.csproj", "{348D36FC-3447-4EEB-8862-467E485E3507}"
EndProject
Project("{FAE04EC0-301F-11D3-BF4B-00C04F79EFBC}") = "StandardSeriesXFormsSTD.Android", "StandardSeriesXFormsSTD\StandardSeriesXFormsSTD.Android\StandardSeriesXFormsSTD.Android.csproj", "{9A328AC9-7667-4E4E-8911-FA4FDA02BAAD}"
EndProject
Project("{FAE04EC0-301F-11D3-BF4B-00C04F79EFBC}") = "StandardSeriesXFormsSTD.iOS", "StandardSeriesXFormsSTD\StandardSeriesXFormsSTD.iOS\StandardSeriesXFormsSTD.iOS.csproj", "{50461EDF-A79D-4DFE-B941-C989C39CF061}"
EndProject
Project("{FAE04EC0-301F-11D3-BF4B-00C04F79EFBC}") = "StandardSeriesXFormsSTD.UWP", "StandardSeriesXFormsSTD\StandardSeriesXFormsSTD.UWP\StandardSeriesXFormsSTD.UWP.csproj", "{3AFD6AC5-226B-42D0-8A93-242D4D709070}"
EndProject
Global
	GlobalSection(SolutionConfigurationPlatforms) = preSolution
		Ad-Hoc|Any CPU = Ad-Hoc|Any CPU
		Ad-Hoc|ARM = Ad-Hoc|ARM
		Ad-Hoc|iPhone = Ad-Hoc|iPhone
		Ad-Hoc|iPhoneSimulator = Ad-Hoc|iPhoneSimulator
		Ad-Hoc|x64 = Ad-Hoc|x64
		Ad-Hoc|x86 = Ad-Hoc|x86
		AppStore|Any CPU = AppStore|Any CPU
		AppStore|ARM = AppStore|ARM
		AppStore|iPhone = AppStore|iPhone
		AppStore|iPhoneSimulator = AppStore|iPhoneSimulator
		AppStore|x64 = AppStore|x64
		AppStore|x86 = AppStore|x86
		Debug|Any CPU = Debug|Any CPU
		Debug|ARM = Debug|ARM
		Debug|iPhone = Debug|iPhone
		Debug|iPhoneSimulator = Debug|iPhoneSimulator
		Debug|x64 = Debug|x64
		Debug|x86 = Debug|x86
		Release|Any CPU = Release|Any CPU
		Release|ARM = Release|ARM
		Release|iPhone = Release|iPhone
		Release|iPhoneSimulator = Release|iPhoneSimulator
		Release|x64 = Release|x64
		Release|x86 = Release|x86
	EndGlobalSection
	GlobalSection(ProjectConfigurationPlatforms) = postSolution
		{348D36FC-3447-4EEB-8862-467E485E3507}.Ad-Hoc|Any CPU.ActiveCfg = Release|Any CPU
		{348D36FC-3447-4EEB-8862-467E485E3507}.Ad-Hoc|Any CPU.Build.0 = Release|Any CPU
		{348D36FC-3447-4EEB-8862-467E485E3507}.Ad-Hoc|ARM.ActiveCfg = Release|Any CPU
		{348D36FC-3447-4EEB-8862-467E485E3507}.Ad-Hoc|ARM.Build.0 = Release|Any CPU
		{348D36FC-3447-4EEB-8862-467E485E3507}.Ad-Hoc|iPhone.ActiveCfg = Release|Any CPU
		{348D36FC-3447-4EEB-8862-467E485E3507}.Ad-Hoc|iPhone.Build.0 = Release|Any CPU
		{348D36FC-3447-4EEB-8862-467E485E3507}.Ad-Hoc|iPhoneSimulator.ActiveCfg = Release|Any CPU
		{348D36FC-3447-4EEB-8862-467E485E3507}.Ad-Hoc|iPhoneSimulator.Build.0 = Release|Any CPU
		{348D36FC-3447-4EEB-8862-467E485E3507}.Ad-Hoc|x64.ActiveCfg = Release|Any CPU
		{348D36FC-3447-4EEB-8862-467E485E3507}.Ad-Hoc|x64.Build.0 = Release|Any CPU
		{348D36FC-3447-4EEB-8862-467E485E3507}.Ad-Hoc|x86.ActiveCfg = Release|Any CPU
		{348D36FC-3447-4EEB-8862-467E485E3507}.Ad-Hoc|x86.Build.0 = Release|Any CPU
		{348D36FC-3447-4EEB-8862-467E485E3507}.AppStore|Any CPU.ActiveCfg = Release|Any CPU
		{348D36FC-3447-4EEB-8862-467E485E3507}.AppStore|Any CPU.Build.0 = Release|Any CPU
		{348D36FC-3447-4EEB-8862-467E485E3507}.AppStore|ARM.ActiveCfg = Release|Any CPU
		{348D36FC-3447-4EEB-8862-467E485E3507}.AppStore|ARM.Build.0 = Release|Any CPU
		{348D36FC-3447-4EEB-8862-467E485E3507}.AppStore|iPhone.ActiveCfg = Release|Any CPU
		{348D36FC-3447-4EEB-8862-467E485E3507}.AppStore|iPhone.Build.0 = Release|Any CPU
		{348D36FC-3447-4EEB-8862-467E485E3507}.AppStore|iPhoneSimulator.ActiveCfg = Release|Any CPU
		{348D36FC-3447-4EEB-8862-467E485E3507}.AppStore|iPhoneSimulator.Build.0 = Release|Any CPU
		{348D36FC-3447-4EEB-8862-467E485E3507}.AppStore|x64.ActiveCfg = Release|Any CPU
		{348D36FC-3447-4EEB-8862-467E485E3507}.AppStore|x64.Build.0 = Release|Any CPU
		{348D36FC-3447-4EEB-8862-467E485E3507}.AppStore|x86.ActiveCfg = Release|Any CPU
		{348D36FC-3447-4EEB-8862-467E485E3507}.AppStore|x86.Build.0 = Release|Any CPU
		{348D36FC-3447-4EEB-8862-467E485E3507}.Debug|Any CPU.ActiveCfg = Debug|Any CPU
		{348D36FC-3447-4EEB-8862-467E485E3507}.Debug|Any CPU.Build.0 = Debug|Any CPU
		{348D36FC-3447-4EEB-8862-467E485E3507}.Debug|ARM.ActiveCfg = Debug|Any CPU
		{348D36FC-3447-4EEB-8862-467E485E3507}.Debug|ARM.Build.0 = Debug|Any CPU
		{348D36FC-3447-4EEB-8862-467E485E3507}.Debug|iPhone.ActiveCfg = Debug|Any CPU
		{348D36FC-3447-4EEB-8862-467E485E3507}.Debug|iPhone.Build.0 = Debug|Any CPU
		{348D36FC-3447-4EEB-8862-467E485E3507}.Debug|iPhoneSimulator.ActiveCfg = Debug|Any CPU
		{348D36FC-3447-4EEB-8862-467E485E3507}.Debug|iPhoneSimulator.Build.0 = Debug|Any CPU
		{348D36FC-3447-4EEB-8862-467E485E3507}.Debug|x64.ActiveCfg = Debug|Any CPU
		{348D36FC-3447-4EEB-8862-467E485E3507}.Debug|x64.Build.0 = Debug|Any CPU
		{348D36FC-3447-4EEB-8862-467E485E3507}.Debug|x86.ActiveCfg = Debug|Any CPU
		{348D36FC-3447-4EEB-8862-467E485E3507}.Debug|x86.Build.0 = Debug|Any CPU
		{348D36FC-3447-4EEB-8862-467E485E3507}.Release|Any CPU.ActiveCfg = Release|Any CPU
		{348D36FC-3447-4EEB-8862-467E485E3507}.Release|Any CPU.Build.0 = Release|Any CPU
		{348D36FC-3447-4EEB-8862-467E485E3507}.Release|ARM.ActiveCfg = Release|Any CPU
		{348D36FC-3447-4EEB-8862-467E485E3507}.Release|ARM.Build.0 = Release|Any CPU
		{348D36FC-3447-4EEB-8862-467E485E3507}.Release|iPhone.ActiveCfg = Release|Any CPU
		{348D36FC-3447-4EEB-8862-467E485E3507}.Release|iPhone.Build.0 = Release|Any CPU
		{348D36FC-3447-4EEB-8862-467E485E3507}.Release|iPhoneSimulator.ActiveCfg = Release|Any CPU
		{348D36FC-3447-4EEB-8862-467E485E3507}.Release|iPhoneSimulator.Build.0 = Release|Any CPU
		{348D36FC-3447-4EEB-8862-467E485E3507}.Release|x64.ActiveCfg = Release|Any CPU
		{348D36FC-3447-4EEB-8862-467E485E3507}.Release|x64.Build.0 = Release|Any CPU
		{348D36FC-3447-4EEB-8862-467E485E3507}.Release|x86.ActiveCfg = Release|Any CPU
		{348D36FC-3447-4EEB-8862-467E485E3507}.Release|x86.Build.0 = Release|Any CPU
		{9A328AC9-7667-4E4E-8911-FA4FDA02BAAD}.Ad-Hoc|Any CPU.ActiveCfg = Release|Any CPU
		{9A328AC9-7667-4E4E-8911-FA4FDA02BAAD}.Ad-Hoc|Any CPU.Build.0 = Release|Any CPU
		{9A328AC9-7667-4E4E-8911-FA4FDA02BAAD}.Ad-Hoc|Any CPU.Deploy.0 = Release|Any CPU
		{9A328AC9-7667-4E4E-8911-FA4FDA02BAAD}.Ad-Hoc|ARM.ActiveCfg = Release|Any CPU
		{9A328AC9-7667-4E4E-8911-FA4FDA02BAAD}.Ad-Hoc|ARM.Build.0 = Release|Any CPU
		{9A328AC9-7667-4E4E-8911-FA4FDA02BAAD}.Ad-Hoc|ARM.Deploy.0 = Release|Any CPU
		{9A328AC9-7667-4E4E-8911-FA4FDA02BAAD}.Ad-Hoc|iPhone.ActiveCfg = Release|Any CPU
		{9A328AC9-7667-4E4E-8911-FA4FDA02BAAD}.Ad-Hoc|iPhone.Build.0 = Release|Any CPU
		{9A328AC9-7667-4E4E-8911-FA4FDA02BAAD}.Ad-Hoc|iPhone.Deploy.0 = Release|Any CPU
		{9A328AC9-7667-4E4E-8911-FA4FDA02BAAD}.Ad-Hoc|iPhoneSimulator.ActiveCfg = Release|Any CPU
		{9A328AC9-7667-4E4E-8911-FA4FDA02BAAD}.Ad-Hoc|iPhoneSimulator.Build.0 = Release|Any CPU
		{9A328AC9-7667-4E4E-8911-FA4FDA02BAAD}.Ad-Hoc|iPhoneSimulator.Deploy.0 = Release|Any CPU
		{9A328AC9-7667-4E4E-8911-FA4FDA02BAAD}.Ad-Hoc|x64.ActiveCfg = Release|Any CPU
		{9A328AC9-7667-4E4E-8911-FA4FDA02BAAD}.Ad-Hoc|x64.Build.0 = Release|Any CPU
		{9A328AC9-7667-4E4E-8911-FA4FDA02BAAD}.Ad-Hoc|x64.Deploy.0 = Release|Any CPU
		{9A328AC9-7667-4E4E-8911-FA4FDA02BAAD}.Ad-Hoc|x86.ActiveCfg = Release|Any CPU
		{9A328AC9-7667-4E4E-8911-FA4FDA02BAAD}.Ad-Hoc|x86.Build.0 = Release|Any CPU
		{9A328AC9-7667-4E4E-8911-FA4FDA02BAAD}.Ad-Hoc|x86.Deploy.0 = Release|Any CPU
		{9A328AC9-7667-4E4E-8911-FA4FDA02BAAD}.AppStore|Any CPU.ActiveCfg = Release|Any CPU
		{9A328AC9-7667-4E4E-8911-FA4FDA02BAAD}.AppStore|Any CPU.Build.0 = Release|Any CPU
		{9A328AC9-7667-4E4E-8911-FA4FDA02BAAD}.AppStore|Any CPU.Deploy.0 = Release|Any CPU
		{9A328AC9-7667-4E4E-8911-FA4FDA02BAAD}.AppStore|ARM.ActiveCfg = Release|Any CPU
		{9A328AC9-7667-4E4E-8911-FA4FDA02BAAD}.AppStore|ARM.Build.0 = Release|Any CPU
		{9A328AC9-7667-4E4E-8911-FA4FDA02BAAD}.AppStore|ARM.Deploy.0 = Release|Any CPU
		{9A328AC9-7667-4E4E-8911-FA4FDA02BAAD}.AppStore|iPhone.ActiveCfg = Release|Any CPU
		{9A328AC9-7667-4E4E-8911-FA4FDA02BAAD}.AppStore|iPhone.Build.0 = Release|Any CPU
		{9A328AC9-7667-4E4E-8911-FA4FDA02BAAD}.AppStore|iPhone.Deploy.0 = Release|Any CPU
		{9A328AC9-7667-4E4E-8911-FA4FDA02BAAD}.AppStore|iPhoneSimulator.ActiveCfg = Release|Any CPU
		{9A328AC9-7667-4E4E-8911-FA4FDA02BAAD}.AppStore|iPhoneSimulator.Build.0 = Release|Any CPU
		{9A328AC9-7667-4E4E-8911-FA4FDA02BAAD}.AppStore|iPhoneSimulator.Deploy.0 = Release|Any CPU
		{9A328AC9-7667-4E4E-8911-FA4FDA02BAAD}.AppStore|x64.ActiveCfg = Release|Any CPU
		{9A328AC9-7667-4E4E-8911-FA4FDA02BAAD}.AppStore|x64.Build.0 = Release|Any CPU
		{9A328AC9-7667-4E4E-8911-FA4FDA02BAAD}.AppStore|x64.Deploy.0 = Release|Any CPU
		{9A328AC9-7667-4E4E-8911-FA4FDA02BAAD}.AppStore|x86.ActiveCfg = Release|Any CPU
		{9A328AC9-7667-4E4E-8911-FA4FDA02BAAD}.AppStore|x86.Build.0 = Release|Any CPU
		{9A328AC9-7667-4E4E-8911-FA4FDA02BAAD}.AppStore|x86.Deploy.0 = Release|Any CPU
		{9A328AC9-7667-4E4E-8911-FA4FDA02BAAD}.Debug|Any CPU.ActiveCfg = Debug|Any CPU
		{9A328AC9-7667-4E4E-8911-FA4FDA02BAAD}.Debug|Any CPU.Build.0 = Debug|Any CPU
		{9A328AC9-7667-4E4E-8911-FA4FDA02BAAD}.Debug|Any CPU.Deploy.0 = Debug|Any CPU
		{9A328AC9-7667-4E4E-8911-FA4FDA02BAAD}.Debug|ARM.ActiveCfg = Debug|Any CPU
		{9A328AC9-7667-4E4E-8911-FA4FDA02BAAD}.Debug|ARM.Build.0 = Debug|Any CPU
		{9A328AC9-7667-4E4E-8911-FA4FDA02BAAD}.Debug|ARM.Deploy.0 = Debug|Any CPU
		{9A328AC9-7667-4E4E-8911-FA4FDA02BAAD}.Debug|iPhone.ActiveCfg = Debug|Any CPU
		{9A328AC9-7667-4E4E-8911-FA4FDA02BAAD}.Debug|iPhone.Build.0 = Debug|Any CPU
		{9A328AC9-7667-4E4E-8911-FA4FDA02BAAD}.Debug|iPhone.Deploy.0 = Debug|Any CPU
		{9A328AC9-7667-4E4E-8911-FA4FDA02BAAD}.Debug|iPhoneSimulator.ActiveCfg = Debug|Any CPU
		{9A328AC9-7667-4E4E-8911-FA4FDA02BAAD}.Debug|iPhoneSimulator.Build.0 = Debug|Any CPU
		{9A328AC9-7667-4E4E-8911-FA4FDA02BAAD}.Debug|iPhoneSimulator.Deploy.0 = Debug|Any CPU
		{9A328AC9-7667-4E4E-8911-FA4FDA02BAAD}.Debug|x64.ActiveCfg = Debug|Any CPU
		{9A328AC9-7667-4E4E-8911-FA4FDA02BAAD}.Debug|x64.Build.0 = Debug|Any CPU
		{9A328AC9-7667-4E4E-8911-FA4FDA02BAAD}.Debug|x64.Deploy.0 = Debug|Any CPU
		{9A328AC9-7667-4E4E-8911-FA4FDA02BAAD}.Debug|x86.ActiveCfg = Debug|Any CPU
		{9A328AC9-7667-4E4E-8911-FA4FDA02BAAD}.Debug|x86.Build.0 = Debug|Any CPU
		{9A328AC9-7667-4E4E-8911-FA4FDA02BAAD}.Debug|x86.Deploy.0 = Debug|Any CPU
		{9A328AC9-7667-4E4E-8911-FA4FDA02BAAD}.Release|Any CPU.ActiveCfg = Release|Any CPU
		{9A328AC9-7667-4E4E-8911-FA4FDA02BAAD}.Release|Any CPU.Build.0 = Release|Any CPU
		{9A328AC9-7667-4E4E-8911-FA4FDA02BAAD}.Release|Any CPU.Deploy.0 = Release|Any CPU
		{9A328AC9-7667-4E4E-8911-FA4FDA02BAAD}.Release|ARM.ActiveCfg = Release|Any CPU
		{9A328AC9-7667-4E4E-8911-FA4FDA02BAAD}.Release|ARM.Build.0 = Release|Any CPU
		{9A328AC9-7667-4E4E-8911-FA4FDA02BAAD}.Release|ARM.Deploy.0 = Release|Any CPU
		{9A328AC9-7667-4E4E-8911-FA4FDA02BAAD}.Release|iPhone.ActiveCfg = Release|Any CPU
		{9A328AC9-7667-4E4E-8911-FA4FDA02BAAD}.Release|iPhone.Build.0 = Release|Any CPU
		{9A328AC9-7667-4E4E-8911-FA4FDA02BAAD}.Release|iPhone.Deploy.0 = Release|Any CPU
		{9A328AC9-7667-4E4E-8911-FA4FDA02BAAD}.Release|iPhoneSimulator.ActiveCfg = Release|Any CPU
		{9A328AC9-7667-4E4E-8911-FA4FDA02BAAD}.Release|iPhoneSimulator.Build.0 = Release|Any CPU
		{9A328AC9-7667-4E4E-8911-FA4FDA02BAAD}.Release|iPhoneSimulator.Deploy.0 = Release|Any CPU
		{9A328AC9-7667-4E4E-8911-FA4FDA02BAAD}.Release|x64.ActiveCfg = Release|Any CPU
		{9A328AC9-7667-4E4E-8911-FA4FDA02BAAD}.Release|x64.Build.0 = Release|Any CPU
		{9A328AC9-7667-4E4E-8911-FA4FDA02BAAD}.Release|x64.Deploy.0 = Release|Any CPU
		{9A328AC9-7667-4E4E-8911-FA4FDA02BAAD}.Release|x86.ActiveCfg = Release|Any CPU
		{9A328AC9-7667-4E4E-8911-FA4FDA02BAAD}.Release|x86.Build.0 = Release|Any CPU
		{9A328AC9-7667-4E4E-8911-FA4FDA02BAAD}.Release|x86.Deploy.0 = Release|Any CPU
		{50461EDF-A79D-4DFE-B941-C989C39CF061}.Ad-Hoc|Any CPU.ActiveCfg = Release|iPhoneSimulator
		{50461EDF-A79D-4DFE-B941-C989C39CF061}.Ad-Hoc|Any CPU.Build.0 = Release|iPhoneSimulator
		{50461EDF-A79D-4DFE-B941-C989C39CF061}.Ad-Hoc|ARM.ActiveCfg = Release|iPhoneSimulator
		{50461EDF-A79D-4DFE-B941-C989C39CF061}.Ad-Hoc|ARM.Build.0 = Release|iPhoneSimulator
		{50461EDF-A79D-4DFE-B941-C989C39CF061}.Ad-Hoc|iPhone.ActiveCfg = Release|iPhone
		{50461EDF-A79D-4DFE-B941-C989C39CF061}.Ad-Hoc|iPhone.Build.0 = Release|iPhone
		{50461EDF-A79D-4DFE-B941-C989C39CF061}.Ad-Hoc|iPhoneSimulator.ActiveCfg = Release|iPhoneSimulator
		{50461EDF-A79D-4DFE-B941-C989C39CF061}.Ad-Hoc|iPhoneSimulator.Build.0 = Release|iPhoneSimulator
		{50461EDF-A79D-4DFE-B941-C989C39CF061}.Ad-Hoc|x64.ActiveCfg = Release|iPhoneSimulator
		{50461EDF-A79D-4DFE-B941-C989C39CF061}.Ad-Hoc|x64.Build.0 = Release|iPhoneSimulator
		{50461EDF-A79D-4DFE-B941-C989C39CF061}.Ad-Hoc|x86.ActiveCfg = Release|iPhoneSimulator
		{50461EDF-A79D-4DFE-B941-C989C39CF061}.Ad-Hoc|x86.Build.0 = Release|iPhoneSimulator
		{50461EDF-A79D-4DFE-B941-C989C39CF061}.AppStore|Any CPU.ActiveCfg = Release|iPhoneSimulator
		{50461EDF-A79D-4DFE-B941-C989C39CF061}.AppStore|Any CPU.Build.0 = Release|iPhoneSimulator
		{50461EDF-A79D-4DFE-B941-C989C39CF061}.AppStore|ARM.ActiveCfg = Release|iPhoneSimulator
		{50461EDF-A79D-4DFE-B941-C989C39CF061}.AppStore|ARM.Build.0 = Release|iPhoneSimulator
		{50461EDF-A79D-4DFE-B941-C989C39CF061}.AppStore|iPhone.ActiveCfg = Release|iPhone
		{50461EDF-A79D-4DFE-B941-C989C39CF061}.AppStore|iPhone.Build.0 = Release|iPhone
		{50461EDF-A79D-4DFE-B941-C989C39CF061}.AppStore|iPhoneSimulator.ActiveCfg = Release|iPhoneSimulator
		{50461EDF-A79D-4DFE-B941-C989C39CF061}.AppStore|iPhoneSimulator.Build.0 = Release|iPhoneSimulator
		{50461EDF-A79D-4DFE-B941-C989C39CF061}.AppStore|x64.ActiveCfg = Release|iPhoneSimulator
		{50461EDF-A79D-4DFE-B941-C989C39CF061}.AppStore|x64.Build.0 = Release|iPhoneSimulator
		{50461EDF-A79D-4DFE-B941-C989C39CF061}.AppStore|x86.ActiveCfg = Release|iPhoneSimulator
		{50461EDF-A79D-4DFE-B941-C989C39CF061}.AppStore|x86.Build.0 = Release|iPhoneSimulator
		{50461EDF-A79D-4DFE-B941-C989C39CF061}.Debug|Any CPU.ActiveCfg = Debug|iPhone
		{50461EDF-A79D-4DFE-B941-C989C39CF061}.Debug|ARM.ActiveCfg = Debug|iPhone
		{50461EDF-A79D-4DFE-B941-C989C39CF061}.Debug|iPhone.ActiveCfg = Debug|iPhone
		{50461EDF-A79D-4DFE-B941-C989C39CF061}.Debug|iPhone.Build.0 = Debug|iPhone
		{50461EDF-A79D-4DFE-B941-C989C39CF061}.Debug|iPhoneSimulator.ActiveCfg = Debug|iPhoneSimulator
		{50461EDF-A79D-4DFE-B941-C989C39CF061}.Debug|iPhoneSimulator.Build.0 = Debug|iPhoneSimulator
		{50461EDF-A79D-4DFE-B941-C989C39CF061}.Debug|x64.ActiveCfg = Debug|iPhone
		{50461EDF-A79D-4DFE-B941-C989C39CF061}.Debug|x86.ActiveCfg = Debug|iPhone
		{50461EDF-A79D-4DFE-B941-C989C39CF061}.Release|Any CPU.ActiveCfg = Release|iPhone
		{50461EDF-A79D-4DFE-B941-C989C39CF061}.Release|ARM.ActiveCfg = Release|iPhone
		{50461EDF-A79D-4DFE-B941-C989C39CF061}.Release|iPhone.ActiveCfg = Release|iPhone
		{50461EDF-A79D-4DFE-B941-C989C39CF061}.Release|iPhone.Build.0 = Release|iPhone
		{50461EDF-A79D-4DFE-B941-C989C39CF061}.Release|iPhoneSimulator.ActiveCfg = Release|iPhoneSimulator
		{50461EDF-A79D-4DFE-B941-C989C39CF061}.Release|iPhoneSimulator.Build.0 = Release|iPhoneSimulator
		{50461EDF-A79D-4DFE-B941-C989C39CF061}.Release|x64.ActiveCfg = Release|iPhone
		{50461EDF-A79D-4DFE-B941-C989C39CF061}.Release|x86.ActiveCfg = Release|iPhone
		{3AFD6AC5-226B-42D0-8A93-242D4D709070}.Ad-Hoc|Any CPU.ActiveCfg = Release|x64
		{3AFD6AC5-226B-42D0-8A93-242D4D709070}.Ad-Hoc|Any CPU.Build.0 = Release|x64
		{3AFD6AC5-226B-42D0-8A93-242D4D709070}.Ad-Hoc|Any CPU.Deploy.0 = Release|x64
		{3AFD6AC5-226B-42D0-8A93-242D4D709070}.Ad-Hoc|ARM.ActiveCfg = Release|ARM
		{3AFD6AC5-226B-42D0-8A93-242D4D709070}.Ad-Hoc|ARM.Build.0 = Release|ARM
		{3AFD6AC5-226B-42D0-8A93-242D4D709070}.Ad-Hoc|ARM.Deploy.0 = Release|ARM
		{3AFD6AC5-226B-42D0-8A93-242D4D709070}.Ad-Hoc|iPhone.ActiveCfg = Release|x64
		{3AFD6AC5-226B-42D0-8A93-242D4D709070}.Ad-Hoc|iPhone.Build.0 = Release|x64
		{3AFD6AC5-226B-42D0-8A93-242D4D709070}.Ad-Hoc|iPhone.Deploy.0 = Release|x64
		{3AFD6AC5-226B-42D0-8A93-242D4D709070}.Ad-Hoc|iPhoneSimulator.ActiveCfg = Release|x64
		{3AFD6AC5-226B-42D0-8A93-242D4D709070}.Ad-Hoc|iPhoneSimulator.Build.0 = Release|x64
		{3AFD6AC5-226B-42D0-8A93-242D4D709070}.Ad-Hoc|iPhoneSimulator.Deploy.0 = Release|x64
		{3AFD6AC5-226B-42D0-8A93-242D4D709070}.Ad-Hoc|x64.ActiveCfg = Release|x64
		{3AFD6AC5-226B-42D0-8A93-242D4D709070}.Ad-Hoc|x64.Build.0 = Release|x64
		{3AFD6AC5-226B-42D0-8A93-242D4D709070}.Ad-Hoc|x64.Deploy.0 = Release|x64
		{3AFD6AC5-226B-42D0-8A93-242D4D709070}.Ad-Hoc|x86.ActiveCfg = Release|x86
		{3AFD6AC5-226B-42D0-8A93-242D4D709070}.Ad-Hoc|x86.Build.0 = Release|x86
		{3AFD6AC5-226B-42D0-8A93-242D4D709070}.Ad-Hoc|x86.Deploy.0 = Release|x86
		{3AFD6AC5-226B-42D0-8A93-242D4D709070}.AppStore|Any CPU.ActiveCfg = Release|x64
		{3AFD6AC5-226B-42D0-8A93-242D4D709070}.AppStore|Any CPU.Build.0 = Release|x64
		{3AFD6AC5-226B-42D0-8A93-242D4D709070}.AppStore|Any CPU.Deploy.0 = Release|x64
		{3AFD6AC5-226B-42D0-8A93-242D4D709070}.AppStore|ARM.ActiveCfg = Release|ARM
		{3AFD6AC5-226B-42D0-8A93-242D4D709070}.AppStore|ARM.Build.0 = Release|ARM
		{3AFD6AC5-226B-42D0-8A93-242D4D709070}.AppStore|ARM.Deploy.0 = Release|ARM
		{3AFD6AC5-226B-42D0-8A93-242D4D709070}.AppStore|iPhone.ActiveCfg = Release|x64
		{3AFD6AC5-226B-42D0-8A93-242D4D709070}.AppStore|iPhone.Build.0 = Release|x64
		{3AFD6AC5-226B-42D0-8A93-242D4D709070}.AppStore|iPhone.Deploy.0 = Release|x64
		{3AFD6AC5-226B-42D0-8A93-242D4D709070}.AppStore|iPhoneSimulator.ActiveCfg = Release|x64
		{3AFD6AC5-226B-42D0-8A93-242D4D709070}.AppStore|iPhoneSimulator.Build.0 = Release|x64
		{3AFD6AC5-226B-42D0-8A93-242D4D709070}.AppStore|iPhoneSimulator.Deploy.0 = Release|x64
		{3AFD6AC5-226B-42D0-8A93-242D4D709070}.AppStore|x64.ActiveCfg = Release|x64
		{3AFD6AC5-226B-42D0-8A93-242D4D709070}.AppStore|x64.Build.0 = Release|x64
		{3AFD6AC5-226B-42D0-8A93-242D4D709070}.AppStore|x64.Deploy.0 = Release|x64
		{3AFD6AC5-226B-42D0-8A93-242D4D709070}.AppStore|x86.ActiveCfg = Release|x86
		{3AFD6AC5-226B-42D0-8A93-242D4D709070}.AppStore|x86.Build.0 = Release|x86
		{3AFD6AC5-226B-42D0-8A93-242D4D709070}.AppStore|x86.Deploy.0 = Release|x86
		{3AFD6AC5-226B-42D0-8A93-242D4D709070}.Debug|Any CPU.ActiveCfg = Debug|x86
		{3AFD6AC5-226B-42D0-8A93-242D4D709070}.Debug|ARM.ActiveCfg = Debug|ARM
		{3AFD6AC5-226B-42D0-8A93-242D4D709070}.Debug|ARM.Build.0 = Debug|ARM
		{3AFD6AC5-226B-42D0-8A93-242D4D709070}.Debug|ARM.Deploy.0 = Debug|ARM
		{3AFD6AC5-226B-42D0-8A93-242D4D709070}.Debug|iPhone.ActiveCfg = Debug|x86
		{3AFD6AC5-226B-42D0-8A93-242D4D709070}.Debug|iPhoneSimulator.ActiveCfg = Debug|x86
		{3AFD6AC5-226B-42D0-8A93-242D4D709070}.Debug|x64.ActiveCfg = Debug|x64
		{3AFD6AC5-226B-42D0-8A93-242D4D709070}.Debug|x64.Build.0 = Debug|x64
		{3AFD6AC5-226B-42D0-8A93-242D4D709070}.Debug|x64.Deploy.0 = Debug|x64
		{3AFD6AC5-226B-42D0-8A93-242D4D709070}.Debug|x86.ActiveCfg = Debug|x86
		{3AFD6AC5-226B-42D0-8A93-242D4D709070}.Debug|x86.Build.0 = Debug|x86
		{3AFD6AC5-226B-42D0-8A93-242D4D709070}.Debug|x86.Deploy.0 = Debug|x86
		{3AFD6AC5-226B-42D0-8A93-242D4D709070}.Release|Any CPU.ActiveCfg = Release|x86
		{3AFD6AC5-226B-42D0-8A93-242D4D709070}.Release|ARM.ActiveCfg = Release|ARM
		{3AFD6AC5-226B-42D0-8A93-242D4D709070}.Release|ARM.Build.0 = Release|ARM
		{3AFD6AC5-226B-42D0-8A93-242D4D709070}.Release|ARM.Deploy.0 = Release|ARM
		{3AFD6AC5-226B-42D0-8A93-242D4D709070}.Release|iPhone.ActiveCfg = Release|x86
		{3AFD6AC5-226B-42D0-8A93-242D4D709070}.Release|iPhoneSimulator.ActiveCfg = Release|x86
		{3AFD6AC5-226B-42D0-8A93-242D4D709070}.Release|x64.ActiveCfg = Release|x64
		{3AFD6AC5-226B-42D0-8A93-242D4D709070}.Release|x64.Build.0 = Release|x64
		{3AFD6AC5-226B-42D0-8A93-242D4D709070}.Release|x64.Deploy.0 = Release|x64
		{3AFD6AC5-226B-42D0-8A93-242D4D709070}.Release|x86.ActiveCfg = Release|x86
		{3AFD6AC5-226B-42D0-8A93-242D4D709070}.Release|x86.Build.0 = Release|x86
		{3AFD6AC5-226B-42D0-8A93-242D4D709070}.Release|x86.Deploy.0 = Release|x86
	EndGlobalSection
	GlobalSection(SolutionProperties) = preSolution
		HideSolutionNode = FALSE
	EndGlobalSection
	GlobalSection(ExtensibilityGlobals) = postSolution
		SolutionGuid = {5A62AF92-2D3F-4F00-B43A-C96B9E2D82C2}
	EndGlobalSection
EndGlobal
