
Microsoft Visual Studio Solution File, Format Version 12.00
# Visual Studio 15
VisualStudioVersion = 15.0.27428.2015
MinimumVisualStudioVersion = 10.0.40219.1
Project("{FAE04EC0-301F-11D3-BF4B-00C04F79EFBC}") = "PieChartSTD.Android", "PieChartSTD\PieChartSTD.Android\PieChartSTD.Android.csproj", "{34D4492E-5A8E-4CBA-BC2C-7D8A238769D5}"
EndProject
Project("{FAE04EC0-301F-11D3-BF4B-00C04F79EFBC}") = "PieChartSTD.iOS", "PieChartSTD\PieChartSTD.iOS\PieChartSTD.iOS.csproj", "{02682764-1599-411A-B5CF-A91AE8D2AD8E}"
EndProject
Project("{FAE04EC0-301F-11D3-BF4B-00C04F79EFBC}") = "PieChartSTD.UWP", "PieChartSTD\PieChartSTD.UWP\PieChartSTD.UWP.csproj", "{62AC92CA-4431-4B06-AB84-12A78AD616C4}"
EndProject
Project("{D954291E-2A0B-460D-934E-DC6B0785DB48}") = "PieChartSTD", "PieChartSTD\PieChartSTD\PieChartSTD.shproj", "{41805C04-9FC6-445E-BE3C-C6EB87313EB0}"
EndProject
Global
	GlobalSection(SharedMSBuildProjectFiles) = preSolution
		PieChartSTD\PieChartSTD\PieChartSTD.projitems*{02682764-1599-411a-b5cf-a91ae8d2ad8e}*SharedItemsImports = 4
		PieChartSTD\PieChartSTD\PieChartSTD.projitems*{34d4492e-5a8e-4cba-bc2c-7d8a238769d5}*SharedItemsImports = 4
		PieChartSTD\PieChartSTD\PieChartSTD.projitems*{41805c04-9fc6-445e-be3c-c6eb87313eb0}*SharedItemsImports = 13
		PieChartSTD\PieChartSTD\PieChartSTD.projitems*{62ac92ca-4431-4b06-ab84-12a78ad616c4}*SharedItemsImports = 4
	EndGlobalSection
	GlobalSection(SolutionConfigurationPlatforms) = preSolution
		Ad-Hoc|Any CPU = Ad-Hoc|Any CPU
		Ad-Hoc|ARM = Ad-Hoc|ARM
		Ad-Hoc|iPhone = Ad-Hoc|iPhone
		Ad-Hoc|iPhoneSimulator = Ad-Hoc|iPhoneSimulator
		Ad-Hoc|x64 = Ad-Hoc|x64
		Ad-Hoc|x86 = Ad-Hoc|x86
		AppStore|Any CPU = AppStore|Any CPU
		AppStore|ARM = AppStore|ARM
		AppStore|iPhone = AppStore|iPhone
		AppStore|iPhoneSimulator = AppStore|iPhoneSimulator
		AppStore|x64 = AppStore|x64
		AppStore|x86 = AppStore|x86
		Debug|Any CPU = Debug|Any CPU
		Debug|ARM = Debug|ARM
		Debug|iPhone = Debug|iPhone
		Debug|iPhoneSimulator = Debug|iPhoneSimulator
		Debug|x64 = Debug|x64
		Debug|x86 = Debug|x86
		Release|Any CPU = Release|Any CPU
		Release|ARM = Release|ARM
		Release|iPhone = Release|iPhone
		Release|iPhoneSimulator = Release|iPhoneSimulator
		Release|x64 = Release|x64
		Release|x86 = Release|x86
	EndGlobalSection
	GlobalSection(ProjectConfigurationPlatforms) = postSolution
		{34D4492E-5A8E-4CBA-BC2C-7D8A238769D5}.Ad-Hoc|Any CPU.ActiveCfg = Release|Any CPU
		{34D4492E-5A8E-4CBA-BC2C-7D8A238769D5}.Ad-Hoc|Any CPU.Build.0 = Release|Any CPU
		{34D4492E-5A8E-4CBA-BC2C-7D8A238769D5}.Ad-Hoc|Any CPU.Deploy.0 = Release|Any CPU
		{34D4492E-5A8E-4CBA-BC2C-7D8A238769D5}.Ad-Hoc|ARM.ActiveCfg = Release|Any CPU
		{34D4492E-5A8E-4CBA-BC2C-7D8A238769D5}.Ad-Hoc|ARM.Build.0 = Release|Any CPU
		{34D4492E-5A8E-4CBA-BC2C-7D8A238769D5}.Ad-Hoc|ARM.Deploy.0 = Release|Any CPU
		{34D4492E-5A8E-4CBA-BC2C-7D8A238769D5}.Ad-Hoc|iPhone.ActiveCfg = Release|Any CPU
		{34D4492E-5A8E-4CBA-BC2C-7D8A238769D5}.Ad-Hoc|iPhone.Build.0 = Release|Any CPU
		{34D4492E-5A8E-4CBA-BC2C-7D8A238769D5}.Ad-Hoc|iPhone.Deploy.0 = Release|Any CPU
		{34D4492E-5A8E-4CBA-BC2C-7D8A238769D5}.Ad-Hoc|iPhoneSimulator.ActiveCfg = Release|Any CPU
		{34D4492E-5A8E-4CBA-BC2C-7D8A238769D5}.Ad-Hoc|iPhoneSimulator.Build.0 = Release|Any CPU
		{34D4492E-5A8E-4CBA-BC2C-7D8A238769D5}.Ad-Hoc|iPhoneSimulator.Deploy.0 = Release|Any CPU
		{34D4492E-5A8E-4CBA-BC2C-7D8A238769D5}.Ad-Hoc|x64.ActiveCfg = Release|Any CPU
		{34D4492E-5A8E-4CBA-BC2C-7D8A238769D5}.Ad-Hoc|x64.Build.0 = Release|Any CPU
		{34D4492E-5A8E-4CBA-BC2C-7D8A238769D5}.Ad-Hoc|x64.Deploy.0 = Release|Any CPU
		{34D4492E-5A8E-4CBA-BC2C-7D8A238769D5}.Ad-Hoc|x86.ActiveCfg = Release|Any CPU
		{34D4492E-5A8E-4CBA-BC2C-7D8A238769D5}.Ad-Hoc|x86.Build.0 = Release|Any CPU
		{34D4492E-5A8E-4CBA-BC2C-7D8A238769D5}.Ad-Hoc|x86.Deploy.0 = Release|Any CPU
		{34D4492E-5A8E-4CBA-BC2C-7D8A238769D5}.AppStore|Any CPU.ActiveCfg = Release|Any CPU
		{34D4492E-5A8E-4CBA-BC2C-7D8A238769D5}.AppStore|Any CPU.Build.0 = Release|Any CPU
		{34D4492E-5A8E-4CBA-BC2C-7D8A238769D5}.AppStore|Any CPU.Deploy.0 = Release|Any CPU
		{34D4492E-5A8E-4CBA-BC2C-7D8A238769D5}.AppStore|ARM.ActiveCfg = Release|Any CPU
		{34D4492E-5A8E-4CBA-BC2C-7D8A238769D5}.AppStore|ARM.Build.0 = Release|Any CPU
		{34D4492E-5A8E-4CBA-BC2C-7D8A238769D5}.AppStore|ARM.Deploy.0 = Release|Any CPU
		{34D4492E-5A8E-4CBA-BC2C-7D8A238769D5}.AppStore|iPhone.ActiveCfg = Release|Any CPU
		{34D4492E-5A8E-4CBA-BC2C-7D8A238769D5}.AppStore|iPhone.Build.0 = Release|Any CPU
		{34D4492E-5A8E-4CBA-BC2C-7D8A238769D5}.AppStore|iPhone.Deploy.0 = Release|Any CPU
		{34D4492E-5A8E-4CBA-BC2C-7D8A238769D5}.AppStore|iPhoneSimulator.ActiveCfg = Release|Any CPU
		{34D4492E-5A8E-4CBA-BC2C-7D8A238769D5}.AppStore|iPhoneSimulator.Build.0 = Release|Any CPU
		{34D4492E-5A8E-4CBA-BC2C-7D8A238769D5}.AppStore|iPhoneSimulator.Deploy.0 = Release|Any CPU
		{34D4492E-5A8E-4CBA-BC2C-7D8A238769D5}.AppStore|x64.ActiveCfg = Release|Any CPU
		{34D4492E-5A8E-4CBA-BC2C-7D8A238769D5}.AppStore|x64.Build.0 = Release|Any CPU
		{34D4492E-5A8E-4CBA-BC2C-7D8A238769D5}.AppStore|x64.Deploy.0 = Release|Any CPU
		{34D4492E-5A8E-4CBA-BC2C-7D8A238769D5}.AppStore|x86.ActiveCfg = Release|Any CPU
		{34D4492E-5A8E-4CBA-BC2C-7D8A238769D5}.AppStore|x86.Build.0 = Release|Any CPU
		{34D4492E-5A8E-4CBA-BC2C-7D8A238769D5}.AppStore|x86.Deploy.0 = Release|Any CPU
		{34D4492E-5A8E-4CBA-BC2C-7D8A238769D5}.Debug|Any CPU.ActiveCfg = Debug|Any CPU
		{34D4492E-5A8E-4CBA-BC2C-7D8A238769D5}.Debug|Any CPU.Build.0 = Debug|Any CPU
		{34D4492E-5A8E-4CBA-BC2C-7D8A238769D5}.Debug|Any CPU.Deploy.0 = Debug|Any CPU
		{34D4492E-5A8E-4CBA-BC2C-7D8A238769D5}.Debug|ARM.ActiveCfg = Debug|Any CPU
		{34D4492E-5A8E-4CBA-BC2C-7D8A238769D5}.Debug|ARM.Build.0 = Debug|Any CPU
		{34D4492E-5A8E-4CBA-BC2C-7D8A238769D5}.Debug|ARM.Deploy.0 = Debug|Any CPU
		{34D4492E-5A8E-4CBA-BC2C-7D8A238769D5}.Debug|iPhone.ActiveCfg = Debug|Any CPU
		{34D4492E-5A8E-4CBA-BC2C-7D8A238769D5}.Debug|iPhone.Build.0 = Debug|Any CPU
		{34D4492E-5A8E-4CBA-BC2C-7D8A238769D5}.Debug|iPhone.Deploy.0 = Debug|Any CPU
		{34D4492E-5A8E-4CBA-BC2C-7D8A238769D5}.Debug|iPhoneSimulator.ActiveCfg = Debug|Any CPU
		{34D4492E-5A8E-4CBA-BC2C-7D8A238769D5}.Debug|iPhoneSimulator.Build.0 = Debug|Any CPU
		{34D4492E-5A8E-4CBA-BC2C-7D8A238769D5}.Debug|iPhoneSimulator.Deploy.0 = Debug|Any CPU
		{34D4492E-5A8E-4CBA-BC2C-7D8A238769D5}.Debug|x64.ActiveCfg = Debug|Any CPU
		{34D4492E-5A8E-4CBA-BC2C-7D8A238769D5}.Debug|x64.Build.0 = Debug|Any CPU
		{34D4492E-5A8E-4CBA-BC2C-7D8A238769D5}.Debug|x64.Deploy.0 = Debug|Any CPU
		{34D4492E-5A8E-4CBA-BC2C-7D8A238769D5}.Debug|x86.ActiveCfg = Debug|Any CPU
		{34D4492E-5A8E-4CBA-BC2C-7D8A238769D5}.Debug|x86.Build.0 = Debug|Any CPU
		{34D4492E-5A8E-4CBA-BC2C-7D8A238769D5}.Debug|x86.Deploy.0 = Debug|Any CPU
		{34D4492E-5A8E-4CBA-BC2C-7D8A238769D5}.Release|Any CPU.ActiveCfg = Release|Any CPU
		{34D4492E-5A8E-4CBA-BC2C-7D8A238769D5}.Release|Any CPU.Build.0 = Release|Any CPU
		{34D4492E-5A8E-4CBA-BC2C-7D8A238769D5}.Release|Any CPU.Deploy.0 = Release|Any CPU
		{34D4492E-5A8E-4CBA-BC2C-7D8A238769D5}.Release|ARM.ActiveCfg = Release|Any CPU
		{34D4492E-5A8E-4CBA-BC2C-7D8A238769D5}.Release|ARM.Build.0 = Release|Any CPU
		{34D4492E-5A8E-4CBA-BC2C-7D8A238769D5}.Release|ARM.Deploy.0 = Release|Any CPU
		{34D4492E-5A8E-4CBA-BC2C-7D8A238769D5}.Release|iPhone.ActiveCfg = Release|Any CPU
		{34D4492E-5A8E-4CBA-BC2C-7D8A238769D5}.Release|iPhone.Build.0 = Release|Any CPU
		{34D4492E-5A8E-4CBA-BC2C-7D8A238769D5}.Release|iPhone.Deploy.0 = Release|Any CPU
		{34D4492E-5A8E-4CBA-BC2C-7D8A238769D5}.Release|iPhoneSimulator.ActiveCfg = Release|Any CPU
		{34D4492E-5A8E-4CBA-BC2C-7D8A238769D5}.Release|iPhoneSimulator.Build.0 = Release|Any CPU
		{34D4492E-5A8E-4CBA-BC2C-7D8A238769D5}.Release|iPhoneSimulator.Deploy.0 = Release|Any CPU
		{34D4492E-5A8E-4CBA-BC2C-7D8A238769D5}.Release|x64.ActiveCfg = Release|Any CPU
		{34D4492E-5A8E-4CBA-BC2C-7D8A238769D5}.Release|x64.Build.0 = Release|Any CPU
		{34D4492E-5A8E-4CBA-BC2C-7D8A238769D5}.Release|x64.Deploy.0 = Release|Any CPU
		{34D4492E-5A8E-4CBA-BC2C-7D8A238769D5}.Release|x86.ActiveCfg = Release|Any CPU
		{34D4492E-5A8E-4CBA-BC2C-7D8A238769D5}.Release|x86.Build.0 = Release|Any CPU
		{34D4492E-5A8E-4CBA-BC2C-7D8A238769D5}.Release|x86.Deploy.0 = Release|Any CPU
		{02682764-1599-411A-B5CF-A91AE8D2AD8E}.Ad-Hoc|Any CPU.ActiveCfg = Ad-Hoc|iPhone
		{02682764-1599-411A-B5CF-A91AE8D2AD8E}.Ad-Hoc|ARM.ActiveCfg = Ad-Hoc|iPhone
		{02682764-1599-411A-B5CF-A91AE8D2AD8E}.Ad-Hoc|iPhone.ActiveCfg = Ad-Hoc|iPhone
		{02682764-1599-411A-B5CF-A91AE8D2AD8E}.Ad-Hoc|iPhone.Build.0 = Ad-Hoc|iPhone
		{02682764-1599-411A-B5CF-A91AE8D2AD8E}.Ad-Hoc|iPhoneSimulator.ActiveCfg = Ad-Hoc|iPhoneSimulator
		{02682764-1599-411A-B5CF-A91AE8D2AD8E}.Ad-Hoc|iPhoneSimulator.Build.0 = Ad-Hoc|iPhoneSimulator
		{02682764-1599-411A-B5CF-A91AE8D2AD8E}.Ad-Hoc|x64.ActiveCfg = Ad-Hoc|iPhone
		{02682764-1599-411A-B5CF-A91AE8D2AD8E}.Ad-Hoc|x86.ActiveCfg = Ad-Hoc|iPhone
		{02682764-1599-411A-B5CF-A91AE8D2AD8E}.AppStore|Any CPU.ActiveCfg = AppStore|iPhone
		{02682764-1599-411A-B5CF-A91AE8D2AD8E}.AppStore|ARM.ActiveCfg = AppStore|iPhone
		{02682764-1599-411A-B5CF-A91AE8D2AD8E}.AppStore|iPhone.ActiveCfg = AppStore|iPhone
		{02682764-1599-411A-B5CF-A91AE8D2AD8E}.AppStore|iPhone.Build.0 = AppStore|iPhone
		{02682764-1599-411A-B5CF-A91AE8D2AD8E}.AppStore|iPhoneSimulator.ActiveCfg = AppStore|iPhoneSimulator
		{02682764-1599-411A-B5CF-A91AE8D2AD8E}.AppStore|iPhoneSimulator.Build.0 = AppStore|iPhoneSimulator
		{02682764-1599-411A-B5CF-A91AE8D2AD8E}.AppStore|x64.ActiveCfg = AppStore|iPhone
		{02682764-1599-411A-B5CF-A91AE8D2AD8E}.AppStore|x86.ActiveCfg = AppStore|iPhone
		{02682764-1599-411A-B5CF-A91AE8D2AD8E}.Debug|Any CPU.ActiveCfg = Debug|iPhone
		{02682764-1599-411A-B5CF-A91AE8D2AD8E}.Debug|ARM.ActiveCfg = Debug|iPhone
		{02682764-1599-411A-B5CF-A91AE8D2AD8E}.Debug|iPhone.ActiveCfg = Debug|iPhone
		{02682764-1599-411A-B5CF-A91AE8D2AD8E}.Debug|iPhone.Build.0 = Debug|iPhone
		{02682764-1599-411A-B5CF-A91AE8D2AD8E}.Debug|iPhoneSimulator.ActiveCfg = Debug|iPhoneSimulator
		{02682764-1599-411A-B5CF-A91AE8D2AD8E}.Debug|iPhoneSimulator.Build.0 = Debug|iPhoneSimulator
		{02682764-1599-411A-B5CF-A91AE8D2AD8E}.Debug|x64.ActiveCfg = Debug|iPhone
		{02682764-1599-411A-B5CF-A91AE8D2AD8E}.Debug|x86.ActiveCfg = Debug|iPhone
		{02682764-1599-411A-B5CF-A91AE8D2AD8E}.Release|Any CPU.ActiveCfg = Release|iPhone
		{02682764-1599-411A-B5CF-A91AE8D2AD8E}.Release|ARM.ActiveCfg = Release|iPhone
		{02682764-1599-411A-B5CF-A91AE8D2AD8E}.Release|iPhone.ActiveCfg = Release|iPhone
		{02682764-1599-411A-B5CF-A91AE8D2AD8E}.Release|iPhone.Build.0 = Release|iPhone
		{02682764-1599-411A-B5CF-A91AE8D2AD8E}.Release|iPhoneSimulator.ActiveCfg = Release|iPhoneSimulator
		{02682764-1599-411A-B5CF-A91AE8D2AD8E}.Release|iPhoneSimulator.Build.0 = Release|iPhoneSimulator
		{02682764-1599-411A-B5CF-A91AE8D2AD8E}.Release|x64.ActiveCfg = Release|iPhone
		{02682764-1599-411A-B5CF-A91AE8D2AD8E}.Release|x86.ActiveCfg = Release|iPhone
		{62AC92CA-4431-4B06-AB84-12A78AD616C4}.Ad-Hoc|Any CPU.ActiveCfg = Release|x86
		{62AC92CA-4431-4B06-AB84-12A78AD616C4}.Ad-Hoc|Any CPU.Build.0 = Release|x86
		{62AC92CA-4431-4B06-AB84-12A78AD616C4}.Ad-Hoc|Any CPU.Deploy.0 = Release|x86
		{62AC92CA-4431-4B06-AB84-12A78AD616C4}.Ad-Hoc|ARM.ActiveCfg = Release|ARM
		{62AC92CA-4431-4B06-AB84-12A78AD616C4}.Ad-Hoc|ARM.Build.0 = Release|ARM
		{62AC92CA-4431-4B06-AB84-12A78AD616C4}.Ad-Hoc|ARM.Deploy.0 = Release|ARM
		{62AC92CA-4431-4B06-AB84-12A78AD616C4}.Ad-Hoc|iPhone.ActiveCfg = Release|x86
		{62AC92CA-4431-4B06-AB84-12A78AD616C4}.Ad-Hoc|iPhone.Build.0 = Release|x86
		{62AC92CA-4431-4B06-AB84-12A78AD616C4}.Ad-Hoc|iPhone.Deploy.0 = Release|x86
		{62AC92CA-4431-4B06-AB84-12A78AD616C4}.Ad-Hoc|iPhoneSimulator.ActiveCfg = Release|x86
		{62AC92CA-4431-4B06-AB84-12A78AD616C4}.Ad-Hoc|iPhoneSimulator.Build.0 = Release|x86
		{62AC92CA-4431-4B06-AB84-12A78AD616C4}.Ad-Hoc|iPhoneSimulator.Deploy.0 = Release|x86
		{62AC92CA-4431-4B06-AB84-12A78AD616C4}.Ad-Hoc|x64.ActiveCfg = Release|x64
		{62AC92CA-4431-4B06-AB84-12A78AD616C4}.Ad-Hoc|x64.Build.0 = Release|x64
		{62AC92CA-4431-4B06-AB84-12A78AD616C4}.Ad-Hoc|x64.Deploy.0 = Release|x64
		{62AC92CA-4431-4B06-AB84-12A78AD616C4}.Ad-Hoc|x86.ActiveCfg = Release|x86
		{62AC92CA-4431-4B06-AB84-12A78AD616C4}.Ad-Hoc|x86.Build.0 = Release|x86
		{62AC92CA-4431-4B06-AB84-12A78AD616C4}.Ad-Hoc|x86.Deploy.0 = Release|x86
		{62AC92CA-4431-4B06-AB84-12A78AD616C4}.AppStore|Any CPU.ActiveCfg = Release|x86
		{62AC92CA-4431-4B06-AB84-12A78AD616C4}.AppStore|Any CPU.Build.0 = Release|x86
		{62AC92CA-4431-4B06-AB84-12A78AD616C4}.AppStore|Any CPU.Deploy.0 = Release|x86
		{62AC92CA-4431-4B06-AB84-12A78AD616C4}.AppStore|ARM.ActiveCfg = Release|ARM
		{62AC92CA-4431-4B06-AB84-12A78AD616C4}.AppStore|ARM.Build.0 = Release|ARM
		{62AC92CA-4431-4B06-AB84-12A78AD616C4}.AppStore|ARM.Deploy.0 = Release|ARM
		{62AC92CA-4431-4B06-AB84-12A78AD616C4}.AppStore|iPhone.ActiveCfg = Release|x86
		{62AC92CA-4431-4B06-AB84-12A78AD616C4}.AppStore|iPhone.Build.0 = Release|x86
		{62AC92CA-4431-4B06-AB84-12A78AD616C4}.AppStore|iPhone.Deploy.0 = Release|x86
		{62AC92CA-4431-4B06-AB84-12A78AD616C4}.AppStore|iPhoneSimulator.ActiveCfg = Release|x86
		{62AC92CA-4431-4B06-AB84-12A78AD616C4}.AppStore|iPhoneSimulator.Build.0 = Release|x86
		{62AC92CA-4431-4B06-AB84-12A78AD616C4}.AppStore|iPhoneSimulator.Deploy.0 = Release|x86
		{62AC92CA-4431-4B06-AB84-12A78AD616C4}.AppStore|x64.ActiveCfg = Release|x64
		{62AC92CA-4431-4B06-AB84-12A78AD616C4}.AppStore|x64.Build.0 = Release|x64
		{62AC92CA-4431-4B06-AB84-12A78AD616C4}.AppStore|x64.Deploy.0 = Release|x64
		{62AC92CA-4431-4B06-AB84-12A78AD616C4}.AppStore|x86.ActiveCfg = Release|x86
		{62AC92CA-4431-4B06-AB84-12A78AD616C4}.AppStore|x86.Build.0 = Release|x86
		{62AC92CA-4431-4B06-AB84-12A78AD616C4}.AppStore|x86.Deploy.0 = Release|x86
		{62AC92CA-4431-4B06-AB84-12A78AD616C4}.Debug|Any CPU.ActiveCfg = Debug|x86
		{62AC92CA-4431-4B06-AB84-12A78AD616C4}.Debug|ARM.ActiveCfg = Debug|ARM
		{62AC92CA-4431-4B06-AB84-12A78AD616C4}.Debug|ARM.Build.0 = Debug|ARM
		{62AC92CA-4431-4B06-AB84-12A78AD616C4}.Debug|ARM.Deploy.0 = Debug|ARM
		{62AC92CA-4431-4B06-AB84-12A78AD616C4}.Debug|iPhone.ActiveCfg = Debug|x86
		{62AC92CA-4431-4B06-AB84-12A78AD616C4}.Debug|iPhoneSimulator.ActiveCfg = Debug|x86
		{62AC92CA-4431-4B06-AB84-12A78AD616C4}.Debug|x64.ActiveCfg = Debug|x64
		{62AC92CA-4431-4B06-AB84-12A78AD616C4}.Debug|x64.Build.0 = Debug|x64
		{62AC92CA-4431-4B06-AB84-12A78AD616C4}.Debug|x64.Deploy.0 = Debug|x64
		{62AC92CA-4431-4B06-AB84-12A78AD616C4}.Debug|x86.ActiveCfg = Debug|x86
		{62AC92CA-4431-4B06-AB84-12A78AD616C4}.Debug|x86.Build.0 = Debug|x86
		{62AC92CA-4431-4B06-AB84-12A78AD616C4}.Debug|x86.Deploy.0 = Debug|x86
		{62AC92CA-4431-4B06-AB84-12A78AD616C4}.Release|Any CPU.ActiveCfg = Release|x86
		{62AC92CA-4431-4B06-AB84-12A78AD616C4}.Release|ARM.ActiveCfg = Release|ARM
		{62AC92CA-4431-4B06-AB84-12A78AD616C4}.Release|ARM.Build.0 = Release|ARM
		{62AC92CA-4431-4B06-AB84-12A78AD616C4}.Release|ARM.Deploy.0 = Release|ARM
		{62AC92CA-4431-4B06-AB84-12A78AD616C4}.Release|iPhone.ActiveCfg = Release|x86
		{62AC92CA-4431-4B06-AB84-12A78AD616C4}.Release|iPhoneSimulator.ActiveCfg = Release|x86
		{62AC92CA-4431-4B06-AB84-12A78AD616C4}.Release|x64.ActiveCfg = Release|x64
		{62AC92CA-4431-4B06-AB84-12A78AD616C4}.Release|x64.Build.0 = Release|x64
		{62AC92CA-4431-4B06-AB84-12A78AD616C4}.Release|x64.Deploy.0 = Release|x64
		{62AC92CA-4431-4B06-AB84-12A78AD616C4}.Release|x86.ActiveCfg = Release|x86
		{62AC92CA-4431-4B06-AB84-12A78AD616C4}.Release|x86.Build.0 = Release|x86
		{62AC92CA-4431-4B06-AB84-12A78AD616C4}.Release|x86.Deploy.0 = Release|x86
	EndGlobalSection
	GlobalSection(SolutionProperties) = preSolution
		HideSolutionNode = FALSE
	EndGlobalSection
	GlobalSection(ExtensibilityGlobals) = postSolution
		SolutionGuid = {94BC4625-B56E-496B-9BD0-6BEAADC5B0CE}
	EndGlobalSection
EndGlobal
