
Microsoft Visual Studio Solution File, Format Version 12.00
# Visual Studio 15
VisualStudioVersion = 15.0.28307.421
MinimumVisualStudioVersion = 10.0.40219.1
Project("{FAE04EC0-301F-11D3-BF4B-00C04F79EFBC}") = "NearestPointTool.Android", "NearestPointTool\NearestPointTool.Android\NearestPointTool.Android.csproj", "{96EA5298-4A79-4293-97DA-6B09D54B3152}"
EndProject
Project("{FAE04EC0-301F-11D3-BF4B-00C04F79EFBC}") = "NearestPointTool.iOS", "NearestPointTool\NearestPointTool.iOS\NearestPointTool.iOS.csproj", "{A896D14B-8137-4091-BFF0-8C94AFC41F1B}"
EndProject
Project("{FAE04EC0-301F-11D3-BF4B-00C04F79EFBC}") = "NearestPointTool.UWP", "NearestPointTool\NearestPointTool.UWP\NearestPointTool.UWP.csproj", "{7BC04721-5B88-41E4-8D0F-E297EEE02B62}"
EndProject
Project("{FAE04EC0-301F-11D3-BF4B-00C04F79EFBC}") = "NearestPointTool", "NearestPointTool\NearestPointTool\NearestPointTool.csproj", "{F8F39B1E-1AC4-4DA6-8AA1-B1CEB6DE37C7}"
EndProject
Global
	GlobalSection(SolutionConfigurationPlatforms) = preSolution
		Ad-Hoc|Any CPU = Ad-Hoc|Any CPU
		Ad-Hoc|ARM = Ad-Hoc|ARM
		Ad-Hoc|iPhone = Ad-Hoc|iPhone
		Ad-Hoc|iPhoneSimulator = Ad-Hoc|iPhoneSimulator
		Ad-Hoc|x64 = Ad-Hoc|x64
		Ad-Hoc|x86 = Ad-Hoc|x86
		AppStore|Any CPU = AppStore|Any CPU
		AppStore|ARM = AppStore|ARM
		AppStore|iPhone = AppStore|iPhone
		AppStore|iPhoneSimulator = AppStore|iPhoneSimulator
		AppStore|x64 = AppStore|x64
		AppStore|x86 = AppStore|x86
		Debug|Any CPU = Debug|Any CPU
		Debug|ARM = Debug|ARM
		Debug|iPhone = Debug|iPhone
		Debug|iPhoneSimulator = Debug|iPhoneSimulator
		Debug|x64 = Debug|x64
		Debug|x86 = Debug|x86
		Release|Any CPU = Release|Any CPU
		Release|ARM = Release|ARM
		Release|iPhone = Release|iPhone
		Release|iPhoneSimulator = Release|iPhoneSimulator
		Release|x64 = Release|x64
		Release|x86 = Release|x86
	EndGlobalSection
	GlobalSection(ProjectConfigurationPlatforms) = postSolution
		{96EA5298-4A79-4293-97DA-6B09D54B3152}.Ad-Hoc|Any CPU.ActiveCfg = Release|Any CPU
		{96EA5298-4A79-4293-97DA-6B09D54B3152}.Ad-Hoc|Any CPU.Build.0 = Release|Any CPU
		{96EA5298-4A79-4293-97DA-6B09D54B3152}.Ad-Hoc|Any CPU.Deploy.0 = Release|Any CPU
		{96EA5298-4A79-4293-97DA-6B09D54B3152}.Ad-Hoc|ARM.ActiveCfg = Release|Any CPU
		{96EA5298-4A79-4293-97DA-6B09D54B3152}.Ad-Hoc|ARM.Build.0 = Release|Any CPU
		{96EA5298-4A79-4293-97DA-6B09D54B3152}.Ad-Hoc|ARM.Deploy.0 = Release|Any CPU
		{96EA5298-4A79-4293-97DA-6B09D54B3152}.Ad-Hoc|iPhone.ActiveCfg = Release|Any CPU
		{96EA5298-4A79-4293-97DA-6B09D54B3152}.Ad-Hoc|iPhone.Build.0 = Release|Any CPU
		{96EA5298-4A79-4293-97DA-6B09D54B3152}.Ad-Hoc|iPhone.Deploy.0 = Release|Any CPU
		{96EA5298-4A79-4293-97DA-6B09D54B3152}.Ad-Hoc|iPhoneSimulator.ActiveCfg = Release|Any CPU
		{96EA5298-4A79-4293-97DA-6B09D54B3152}.Ad-Hoc|iPhoneSimulator.Build.0 = Release|Any CPU
		{96EA5298-4A79-4293-97DA-6B09D54B3152}.Ad-Hoc|iPhoneSimulator.Deploy.0 = Release|Any CPU
		{96EA5298-4A79-4293-97DA-6B09D54B3152}.Ad-Hoc|x64.ActiveCfg = Release|Any CPU
		{96EA5298-4A79-4293-97DA-6B09D54B3152}.Ad-Hoc|x64.Build.0 = Release|Any CPU
		{96EA5298-4A79-4293-97DA-6B09D54B3152}.Ad-Hoc|x64.Deploy.0 = Release|Any CPU
		{96EA5298-4A79-4293-97DA-6B09D54B3152}.Ad-Hoc|x86.ActiveCfg = Release|Any CPU
		{96EA5298-4A79-4293-97DA-6B09D54B3152}.Ad-Hoc|x86.Build.0 = Release|Any CPU
		{96EA5298-4A79-4293-97DA-6B09D54B3152}.Ad-Hoc|x86.Deploy.0 = Release|Any CPU
		{96EA5298-4A79-4293-97DA-6B09D54B3152}.AppStore|Any CPU.ActiveCfg = Release|Any CPU
		{96EA5298-4A79-4293-97DA-6B09D54B3152}.AppStore|Any CPU.Build.0 = Release|Any CPU
		{96EA5298-4A79-4293-97DA-6B09D54B3152}.AppStore|Any CPU.Deploy.0 = Release|Any CPU
		{96EA5298-4A79-4293-97DA-6B09D54B3152}.AppStore|ARM.ActiveCfg = Release|Any CPU
		{96EA5298-4A79-4293-97DA-6B09D54B3152}.AppStore|ARM.Build.0 = Release|Any CPU
		{96EA5298-4A79-4293-97DA-6B09D54B3152}.AppStore|ARM.Deploy.0 = Release|Any CPU
		{96EA5298-4A79-4293-97DA-6B09D54B3152}.AppStore|iPhone.ActiveCfg = Release|Any CPU
		{96EA5298-4A79-4293-97DA-6B09D54B3152}.AppStore|iPhone.Build.0 = Release|Any CPU
		{96EA5298-4A79-4293-97DA-6B09D54B3152}.AppStore|iPhone.Deploy.0 = Release|Any CPU
		{96EA5298-4A79-4293-97DA-6B09D54B3152}.AppStore|iPhoneSimulator.ActiveCfg = Release|Any CPU
		{96EA5298-4A79-4293-97DA-6B09D54B3152}.AppStore|iPhoneSimulator.Build.0 = Release|Any CPU
		{96EA5298-4A79-4293-97DA-6B09D54B3152}.AppStore|iPhoneSimulator.Deploy.0 = Release|Any CPU
		{96EA5298-4A79-4293-97DA-6B09D54B3152}.AppStore|x64.ActiveCfg = Release|Any CPU
		{96EA5298-4A79-4293-97DA-6B09D54B3152}.AppStore|x64.Build.0 = Release|Any CPU
		{96EA5298-4A79-4293-97DA-6B09D54B3152}.AppStore|x64.Deploy.0 = Release|Any CPU
		{96EA5298-4A79-4293-97DA-6B09D54B3152}.AppStore|x86.ActiveCfg = Release|Any CPU
		{96EA5298-4A79-4293-97DA-6B09D54B3152}.AppStore|x86.Build.0 = Release|Any CPU
		{96EA5298-4A79-4293-97DA-6B09D54B3152}.AppStore|x86.Deploy.0 = Release|Any CPU
		{96EA5298-4A79-4293-97DA-6B09D54B3152}.Debug|Any CPU.ActiveCfg = Debug|Any CPU
		{96EA5298-4A79-4293-97DA-6B09D54B3152}.Debug|Any CPU.Build.0 = Debug|Any CPU
		{96EA5298-4A79-4293-97DA-6B09D54B3152}.Debug|Any CPU.Deploy.0 = Debug|Any CPU
		{96EA5298-4A79-4293-97DA-6B09D54B3152}.Debug|ARM.ActiveCfg = Debug|Any CPU
		{96EA5298-4A79-4293-97DA-6B09D54B3152}.Debug|ARM.Build.0 = Debug|Any CPU
		{96EA5298-4A79-4293-97DA-6B09D54B3152}.Debug|ARM.Deploy.0 = Debug|Any CPU
		{96EA5298-4A79-4293-97DA-6B09D54B3152}.Debug|iPhone.ActiveCfg = Debug|Any CPU
		{96EA5298-4A79-4293-97DA-6B09D54B3152}.Debug|iPhone.Build.0 = Debug|Any CPU
		{96EA5298-4A79-4293-97DA-6B09D54B3152}.Debug|iPhone.Deploy.0 = Debug|Any CPU
		{96EA5298-4A79-4293-97DA-6B09D54B3152}.Debug|iPhoneSimulator.ActiveCfg = Debug|Any CPU
		{96EA5298-4A79-4293-97DA-6B09D54B3152}.Debug|iPhoneSimulator.Build.0 = Debug|Any CPU
		{96EA5298-4A79-4293-97DA-6B09D54B3152}.Debug|iPhoneSimulator.Deploy.0 = Debug|Any CPU
		{96EA5298-4A79-4293-97DA-6B09D54B3152}.Debug|x64.ActiveCfg = Debug|Any CPU
		{96EA5298-4A79-4293-97DA-6B09D54B3152}.Debug|x64.Build.0 = Debug|Any CPU
		{96EA5298-4A79-4293-97DA-6B09D54B3152}.Debug|x64.Deploy.0 = Debug|Any CPU
		{96EA5298-4A79-4293-97DA-6B09D54B3152}.Debug|x86.ActiveCfg = Debug|Any CPU
		{96EA5298-4A79-4293-97DA-6B09D54B3152}.Debug|x86.Build.0 = Debug|Any CPU
		{96EA5298-4A79-4293-97DA-6B09D54B3152}.Debug|x86.Deploy.0 = Debug|Any CPU
		{96EA5298-4A79-4293-97DA-6B09D54B3152}.Release|Any CPU.ActiveCfg = Release|Any CPU
		{96EA5298-4A79-4293-97DA-6B09D54B3152}.Release|Any CPU.Build.0 = Release|Any CPU
		{96EA5298-4A79-4293-97DA-6B09D54B3152}.Release|Any CPU.Deploy.0 = Release|Any CPU
		{96EA5298-4A79-4293-97DA-6B09D54B3152}.Release|ARM.ActiveCfg = Release|Any CPU
		{96EA5298-4A79-4293-97DA-6B09D54B3152}.Release|ARM.Build.0 = Release|Any CPU
		{96EA5298-4A79-4293-97DA-6B09D54B3152}.Release|ARM.Deploy.0 = Release|Any CPU
		{96EA5298-4A79-4293-97DA-6B09D54B3152}.Release|iPhone.ActiveCfg = Release|Any CPU
		{96EA5298-4A79-4293-97DA-6B09D54B3152}.Release|iPhone.Build.0 = Release|Any CPU
		{96EA5298-4A79-4293-97DA-6B09D54B3152}.Release|iPhone.Deploy.0 = Release|Any CPU
		{96EA5298-4A79-4293-97DA-6B09D54B3152}.Release|iPhoneSimulator.ActiveCfg = Release|Any CPU
		{96EA5298-4A79-4293-97DA-6B09D54B3152}.Release|iPhoneSimulator.Build.0 = Release|Any CPU
		{96EA5298-4A79-4293-97DA-6B09D54B3152}.Release|iPhoneSimulator.Deploy.0 = Release|Any CPU
		{96EA5298-4A79-4293-97DA-6B09D54B3152}.Release|x64.ActiveCfg = Release|Any CPU
		{96EA5298-4A79-4293-97DA-6B09D54B3152}.Release|x64.Build.0 = Release|Any CPU
		{96EA5298-4A79-4293-97DA-6B09D54B3152}.Release|x64.Deploy.0 = Release|Any CPU
		{96EA5298-4A79-4293-97DA-6B09D54B3152}.Release|x86.ActiveCfg = Release|Any CPU
		{96EA5298-4A79-4293-97DA-6B09D54B3152}.Release|x86.Build.0 = Release|Any CPU
		{96EA5298-4A79-4293-97DA-6B09D54B3152}.Release|x86.Deploy.0 = Release|Any CPU
		{A896D14B-8137-4091-BFF0-8C94AFC41F1B}.Ad-Hoc|Any CPU.ActiveCfg = Ad-Hoc|iPhone
		{A896D14B-8137-4091-BFF0-8C94AFC41F1B}.Ad-Hoc|Any CPU.Build.0 = Ad-Hoc|iPhone
		{A896D14B-8137-4091-BFF0-8C94AFC41F1B}.Ad-Hoc|Any CPU.Deploy.0 = Ad-Hoc|iPhone
		{A896D14B-8137-4091-BFF0-8C94AFC41F1B}.Ad-Hoc|ARM.ActiveCfg = Ad-Hoc|iPhone
		{A896D14B-8137-4091-BFF0-8C94AFC41F1B}.Ad-Hoc|ARM.Build.0 = Ad-Hoc|iPhone
		{A896D14B-8137-4091-BFF0-8C94AFC41F1B}.Ad-Hoc|ARM.Deploy.0 = Ad-Hoc|iPhone
		{A896D14B-8137-4091-BFF0-8C94AFC41F1B}.Ad-Hoc|iPhone.ActiveCfg = Ad-Hoc|iPhone
		{A896D14B-8137-4091-BFF0-8C94AFC41F1B}.Ad-Hoc|iPhone.Build.0 = Ad-Hoc|iPhone
		{A896D14B-8137-4091-BFF0-8C94AFC41F1B}.Ad-Hoc|iPhone.Deploy.0 = Ad-Hoc|iPhone
		{A896D14B-8137-4091-BFF0-8C94AFC41F1B}.Ad-Hoc|iPhoneSimulator.ActiveCfg = Ad-Hoc|iPhoneSimulator
		{A896D14B-8137-4091-BFF0-8C94AFC41F1B}.Ad-Hoc|iPhoneSimulator.Build.0 = Ad-Hoc|iPhoneSimulator
		{A896D14B-8137-4091-BFF0-8C94AFC41F1B}.Ad-Hoc|iPhoneSimulator.Deploy.0 = Ad-Hoc|iPhoneSimulator
		{A896D14B-8137-4091-BFF0-8C94AFC41F1B}.Ad-Hoc|x64.ActiveCfg = Ad-Hoc|iPhone
		{A896D14B-8137-4091-BFF0-8C94AFC41F1B}.Ad-Hoc|x64.Build.0 = Ad-Hoc|iPhone
		{A896D14B-8137-4091-BFF0-8C94AFC41F1B}.Ad-Hoc|x64.Deploy.0 = Ad-Hoc|iPhone
		{A896D14B-8137-4091-BFF0-8C94AFC41F1B}.Ad-Hoc|x86.ActiveCfg = Ad-Hoc|iPhone
		{A896D14B-8137-4091-BFF0-8C94AFC41F1B}.Ad-Hoc|x86.Build.0 = Ad-Hoc|iPhone
		{A896D14B-8137-4091-BFF0-8C94AFC41F1B}.Ad-Hoc|x86.Deploy.0 = Ad-Hoc|iPhone
		{A896D14B-8137-4091-BFF0-8C94AFC41F1B}.AppStore|Any CPU.ActiveCfg = AppStore|iPhone
		{A896D14B-8137-4091-BFF0-8C94AFC41F1B}.AppStore|Any CPU.Build.0 = AppStore|iPhone
		{A896D14B-8137-4091-BFF0-8C94AFC41F1B}.AppStore|Any CPU.Deploy.0 = AppStore|iPhone
		{A896D14B-8137-4091-BFF0-8C94AFC41F1B}.AppStore|ARM.ActiveCfg = AppStore|iPhone
		{A896D14B-8137-4091-BFF0-8C94AFC41F1B}.AppStore|ARM.Build.0 = AppStore|iPhone
		{A896D14B-8137-4091-BFF0-8C94AFC41F1B}.AppStore|ARM.Deploy.0 = AppStore|iPhone
		{A896D14B-8137-4091-BFF0-8C94AFC41F1B}.AppStore|iPhone.ActiveCfg = AppStore|iPhone
		{A896D14B-8137-4091-BFF0-8C94AFC41F1B}.AppStore|iPhone.Build.0 = AppStore|iPhone
		{A896D14B-8137-4091-BFF0-8C94AFC41F1B}.AppStore|iPhone.Deploy.0 = AppStore|iPhone
		{A896D14B-8137-4091-BFF0-8C94AFC41F1B}.AppStore|iPhoneSimulator.ActiveCfg = AppStore|iPhoneSimulator
		{A896D14B-8137-4091-BFF0-8C94AFC41F1B}.AppStore|iPhoneSimulator.Build.0 = AppStore|iPhoneSimulator
		{A896D14B-8137-4091-BFF0-8C94AFC41F1B}.AppStore|iPhoneSimulator.Deploy.0 = AppStore|iPhoneSimulator
		{A896D14B-8137-4091-BFF0-8C94AFC41F1B}.AppStore|x64.ActiveCfg = AppStore|iPhone
		{A896D14B-8137-4091-BFF0-8C94AFC41F1B}.AppStore|x64.Build.0 = AppStore|iPhone
		{A896D14B-8137-4091-BFF0-8C94AFC41F1B}.AppStore|x64.Deploy.0 = AppStore|iPhone
		{A896D14B-8137-4091-BFF0-8C94AFC41F1B}.AppStore|x86.ActiveCfg = AppStore|iPhone
		{A896D14B-8137-4091-BFF0-8C94AFC41F1B}.AppStore|x86.Build.0 = AppStore|iPhone
		{A896D14B-8137-4091-BFF0-8C94AFC41F1B}.AppStore|x86.Deploy.0 = AppStore|iPhone
		{A896D14B-8137-4091-BFF0-8C94AFC41F1B}.Debug|Any CPU.ActiveCfg = Debug|iPhoneSimulator
		{A896D14B-8137-4091-BFF0-8C94AFC41F1B}.Debug|Any CPU.Build.0 = Debug|iPhoneSimulator
		{A896D14B-8137-4091-BFF0-8C94AFC41F1B}.Debug|Any CPU.Deploy.0 = Debug|iPhoneSimulator
		{A896D14B-8137-4091-BFF0-8C94AFC41F1B}.Debug|ARM.ActiveCfg = Debug|iPhone
		{A896D14B-8137-4091-BFF0-8C94AFC41F1B}.Debug|ARM.Build.0 = Debug|iPhone
		{A896D14B-8137-4091-BFF0-8C94AFC41F1B}.Debug|ARM.Deploy.0 = Debug|iPhone
		{A896D14B-8137-4091-BFF0-8C94AFC41F1B}.Debug|iPhone.ActiveCfg = Debug|iPhone
		{A896D14B-8137-4091-BFF0-8C94AFC41F1B}.Debug|iPhone.Build.0 = Debug|iPhone
		{A896D14B-8137-4091-BFF0-8C94AFC41F1B}.Debug|iPhone.Deploy.0 = Debug|iPhone
		{A896D14B-8137-4091-BFF0-8C94AFC41F1B}.Debug|iPhoneSimulator.ActiveCfg = Debug|iPhoneSimulator
		{A896D14B-8137-4091-BFF0-8C94AFC41F1B}.Debug|iPhoneSimulator.Build.0 = Debug|iPhoneSimulator
		{A896D14B-8137-4091-BFF0-8C94AFC41F1B}.Debug|iPhoneSimulator.Deploy.0 = Debug|iPhoneSimulator
		{A896D14B-8137-4091-BFF0-8C94AFC41F1B}.Debug|x64.ActiveCfg = Debug|iPhone
		{A896D14B-8137-4091-BFF0-8C94AFC41F1B}.Debug|x64.Build.0 = Debug|iPhone
		{A896D14B-8137-4091-BFF0-8C94AFC41F1B}.Debug|x64.Deploy.0 = Debug|iPhone
		{A896D14B-8137-4091-BFF0-8C94AFC41F1B}.Debug|x86.ActiveCfg = Debug|iPhone
		{A896D14B-8137-4091-BFF0-8C94AFC41F1B}.Debug|x86.Build.0 = Debug|iPhone
		{A896D14B-8137-4091-BFF0-8C94AFC41F1B}.Debug|x86.Deploy.0 = Debug|iPhone
		{A896D14B-8137-4091-BFF0-8C94AFC41F1B}.Release|Any CPU.ActiveCfg = Release|iPhone
		{A896D14B-8137-4091-BFF0-8C94AFC41F1B}.Release|Any CPU.Build.0 = Release|iPhone
		{A896D14B-8137-4091-BFF0-8C94AFC41F1B}.Release|Any CPU.Deploy.0 = Release|iPhone
		{A896D14B-8137-4091-BFF0-8C94AFC41F1B}.Release|ARM.ActiveCfg = Release|iPhone
		{A896D14B-8137-4091-BFF0-8C94AFC41F1B}.Release|ARM.Build.0 = Release|iPhone
		{A896D14B-8137-4091-BFF0-8C94AFC41F1B}.Release|ARM.Deploy.0 = Release|iPhone
		{A896D14B-8137-4091-BFF0-8C94AFC41F1B}.Release|iPhone.ActiveCfg = Release|iPhone
		{A896D14B-8137-4091-BFF0-8C94AFC41F1B}.Release|iPhone.Build.0 = Release|iPhone
		{A896D14B-8137-4091-BFF0-8C94AFC41F1B}.Release|iPhone.Deploy.0 = Release|iPhone
		{A896D14B-8137-4091-BFF0-8C94AFC41F1B}.Release|iPhoneSimulator.ActiveCfg = Release|iPhoneSimulator
		{A896D14B-8137-4091-BFF0-8C94AFC41F1B}.Release|iPhoneSimulator.Build.0 = Release|iPhoneSimulator
		{A896D14B-8137-4091-BFF0-8C94AFC41F1B}.Release|iPhoneSimulator.Deploy.0 = Release|iPhoneSimulator
		{A896D14B-8137-4091-BFF0-8C94AFC41F1B}.Release|x64.ActiveCfg = Release|iPhone
		{A896D14B-8137-4091-BFF0-8C94AFC41F1B}.Release|x64.Build.0 = Release|iPhone
		{A896D14B-8137-4091-BFF0-8C94AFC41F1B}.Release|x64.Deploy.0 = Release|iPhone
		{A896D14B-8137-4091-BFF0-8C94AFC41F1B}.Release|x86.ActiveCfg = Release|iPhone
		{A896D14B-8137-4091-BFF0-8C94AFC41F1B}.Release|x86.Build.0 = Release|iPhone
		{A896D14B-8137-4091-BFF0-8C94AFC41F1B}.Release|x86.Deploy.0 = Release|iPhone
		{7BC04721-5B88-41E4-8D0F-E297EEE02B62}.Ad-Hoc|Any CPU.ActiveCfg = Release|x86
		{7BC04721-5B88-41E4-8D0F-E297EEE02B62}.Ad-Hoc|Any CPU.Build.0 = Release|x86
		{7BC04721-5B88-41E4-8D0F-E297EEE02B62}.Ad-Hoc|Any CPU.Deploy.0 = Release|x86
		{7BC04721-5B88-41E4-8D0F-E297EEE02B62}.Ad-Hoc|ARM.ActiveCfg = Release|ARM
		{7BC04721-5B88-41E4-8D0F-E297EEE02B62}.Ad-Hoc|ARM.Build.0 = Release|ARM
		{7BC04721-5B88-41E4-8D0F-E297EEE02B62}.Ad-Hoc|ARM.Deploy.0 = Release|ARM
		{7BC04721-5B88-41E4-8D0F-E297EEE02B62}.Ad-Hoc|iPhone.ActiveCfg = Release|x86
		{7BC04721-5B88-41E4-8D0F-E297EEE02B62}.Ad-Hoc|iPhone.Build.0 = Release|x86
		{7BC04721-5B88-41E4-8D0F-E297EEE02B62}.Ad-Hoc|iPhone.Deploy.0 = Release|x86
		{7BC04721-5B88-41E4-8D0F-E297EEE02B62}.Ad-Hoc|iPhoneSimulator.ActiveCfg = Release|x86
		{7BC04721-5B88-41E4-8D0F-E297EEE02B62}.Ad-Hoc|iPhoneSimulator.Build.0 = Release|x86
		{7BC04721-5B88-41E4-8D0F-E297EEE02B62}.Ad-Hoc|iPhoneSimulator.Deploy.0 = Release|x86
		{7BC04721-5B88-41E4-8D0F-E297EEE02B62}.Ad-Hoc|x64.ActiveCfg = Release|x64
		{7BC04721-5B88-41E4-8D0F-E297EEE02B62}.Ad-Hoc|x64.Build.0 = Release|x64
		{7BC04721-5B88-41E4-8D0F-E297EEE02B62}.Ad-Hoc|x64.Deploy.0 = Release|x64
		{7BC04721-5B88-41E4-8D0F-E297EEE02B62}.Ad-Hoc|x86.ActiveCfg = Release|x86
		{7BC04721-5B88-41E4-8D0F-E297EEE02B62}.Ad-Hoc|x86.Build.0 = Release|x86
		{7BC04721-5B88-41E4-8D0F-E297EEE02B62}.Ad-Hoc|x86.Deploy.0 = Release|x86
		{7BC04721-5B88-41E4-8D0F-E297EEE02B62}.AppStore|Any CPU.ActiveCfg = Release|x86
		{7BC04721-5B88-41E4-8D0F-E297EEE02B62}.AppStore|Any CPU.Build.0 = Release|x86
		{7BC04721-5B88-41E4-8D0F-E297EEE02B62}.AppStore|Any CPU.Deploy.0 = Release|x86
		{7BC04721-5B88-41E4-8D0F-E297EEE02B62}.AppStore|ARM.ActiveCfg = Release|ARM
		{7BC04721-5B88-41E4-8D0F-E297EEE02B62}.AppStore|ARM.Build.0 = Release|ARM
		{7BC04721-5B88-41E4-8D0F-E297EEE02B62}.AppStore|ARM.Deploy.0 = Release|ARM
		{7BC04721-5B88-41E4-8D0F-E297EEE02B62}.AppStore|iPhone.ActiveCfg = Release|x86
		{7BC04721-5B88-41E4-8D0F-E297EEE02B62}.AppStore|iPhone.Build.0 = Release|x86
		{7BC04721-5B88-41E4-8D0F-E297EEE02B62}.AppStore|iPhone.Deploy.0 = Release|x86
		{7BC04721-5B88-41E4-8D0F-E297EEE02B62}.AppStore|iPhoneSimulator.ActiveCfg = Release|x86
		{7BC04721-5B88-41E4-8D0F-E297EEE02B62}.AppStore|iPhoneSimulator.Build.0 = Release|x86
		{7BC04721-5B88-41E4-8D0F-E297EEE02B62}.AppStore|iPhoneSimulator.Deploy.0 = Release|x86
		{7BC04721-5B88-41E4-8D0F-E297EEE02B62}.AppStore|x64.ActiveCfg = Release|x64
		{7BC04721-5B88-41E4-8D0F-E297EEE02B62}.AppStore|x64.Build.0 = Release|x64
		{7BC04721-5B88-41E4-8D0F-E297EEE02B62}.AppStore|x64.Deploy.0 = Release|x64
		{7BC04721-5B88-41E4-8D0F-E297EEE02B62}.AppStore|x86.ActiveCfg = Release|x86
		{7BC04721-5B88-41E4-8D0F-E297EEE02B62}.AppStore|x86.Build.0 = Release|x86
		{7BC04721-5B88-41E4-8D0F-E297EEE02B62}.AppStore|x86.Deploy.0 = Release|x86
		{7BC04721-5B88-41E4-8D0F-E297EEE02B62}.Debug|Any CPU.ActiveCfg = Debug|x86
		{7BC04721-5B88-41E4-8D0F-E297EEE02B62}.Debug|Any CPU.Build.0 = Debug|x86
		{7BC04721-5B88-41E4-8D0F-E297EEE02B62}.Debug|Any CPU.Deploy.0 = Debug|x86
		{7BC04721-5B88-41E4-8D0F-E297EEE02B62}.Debug|ARM.ActiveCfg = Debug|ARM
		{7BC04721-5B88-41E4-8D0F-E297EEE02B62}.Debug|ARM.Build.0 = Debug|ARM
		{7BC04721-5B88-41E4-8D0F-E297EEE02B62}.Debug|ARM.Deploy.0 = Debug|ARM
		{7BC04721-5B88-41E4-8D0F-E297EEE02B62}.Debug|iPhone.ActiveCfg = Debug|x86
		{7BC04721-5B88-41E4-8D0F-E297EEE02B62}.Debug|iPhone.Build.0 = Debug|x86
		{7BC04721-5B88-41E4-8D0F-E297EEE02B62}.Debug|iPhone.Deploy.0 = Debug|x86
		{7BC04721-5B88-41E4-8D0F-E297EEE02B62}.Debug|iPhoneSimulator.ActiveCfg = Debug|x86
		{7BC04721-5B88-41E4-8D0F-E297EEE02B62}.Debug|iPhoneSimulator.Build.0 = Debug|x86
		{7BC04721-5B88-41E4-8D0F-E297EEE02B62}.Debug|iPhoneSimulator.Deploy.0 = Debug|x86
		{7BC04721-5B88-41E4-8D0F-E297EEE02B62}.Debug|x64.ActiveCfg = Debug|x64
		{7BC04721-5B88-41E4-8D0F-E297EEE02B62}.Debug|x64.Build.0 = Debug|x64
		{7BC04721-5B88-41E4-8D0F-E297EEE02B62}.Debug|x64.Deploy.0 = Debug|x64
		{7BC04721-5B88-41E4-8D0F-E297EEE02B62}.Debug|x86.ActiveCfg = Debug|x86
		{7BC04721-5B88-41E4-8D0F-E297EEE02B62}.Debug|x86.Build.0 = Debug|x86
		{7BC04721-5B88-41E4-8D0F-E297EEE02B62}.Debug|x86.Deploy.0 = Debug|x86
		{7BC04721-5B88-41E4-8D0F-E297EEE02B62}.Release|Any CPU.ActiveCfg = Release|x86
		{7BC04721-5B88-41E4-8D0F-E297EEE02B62}.Release|Any CPU.Build.0 = Release|x86
		{7BC04721-5B88-41E4-8D0F-E297EEE02B62}.Release|Any CPU.Deploy.0 = Release|x86
		{7BC04721-5B88-41E4-8D0F-E297EEE02B62}.Release|ARM.ActiveCfg = Release|ARM
		{7BC04721-5B88-41E4-8D0F-E297EEE02B62}.Release|ARM.Build.0 = Release|ARM
		{7BC04721-5B88-41E4-8D0F-E297EEE02B62}.Release|ARM.Deploy.0 = Release|ARM
		{7BC04721-5B88-41E4-8D0F-E297EEE02B62}.Release|iPhone.ActiveCfg = Release|x86
		{7BC04721-5B88-41E4-8D0F-E297EEE02B62}.Release|iPhone.Build.0 = Release|x86
		{7BC04721-5B88-41E4-8D0F-E297EEE02B62}.Release|iPhone.Deploy.0 = Release|x86
		{7BC04721-5B88-41E4-8D0F-E297EEE02B62}.Release|iPhoneSimulator.ActiveCfg = Release|x86
		{7BC04721-5B88-41E4-8D0F-E297EEE02B62}.Release|iPhoneSimulator.Build.0 = Release|x86
		{7BC04721-5B88-41E4-8D0F-E297EEE02B62}.Release|iPhoneSimulator.Deploy.0 = Release|x86
		{7BC04721-5B88-41E4-8D0F-E297EEE02B62}.Release|x64.ActiveCfg = Release|x64
		{7BC04721-5B88-41E4-8D0F-E297EEE02B62}.Release|x64.Build.0 = Release|x64
		{7BC04721-5B88-41E4-8D0F-E297EEE02B62}.Release|x64.Deploy.0 = Release|x64
		{7BC04721-5B88-41E4-8D0F-E297EEE02B62}.Release|x86.ActiveCfg = Release|x86
		{7BC04721-5B88-41E4-8D0F-E297EEE02B62}.Release|x86.Build.0 = Release|x86
		{7BC04721-5B88-41E4-8D0F-E297EEE02B62}.Release|x86.Deploy.0 = Release|x86
		{F8F39B1E-1AC4-4DA6-8AA1-B1CEB6DE37C7}.Ad-Hoc|Any CPU.ActiveCfg = Debug|Any CPU
		{F8F39B1E-1AC4-4DA6-8AA1-B1CEB6DE37C7}.Ad-Hoc|Any CPU.Build.0 = Debug|Any CPU
		{F8F39B1E-1AC4-4DA6-8AA1-B1CEB6DE37C7}.Ad-Hoc|Any CPU.Deploy.0 = Debug|Any CPU
		{F8F39B1E-1AC4-4DA6-8AA1-B1CEB6DE37C7}.Ad-Hoc|ARM.ActiveCfg = Debug|Any CPU
		{F8F39B1E-1AC4-4DA6-8AA1-B1CEB6DE37C7}.Ad-Hoc|ARM.Build.0 = Debug|Any CPU
		{F8F39B1E-1AC4-4DA6-8AA1-B1CEB6DE37C7}.Ad-Hoc|ARM.Deploy.0 = Debug|Any CPU
		{F8F39B1E-1AC4-4DA6-8AA1-B1CEB6DE37C7}.Ad-Hoc|iPhone.ActiveCfg = Debug|Any CPU
		{F8F39B1E-1AC4-4DA6-8AA1-B1CEB6DE37C7}.Ad-Hoc|iPhone.Build.0 = Debug|Any CPU
		{F8F39B1E-1AC4-4DA6-8AA1-B1CEB6DE37C7}.Ad-Hoc|iPhone.Deploy.0 = Debug|Any CPU
		{F8F39B1E-1AC4-4DA6-8AA1-B1CEB6DE37C7}.Ad-Hoc|iPhoneSimulator.ActiveCfg = Debug|Any CPU
		{F8F39B1E-1AC4-4DA6-8AA1-B1CEB6DE37C7}.Ad-Hoc|iPhoneSimulator.Build.0 = Debug|Any CPU
		{F8F39B1E-1AC4-4DA6-8AA1-B1CEB6DE37C7}.Ad-Hoc|iPhoneSimulator.Deploy.0 = Debug|Any CPU
		{F8F39B1E-1AC4-4DA6-8AA1-B1CEB6DE37C7}.Ad-Hoc|x64.ActiveCfg = Debug|Any CPU
		{F8F39B1E-1AC4-4DA6-8AA1-B1CEB6DE37C7}.Ad-Hoc|x64.Build.0 = Debug|Any CPU
		{F8F39B1E-1AC4-4DA6-8AA1-B1CEB6DE37C7}.Ad-Hoc|x64.Deploy.0 = Debug|Any CPU
		{F8F39B1E-1AC4-4DA6-8AA1-B1CEB6DE37C7}.Ad-Hoc|x86.ActiveCfg = Debug|Any CPU
		{F8F39B1E-1AC4-4DA6-8AA1-B1CEB6DE37C7}.Ad-Hoc|x86.Build.0 = Debug|Any CPU
		{F8F39B1E-1AC4-4DA6-8AA1-B1CEB6DE37C7}.Ad-Hoc|x86.Deploy.0 = Debug|Any CPU
		{F8F39B1E-1AC4-4DA6-8AA1-B1CEB6DE37C7}.AppStore|Any CPU.ActiveCfg = Debug|Any CPU
		{F8F39B1E-1AC4-4DA6-8AA1-B1CEB6DE37C7}.AppStore|Any CPU.Build.0 = Debug|Any CPU
		{F8F39B1E-1AC4-4DA6-8AA1-B1CEB6DE37C7}.AppStore|Any CPU.Deploy.0 = Debug|Any CPU
		{F8F39B1E-1AC4-4DA6-8AA1-B1CEB6DE37C7}.AppStore|ARM.ActiveCfg = Debug|Any CPU
		{F8F39B1E-1AC4-4DA6-8AA1-B1CEB6DE37C7}.AppStore|ARM.Build.0 = Debug|Any CPU
		{F8F39B1E-1AC4-4DA6-8AA1-B1CEB6DE37C7}.AppStore|ARM.Deploy.0 = Debug|Any CPU
		{F8F39B1E-1AC4-4DA6-8AA1-B1CEB6DE37C7}.AppStore|iPhone.ActiveCfg = Debug|Any CPU
		{F8F39B1E-1AC4-4DA6-8AA1-B1CEB6DE37C7}.AppStore|iPhone.Build.0 = Debug|Any CPU
		{F8F39B1E-1AC4-4DA6-8AA1-B1CEB6DE37C7}.AppStore|iPhone.Deploy.0 = Debug|Any CPU
		{F8F39B1E-1AC4-4DA6-8AA1-B1CEB6DE37C7}.AppStore|iPhoneSimulator.ActiveCfg = Debug|Any CPU
		{F8F39B1E-1AC4-4DA6-8AA1-B1CEB6DE37C7}.AppStore|iPhoneSimulator.Build.0 = Debug|Any CPU
		{F8F39B1E-1AC4-4DA6-8AA1-B1CEB6DE37C7}.AppStore|iPhoneSimulator.Deploy.0 = Debug|Any CPU
		{F8F39B1E-1AC4-4DA6-8AA1-B1CEB6DE37C7}.AppStore|x64.ActiveCfg = Debug|Any CPU
		{F8F39B1E-1AC4-4DA6-8AA1-B1CEB6DE37C7}.AppStore|x64.Build.0 = Debug|Any CPU
		{F8F39B1E-1AC4-4DA6-8AA1-B1CEB6DE37C7}.AppStore|x64.Deploy.0 = Debug|Any CPU
		{F8F39B1E-1AC4-4DA6-8AA1-B1CEB6DE37C7}.AppStore|x86.ActiveCfg = Debug|Any CPU
		{F8F39B1E-1AC4-4DA6-8AA1-B1CEB6DE37C7}.AppStore|x86.Build.0 = Debug|Any CPU
		{F8F39B1E-1AC4-4DA6-8AA1-B1CEB6DE37C7}.AppStore|x86.Deploy.0 = Debug|Any CPU
		{F8F39B1E-1AC4-4DA6-8AA1-B1CEB6DE37C7}.Debug|Any CPU.ActiveCfg = Debug|Any CPU
		{F8F39B1E-1AC4-4DA6-8AA1-B1CEB6DE37C7}.Debug|Any CPU.Build.0 = Debug|Any CPU
		{F8F39B1E-1AC4-4DA6-8AA1-B1CEB6DE37C7}.Debug|Any CPU.Deploy.0 = Debug|Any CPU
		{F8F39B1E-1AC4-4DA6-8AA1-B1CEB6DE37C7}.Debug|ARM.ActiveCfg = Debug|Any CPU
		{F8F39B1E-1AC4-4DA6-8AA1-B1CEB6DE37C7}.Debug|ARM.Build.0 = Debug|Any CPU
		{F8F39B1E-1AC4-4DA6-8AA1-B1CEB6DE37C7}.Debug|ARM.Deploy.0 = Debug|Any CPU
		{F8F39B1E-1AC4-4DA6-8AA1-B1CEB6DE37C7}.Debug|iPhone.ActiveCfg = Debug|Any CPU
		{F8F39B1E-1AC4-4DA6-8AA1-B1CEB6DE37C7}.Debug|iPhone.Build.0 = Debug|Any CPU
		{F8F39B1E-1AC4-4DA6-8AA1-B1CEB6DE37C7}.Debug|iPhone.Deploy.0 = Debug|Any CPU
		{F8F39B1E-1AC4-4DA6-8AA1-B1CEB6DE37C7}.Debug|iPhoneSimulator.ActiveCfg = Debug|Any CPU
		{F8F39B1E-1AC4-4DA6-8AA1-B1CEB6DE37C7}.Debug|iPhoneSimulator.Build.0 = Debug|Any CPU
		{F8F39B1E-1AC4-4DA6-8AA1-B1CEB6DE37C7}.Debug|iPhoneSimulator.Deploy.0 = Debug|Any CPU
		{F8F39B1E-1AC4-4DA6-8AA1-B1CEB6DE37C7}.Debug|x64.ActiveCfg = Debug|Any CPU
		{F8F39B1E-1AC4-4DA6-8AA1-B1CEB6DE37C7}.Debug|x64.Build.0 = Debug|Any CPU
		{F8F39B1E-1AC4-4DA6-8AA1-B1CEB6DE37C7}.Debug|x64.Deploy.0 = Debug|Any CPU
		{F8F39B1E-1AC4-4DA6-8AA1-B1CEB6DE37C7}.Debug|x86.ActiveCfg = Debug|Any CPU
		{F8F39B1E-1AC4-4DA6-8AA1-B1CEB6DE37C7}.Debug|x86.Build.0 = Debug|Any CPU
		{F8F39B1E-1AC4-4DA6-8AA1-B1CEB6DE37C7}.Debug|x86.Deploy.0 = Debug|Any CPU
		{F8F39B1E-1AC4-4DA6-8AA1-B1CEB6DE37C7}.Release|Any CPU.ActiveCfg = Release|Any CPU
		{F8F39B1E-1AC4-4DA6-8AA1-B1CEB6DE37C7}.Release|Any CPU.Build.0 = Release|Any CPU
		{F8F39B1E-1AC4-4DA6-8AA1-B1CEB6DE37C7}.Release|Any CPU.Deploy.0 = Release|Any CPU
		{F8F39B1E-1AC4-4DA6-8AA1-B1CEB6DE37C7}.Release|ARM.ActiveCfg = Release|Any CPU
		{F8F39B1E-1AC4-4DA6-8AA1-B1CEB6DE37C7}.Release|ARM.Build.0 = Release|Any CPU
		{F8F39B1E-1AC4-4DA6-8AA1-B1CEB6DE37C7}.Release|ARM.Deploy.0 = Release|Any CPU
		{F8F39B1E-1AC4-4DA6-8AA1-B1CEB6DE37C7}.Release|iPhone.ActiveCfg = Release|Any CPU
		{F8F39B1E-1AC4-4DA6-8AA1-B1CEB6DE37C7}.Release|iPhone.Build.0 = Release|Any CPU
		{F8F39B1E-1AC4-4DA6-8AA1-B1CEB6DE37C7}.Release|iPhone.Deploy.0 = Release|Any CPU
		{F8F39B1E-1AC4-4DA6-8AA1-B1CEB6DE37C7}.Release|iPhoneSimulator.ActiveCfg = Release|Any CPU
		{F8F39B1E-1AC4-4DA6-8AA1-B1CEB6DE37C7}.Release|iPhoneSimulator.Build.0 = Release|Any CPU
		{F8F39B1E-1AC4-4DA6-8AA1-B1CEB6DE37C7}.Release|iPhoneSimulator.Deploy.0 = Release|Any CPU
		{F8F39B1E-1AC4-4DA6-8AA1-B1CEB6DE37C7}.Release|x64.ActiveCfg = Release|Any CPU
		{F8F39B1E-1AC4-4DA6-8AA1-B1CEB6DE37C7}.Release|x64.Build.0 = Release|Any CPU
		{F8F39B1E-1AC4-4DA6-8AA1-B1CEB6DE37C7}.Release|x64.Deploy.0 = Release|Any CPU
		{F8F39B1E-1AC4-4DA6-8AA1-B1CEB6DE37C7}.Release|x86.ActiveCfg = Release|Any CPU
		{F8F39B1E-1AC4-4DA6-8AA1-B1CEB6DE37C7}.Release|x86.Build.0 = Release|Any CPU
		{F8F39B1E-1AC4-4DA6-8AA1-B1CEB6DE37C7}.Release|x86.Deploy.0 = Release|Any CPU
	EndGlobalSection
	GlobalSection(SolutionProperties) = preSolution
		HideSolutionNode = FALSE
	EndGlobalSection
	GlobalSection(ExtensibilityGlobals) = postSolution
		SolutionGuid = {B7BA2F64-620C-463A-9E6B-C4043275F96E}
	EndGlobalSection
EndGlobal
