
Microsoft Visual Studio Solution File, Format Version 12.00
# Visual Studio 15
VisualStudioVersion = 15.0.26730.15
MinimumVisualStudioVersion = 10.0.40219.1
Project("{FAE04EC0-301F-11D3-BF4B-00C04F79EFBC}") = "SubaruBRZXFormsSTD.Android", "SubaruBRZXFormsSTD\SubaruBRZXFormsSTD.Android\SubaruBRZXFormsSTD.Android.csproj", "{D8D117AB-1B6B-4A55-8743-4F1ED6A71CCB}"
EndProject
Project("{FAE04EC0-301F-11D3-BF4B-00C04F79EFBC}") = "SubaruBRZXFormsSTD", "SubaruBRZXFormsSTD\SubaruBRZXFormsSTD\SubaruBRZXFormsSTD.csproj", "{6E375C6B-A912-4471-B30B-1A773C884869}"
EndProject
Project("{FAE04EC0-301F-11D3-BF4B-00C04F79EFBC}") = "SubaruBRZXFormsSTD.UWP", "SubaruBRZXFormsSTD\SubaruBRZXFormsSTD.UWP\SubaruBRZXFormsSTD.UWP.csproj", "{9461AD51-4064-4F57-80FF-2E0673399BEA}"
EndProject
Project("{FAE04EC0-301F-11D3-BF4B-00C04F79EFBC}") = "SubaruBRZXFormsSTD.iOS", "SubaruBRZXFormsSTD\SubaruBRZXFormsSTD.iOS\SubaruBRZXFormsSTD.iOS.csproj", "{EEDD1E73-BDBD-4EFD-8378-CBB789B45CCF}"
EndProject
Global
	GlobalSection(SolutionConfigurationPlatforms) = preSolution
		Ad-Hoc|Any CPU = Ad-Hoc|Any CPU
		Ad-Hoc|ARM = Ad-Hoc|ARM
		Ad-Hoc|iPhone = Ad-Hoc|iPhone
		Ad-Hoc|iPhoneSimulator = Ad-Hoc|iPhoneSimulator
		Ad-Hoc|x64 = Ad-Hoc|x64
		Ad-Hoc|x86 = Ad-Hoc|x86
		AppStore|Any CPU = AppStore|Any CPU
		AppStore|ARM = AppStore|ARM
		AppStore|iPhone = AppStore|iPhone
		AppStore|iPhoneSimulator = AppStore|iPhoneSimulator
		AppStore|x64 = AppStore|x64
		AppStore|x86 = AppStore|x86
		Debug|Any CPU = Debug|Any CPU
		Debug|ARM = Debug|ARM
		Debug|iPhone = Debug|iPhone
		Debug|iPhoneSimulator = Debug|iPhoneSimulator
		Debug|x64 = Debug|x64
		Debug|x86 = Debug|x86
		Release|Any CPU = Release|Any CPU
		Release|ARM = Release|ARM
		Release|iPhone = Release|iPhone
		Release|iPhoneSimulator = Release|iPhoneSimulator
		Release|x64 = Release|x64
		Release|x86 = Release|x86
	EndGlobalSection
	GlobalSection(ProjectConfigurationPlatforms) = postSolution
		{D8D117AB-1B6B-4A55-8743-4F1ED6A71CCB}.Ad-Hoc|Any CPU.ActiveCfg = Release|Any CPU
		{D8D117AB-1B6B-4A55-8743-4F1ED6A71CCB}.Ad-Hoc|Any CPU.Build.0 = Release|Any CPU
		{D8D117AB-1B6B-4A55-8743-4F1ED6A71CCB}.Ad-Hoc|Any CPU.Deploy.0 = Release|Any CPU
		{D8D117AB-1B6B-4A55-8743-4F1ED6A71CCB}.Ad-Hoc|ARM.ActiveCfg = Release|Any CPU
		{D8D117AB-1B6B-4A55-8743-4F1ED6A71CCB}.Ad-Hoc|ARM.Build.0 = Release|Any CPU
		{D8D117AB-1B6B-4A55-8743-4F1ED6A71CCB}.Ad-Hoc|ARM.Deploy.0 = Release|Any CPU
		{D8D117AB-1B6B-4A55-8743-4F1ED6A71CCB}.Ad-Hoc|iPhone.ActiveCfg = Release|Any CPU
		{D8D117AB-1B6B-4A55-8743-4F1ED6A71CCB}.Ad-Hoc|iPhone.Build.0 = Release|Any CPU
		{D8D117AB-1B6B-4A55-8743-4F1ED6A71CCB}.Ad-Hoc|iPhone.Deploy.0 = Release|Any CPU
		{D8D117AB-1B6B-4A55-8743-4F1ED6A71CCB}.Ad-Hoc|iPhoneSimulator.ActiveCfg = Release|Any CPU
		{D8D117AB-1B6B-4A55-8743-4F1ED6A71CCB}.Ad-Hoc|iPhoneSimulator.Build.0 = Release|Any CPU
		{D8D117AB-1B6B-4A55-8743-4F1ED6A71CCB}.Ad-Hoc|iPhoneSimulator.Deploy.0 = Release|Any CPU
		{D8D117AB-1B6B-4A55-8743-4F1ED6A71CCB}.Ad-Hoc|x64.ActiveCfg = Release|Any CPU
		{D8D117AB-1B6B-4A55-8743-4F1ED6A71CCB}.Ad-Hoc|x64.Build.0 = Release|Any CPU
		{D8D117AB-1B6B-4A55-8743-4F1ED6A71CCB}.Ad-Hoc|x64.Deploy.0 = Release|Any CPU
		{D8D117AB-1B6B-4A55-8743-4F1ED6A71CCB}.Ad-Hoc|x86.ActiveCfg = Release|Any CPU
		{D8D117AB-1B6B-4A55-8743-4F1ED6A71CCB}.Ad-Hoc|x86.Build.0 = Release|Any CPU
		{D8D117AB-1B6B-4A55-8743-4F1ED6A71CCB}.Ad-Hoc|x86.Deploy.0 = Release|Any CPU
		{D8D117AB-1B6B-4A55-8743-4F1ED6A71CCB}.AppStore|Any CPU.ActiveCfg = Release|Any CPU
		{D8D117AB-1B6B-4A55-8743-4F1ED6A71CCB}.AppStore|Any CPU.Build.0 = Release|Any CPU
		{D8D117AB-1B6B-4A55-8743-4F1ED6A71CCB}.AppStore|Any CPU.Deploy.0 = Release|Any CPU
		{D8D117AB-1B6B-4A55-8743-4F1ED6A71CCB}.AppStore|ARM.ActiveCfg = Release|Any CPU
		{D8D117AB-1B6B-4A55-8743-4F1ED6A71CCB}.AppStore|ARM.Build.0 = Release|Any CPU
		{D8D117AB-1B6B-4A55-8743-4F1ED6A71CCB}.AppStore|ARM.Deploy.0 = Release|Any CPU
		{D8D117AB-1B6B-4A55-8743-4F1ED6A71CCB}.AppStore|iPhone.ActiveCfg = Release|Any CPU
		{D8D117AB-1B6B-4A55-8743-4F1ED6A71CCB}.AppStore|iPhone.Build.0 = Release|Any CPU
		{D8D117AB-1B6B-4A55-8743-4F1ED6A71CCB}.AppStore|iPhone.Deploy.0 = Release|Any CPU
		{D8D117AB-1B6B-4A55-8743-4F1ED6A71CCB}.AppStore|iPhoneSimulator.ActiveCfg = Release|Any CPU
		{D8D117AB-1B6B-4A55-8743-4F1ED6A71CCB}.AppStore|iPhoneSimulator.Build.0 = Release|Any CPU
		{D8D117AB-1B6B-4A55-8743-4F1ED6A71CCB}.AppStore|iPhoneSimulator.Deploy.0 = Release|Any CPU
		{D8D117AB-1B6B-4A55-8743-4F1ED6A71CCB}.AppStore|x64.ActiveCfg = Release|Any CPU
		{D8D117AB-1B6B-4A55-8743-4F1ED6A71CCB}.AppStore|x64.Build.0 = Release|Any CPU
		{D8D117AB-1B6B-4A55-8743-4F1ED6A71CCB}.AppStore|x64.Deploy.0 = Release|Any CPU
		{D8D117AB-1B6B-4A55-8743-4F1ED6A71CCB}.AppStore|x86.ActiveCfg = Release|Any CPU
		{D8D117AB-1B6B-4A55-8743-4F1ED6A71CCB}.AppStore|x86.Build.0 = Release|Any CPU
		{D8D117AB-1B6B-4A55-8743-4F1ED6A71CCB}.AppStore|x86.Deploy.0 = Release|Any CPU
		{D8D117AB-1B6B-4A55-8743-4F1ED6A71CCB}.Debug|Any CPU.ActiveCfg = Debug|Any CPU
		{D8D117AB-1B6B-4A55-8743-4F1ED6A71CCB}.Debug|Any CPU.Build.0 = Debug|Any CPU
		{D8D117AB-1B6B-4A55-8743-4F1ED6A71CCB}.Debug|Any CPU.Deploy.0 = Debug|Any CPU
		{D8D117AB-1B6B-4A55-8743-4F1ED6A71CCB}.Debug|ARM.ActiveCfg = Debug|Any CPU
		{D8D117AB-1B6B-4A55-8743-4F1ED6A71CCB}.Debug|ARM.Build.0 = Debug|Any CPU
		{D8D117AB-1B6B-4A55-8743-4F1ED6A71CCB}.Debug|ARM.Deploy.0 = Debug|Any CPU
		{D8D117AB-1B6B-4A55-8743-4F1ED6A71CCB}.Debug|iPhone.ActiveCfg = Debug|Any CPU
		{D8D117AB-1B6B-4A55-8743-4F1ED6A71CCB}.Debug|iPhone.Build.0 = Debug|Any CPU
		{D8D117AB-1B6B-4A55-8743-4F1ED6A71CCB}.Debug|iPhone.Deploy.0 = Debug|Any CPU
		{D8D117AB-1B6B-4A55-8743-4F1ED6A71CCB}.Debug|iPhoneSimulator.ActiveCfg = Debug|Any CPU
		{D8D117AB-1B6B-4A55-8743-4F1ED6A71CCB}.Debug|iPhoneSimulator.Build.0 = Debug|Any CPU
		{D8D117AB-1B6B-4A55-8743-4F1ED6A71CCB}.Debug|iPhoneSimulator.Deploy.0 = Debug|Any CPU
		{D8D117AB-1B6B-4A55-8743-4F1ED6A71CCB}.Debug|x64.ActiveCfg = Debug|Any CPU
		{D8D117AB-1B6B-4A55-8743-4F1ED6A71CCB}.Debug|x64.Build.0 = Debug|Any CPU
		{D8D117AB-1B6B-4A55-8743-4F1ED6A71CCB}.Debug|x64.Deploy.0 = Debug|Any CPU
		{D8D117AB-1B6B-4A55-8743-4F1ED6A71CCB}.Debug|x86.ActiveCfg = Debug|Any CPU
		{D8D117AB-1B6B-4A55-8743-4F1ED6A71CCB}.Debug|x86.Build.0 = Debug|Any CPU
		{D8D117AB-1B6B-4A55-8743-4F1ED6A71CCB}.Debug|x86.Deploy.0 = Debug|Any CPU
		{D8D117AB-1B6B-4A55-8743-4F1ED6A71CCB}.Release|Any CPU.ActiveCfg = Release|Any CPU
		{D8D117AB-1B6B-4A55-8743-4F1ED6A71CCB}.Release|Any CPU.Build.0 = Release|Any CPU
		{D8D117AB-1B6B-4A55-8743-4F1ED6A71CCB}.Release|Any CPU.Deploy.0 = Release|Any CPU
		{D8D117AB-1B6B-4A55-8743-4F1ED6A71CCB}.Release|ARM.ActiveCfg = Release|Any CPU
		{D8D117AB-1B6B-4A55-8743-4F1ED6A71CCB}.Release|ARM.Build.0 = Release|Any CPU
		{D8D117AB-1B6B-4A55-8743-4F1ED6A71CCB}.Release|ARM.Deploy.0 = Release|Any CPU
		{D8D117AB-1B6B-4A55-8743-4F1ED6A71CCB}.Release|iPhone.ActiveCfg = Release|Any CPU
		{D8D117AB-1B6B-4A55-8743-4F1ED6A71CCB}.Release|iPhone.Build.0 = Release|Any CPU
		{D8D117AB-1B6B-4A55-8743-4F1ED6A71CCB}.Release|iPhone.Deploy.0 = Release|Any CPU
		{D8D117AB-1B6B-4A55-8743-4F1ED6A71CCB}.Release|iPhoneSimulator.ActiveCfg = Release|Any CPU
		{D8D117AB-1B6B-4A55-8743-4F1ED6A71CCB}.Release|iPhoneSimulator.Build.0 = Release|Any CPU
		{D8D117AB-1B6B-4A55-8743-4F1ED6A71CCB}.Release|iPhoneSimulator.Deploy.0 = Release|Any CPU
		{D8D117AB-1B6B-4A55-8743-4F1ED6A71CCB}.Release|x64.ActiveCfg = Release|Any CPU
		{D8D117AB-1B6B-4A55-8743-4F1ED6A71CCB}.Release|x64.Build.0 = Release|Any CPU
		{D8D117AB-1B6B-4A55-8743-4F1ED6A71CCB}.Release|x64.Deploy.0 = Release|Any CPU
		{D8D117AB-1B6B-4A55-8743-4F1ED6A71CCB}.Release|x86.ActiveCfg = Release|Any CPU
		{D8D117AB-1B6B-4A55-8743-4F1ED6A71CCB}.Release|x86.Build.0 = Release|Any CPU
		{D8D117AB-1B6B-4A55-8743-4F1ED6A71CCB}.Release|x86.Deploy.0 = Release|Any CPU
		{6E375C6B-A912-4471-B30B-1A773C884869}.Ad-Hoc|Any CPU.ActiveCfg = Release|Any CPU
		{6E375C6B-A912-4471-B30B-1A773C884869}.Ad-Hoc|Any CPU.Build.0 = Release|Any CPU
		{6E375C6B-A912-4471-B30B-1A773C884869}.Ad-Hoc|ARM.ActiveCfg = Release|Any CPU
		{6E375C6B-A912-4471-B30B-1A773C884869}.Ad-Hoc|ARM.Build.0 = Release|Any CPU
		{6E375C6B-A912-4471-B30B-1A773C884869}.Ad-Hoc|iPhone.ActiveCfg = Release|Any CPU
		{6E375C6B-A912-4471-B30B-1A773C884869}.Ad-Hoc|iPhone.Build.0 = Release|Any CPU
		{6E375C6B-A912-4471-B30B-1A773C884869}.Ad-Hoc|iPhoneSimulator.ActiveCfg = Release|Any CPU
		{6E375C6B-A912-4471-B30B-1A773C884869}.Ad-Hoc|iPhoneSimulator.Build.0 = Release|Any CPU
		{6E375C6B-A912-4471-B30B-1A773C884869}.Ad-Hoc|x64.ActiveCfg = Release|Any CPU
		{6E375C6B-A912-4471-B30B-1A773C884869}.Ad-Hoc|x64.Build.0 = Release|Any CPU
		{6E375C6B-A912-4471-B30B-1A773C884869}.Ad-Hoc|x86.ActiveCfg = Release|Any CPU
		{6E375C6B-A912-4471-B30B-1A773C884869}.Ad-Hoc|x86.Build.0 = Release|Any CPU
		{6E375C6B-A912-4471-B30B-1A773C884869}.AppStore|Any CPU.ActiveCfg = Release|Any CPU
		{6E375C6B-A912-4471-B30B-1A773C884869}.AppStore|Any CPU.Build.0 = Release|Any CPU
		{6E375C6B-A912-4471-B30B-1A773C884869}.AppStore|ARM.ActiveCfg = Release|Any CPU
		{6E375C6B-A912-4471-B30B-1A773C884869}.AppStore|ARM.Build.0 = Release|Any CPU
		{6E375C6B-A912-4471-B30B-1A773C884869}.AppStore|iPhone.ActiveCfg = Release|Any CPU
		{6E375C6B-A912-4471-B30B-1A773C884869}.AppStore|iPhone.Build.0 = Release|Any CPU
		{6E375C6B-A912-4471-B30B-1A773C884869}.AppStore|iPhoneSimulator.ActiveCfg = Release|Any CPU
		{6E375C6B-A912-4471-B30B-1A773C884869}.AppStore|iPhoneSimulator.Build.0 = Release|Any CPU
		{6E375C6B-A912-4471-B30B-1A773C884869}.AppStore|x64.ActiveCfg = Release|Any CPU
		{6E375C6B-A912-4471-B30B-1A773C884869}.AppStore|x64.Build.0 = Release|Any CPU
		{6E375C6B-A912-4471-B30B-1A773C884869}.AppStore|x86.ActiveCfg = Release|Any CPU
		{6E375C6B-A912-4471-B30B-1A773C884869}.AppStore|x86.Build.0 = Release|Any CPU
		{6E375C6B-A912-4471-B30B-1A773C884869}.Debug|Any CPU.ActiveCfg = Debug|Any CPU
		{6E375C6B-A912-4471-B30B-1A773C884869}.Debug|Any CPU.Build.0 = Debug|Any CPU
		{6E375C6B-A912-4471-B30B-1A773C884869}.Debug|ARM.ActiveCfg = Debug|Any CPU
		{6E375C6B-A912-4471-B30B-1A773C884869}.Debug|ARM.Build.0 = Debug|Any CPU
		{6E375C6B-A912-4471-B30B-1A773C884869}.Debug|iPhone.ActiveCfg = Debug|Any CPU
		{6E375C6B-A912-4471-B30B-1A773C884869}.Debug|iPhone.Build.0 = Debug|Any CPU
		{6E375C6B-A912-4471-B30B-1A773C884869}.Debug|iPhoneSimulator.ActiveCfg = Debug|Any CPU
		{6E375C6B-A912-4471-B30B-1A773C884869}.Debug|iPhoneSimulator.Build.0 = Debug|Any CPU
		{6E375C6B-A912-4471-B30B-1A773C884869}.Debug|x64.ActiveCfg = Debug|Any CPU
		{6E375C6B-A912-4471-B30B-1A773C884869}.Debug|x64.Build.0 = Debug|Any CPU
		{6E375C6B-A912-4471-B30B-1A773C884869}.Debug|x86.ActiveCfg = Debug|Any CPU
		{6E375C6B-A912-4471-B30B-1A773C884869}.Debug|x86.Build.0 = Debug|Any CPU
		{6E375C6B-A912-4471-B30B-1A773C884869}.Release|Any CPU.ActiveCfg = Release|Any CPU
		{6E375C6B-A912-4471-B30B-1A773C884869}.Release|Any CPU.Build.0 = Release|Any CPU
		{6E375C6B-A912-4471-B30B-1A773C884869}.Release|ARM.ActiveCfg = Release|Any CPU
		{6E375C6B-A912-4471-B30B-1A773C884869}.Release|ARM.Build.0 = Release|Any CPU
		{6E375C6B-A912-4471-B30B-1A773C884869}.Release|iPhone.ActiveCfg = Release|Any CPU
		{6E375C6B-A912-4471-B30B-1A773C884869}.Release|iPhone.Build.0 = Release|Any CPU
		{6E375C6B-A912-4471-B30B-1A773C884869}.Release|iPhoneSimulator.ActiveCfg = Release|Any CPU
		{6E375C6B-A912-4471-B30B-1A773C884869}.Release|iPhoneSimulator.Build.0 = Release|Any CPU
		{6E375C6B-A912-4471-B30B-1A773C884869}.Release|x64.ActiveCfg = Release|Any CPU
		{6E375C6B-A912-4471-B30B-1A773C884869}.Release|x64.Build.0 = Release|Any CPU
		{6E375C6B-A912-4471-B30B-1A773C884869}.Release|x86.ActiveCfg = Release|Any CPU
		{6E375C6B-A912-4471-B30B-1A773C884869}.Release|x86.Build.0 = Release|Any CPU
		{9461AD51-4064-4F57-80FF-2E0673399BEA}.Ad-Hoc|Any CPU.ActiveCfg = Release|x86
		{9461AD51-4064-4F57-80FF-2E0673399BEA}.Ad-Hoc|Any CPU.Build.0 = Release|x86
		{9461AD51-4064-4F57-80FF-2E0673399BEA}.Ad-Hoc|Any CPU.Deploy.0 = Release|x86
		{9461AD51-4064-4F57-80FF-2E0673399BEA}.Ad-Hoc|ARM.ActiveCfg = Release|ARM
		{9461AD51-4064-4F57-80FF-2E0673399BEA}.Ad-Hoc|ARM.Build.0 = Release|ARM
		{9461AD51-4064-4F57-80FF-2E0673399BEA}.Ad-Hoc|ARM.Deploy.0 = Release|ARM
		{9461AD51-4064-4F57-80FF-2E0673399BEA}.Ad-Hoc|iPhone.ActiveCfg = Release|x86
		{9461AD51-4064-4F57-80FF-2E0673399BEA}.Ad-Hoc|iPhone.Build.0 = Release|x86
		{9461AD51-4064-4F57-80FF-2E0673399BEA}.Ad-Hoc|iPhone.Deploy.0 = Release|x86
		{9461AD51-4064-4F57-80FF-2E0673399BEA}.Ad-Hoc|iPhoneSimulator.ActiveCfg = Release|x86
		{9461AD51-4064-4F57-80FF-2E0673399BEA}.Ad-Hoc|iPhoneSimulator.Build.0 = Release|x86
		{9461AD51-4064-4F57-80FF-2E0673399BEA}.Ad-Hoc|iPhoneSimulator.Deploy.0 = Release|x86
		{9461AD51-4064-4F57-80FF-2E0673399BEA}.Ad-Hoc|x64.ActiveCfg = Release|x64
		{9461AD51-4064-4F57-80FF-2E0673399BEA}.Ad-Hoc|x64.Build.0 = Release|x64
		{9461AD51-4064-4F57-80FF-2E0673399BEA}.Ad-Hoc|x64.Deploy.0 = Release|x64
		{9461AD51-4064-4F57-80FF-2E0673399BEA}.Ad-Hoc|x86.ActiveCfg = Release|x86
		{9461AD51-4064-4F57-80FF-2E0673399BEA}.Ad-Hoc|x86.Build.0 = Release|x86
		{9461AD51-4064-4F57-80FF-2E0673399BEA}.Ad-Hoc|x86.Deploy.0 = Release|x86
		{9461AD51-4064-4F57-80FF-2E0673399BEA}.AppStore|Any CPU.ActiveCfg = Release|x86
		{9461AD51-4064-4F57-80FF-2E0673399BEA}.AppStore|Any CPU.Build.0 = Release|x86
		{9461AD51-4064-4F57-80FF-2E0673399BEA}.AppStore|Any CPU.Deploy.0 = Release|x86
		{9461AD51-4064-4F57-80FF-2E0673399BEA}.AppStore|ARM.ActiveCfg = Release|ARM
		{9461AD51-4064-4F57-80FF-2E0673399BEA}.AppStore|ARM.Build.0 = Release|ARM
		{9461AD51-4064-4F57-80FF-2E0673399BEA}.AppStore|ARM.Deploy.0 = Release|ARM
		{9461AD51-4064-4F57-80FF-2E0673399BEA}.AppStore|iPhone.ActiveCfg = Release|x86
		{9461AD51-4064-4F57-80FF-2E0673399BEA}.AppStore|iPhone.Build.0 = Release|x86
		{9461AD51-4064-4F57-80FF-2E0673399BEA}.AppStore|iPhone.Deploy.0 = Release|x86
		{9461AD51-4064-4F57-80FF-2E0673399BEA}.AppStore|iPhoneSimulator.ActiveCfg = Release|x86
		{9461AD51-4064-4F57-80FF-2E0673399BEA}.AppStore|iPhoneSimulator.Build.0 = Release|x86
		{9461AD51-4064-4F57-80FF-2E0673399BEA}.AppStore|iPhoneSimulator.Deploy.0 = Release|x86
		{9461AD51-4064-4F57-80FF-2E0673399BEA}.AppStore|x64.ActiveCfg = Release|x64
		{9461AD51-4064-4F57-80FF-2E0673399BEA}.AppStore|x64.Build.0 = Release|x64
		{9461AD51-4064-4F57-80FF-2E0673399BEA}.AppStore|x64.Deploy.0 = Release|x64
		{9461AD51-4064-4F57-80FF-2E0673399BEA}.AppStore|x86.ActiveCfg = Release|x86
		{9461AD51-4064-4F57-80FF-2E0673399BEA}.AppStore|x86.Build.0 = Release|x86
		{9461AD51-4064-4F57-80FF-2E0673399BEA}.AppStore|x86.Deploy.0 = Release|x86
		{9461AD51-4064-4F57-80FF-2E0673399BEA}.Debug|Any CPU.ActiveCfg = Debug|x86
		{9461AD51-4064-4F57-80FF-2E0673399BEA}.Debug|ARM.ActiveCfg = Debug|ARM
		{9461AD51-4064-4F57-80FF-2E0673399BEA}.Debug|ARM.Build.0 = Debug|ARM
		{9461AD51-4064-4F57-80FF-2E0673399BEA}.Debug|ARM.Deploy.0 = Debug|ARM
		{9461AD51-4064-4F57-80FF-2E0673399BEA}.Debug|iPhone.ActiveCfg = Debug|x86
		{9461AD51-4064-4F57-80FF-2E0673399BEA}.Debug|iPhoneSimulator.ActiveCfg = Debug|x86
		{9461AD51-4064-4F57-80FF-2E0673399BEA}.Debug|x64.ActiveCfg = Debug|x64
		{9461AD51-4064-4F57-80FF-2E0673399BEA}.Debug|x64.Build.0 = Debug|x64
		{9461AD51-4064-4F57-80FF-2E0673399BEA}.Debug|x64.Deploy.0 = Debug|x64
		{9461AD51-4064-4F57-80FF-2E0673399BEA}.Debug|x86.ActiveCfg = Debug|x86
		{9461AD51-4064-4F57-80FF-2E0673399BEA}.Debug|x86.Build.0 = Debug|x86
		{9461AD51-4064-4F57-80FF-2E0673399BEA}.Debug|x86.Deploy.0 = Debug|x86
		{9461AD51-4064-4F57-80FF-2E0673399BEA}.Release|Any CPU.ActiveCfg = Release|x86
		{9461AD51-4064-4F57-80FF-2E0673399BEA}.Release|ARM.ActiveCfg = Release|ARM
		{9461AD51-4064-4F57-80FF-2E0673399BEA}.Release|ARM.Build.0 = Release|ARM
		{9461AD51-4064-4F57-80FF-2E0673399BEA}.Release|ARM.Deploy.0 = Release|ARM
		{9461AD51-4064-4F57-80FF-2E0673399BEA}.Release|iPhone.ActiveCfg = Release|x86
		{9461AD51-4064-4F57-80FF-2E0673399BEA}.Release|iPhoneSimulator.ActiveCfg = Release|x86
		{9461AD51-4064-4F57-80FF-2E0673399BEA}.Release|x64.ActiveCfg = Release|x64
		{9461AD51-4064-4F57-80FF-2E0673399BEA}.Release|x64.Build.0 = Release|x64
		{9461AD51-4064-4F57-80FF-2E0673399BEA}.Release|x64.Deploy.0 = Release|x64
		{9461AD51-4064-4F57-80FF-2E0673399BEA}.Release|x86.ActiveCfg = Release|x86
		{9461AD51-4064-4F57-80FF-2E0673399BEA}.Release|x86.Build.0 = Release|x86
		{9461AD51-4064-4F57-80FF-2E0673399BEA}.Release|x86.Deploy.0 = Release|x86
		{EEDD1E73-BDBD-4EFD-8378-CBB789B45CCF}.Ad-Hoc|Any CPU.ActiveCfg = Ad-Hoc|iPhone
		{EEDD1E73-BDBD-4EFD-8378-CBB789B45CCF}.Ad-Hoc|ARM.ActiveCfg = Ad-Hoc|iPhone
		{EEDD1E73-BDBD-4EFD-8378-CBB789B45CCF}.Ad-Hoc|iPhone.ActiveCfg = Ad-Hoc|iPhone
		{EEDD1E73-BDBD-4EFD-8378-CBB789B45CCF}.Ad-Hoc|iPhone.Build.0 = Ad-Hoc|iPhone
		{EEDD1E73-BDBD-4EFD-8378-CBB789B45CCF}.Ad-Hoc|iPhoneSimulator.ActiveCfg = Ad-Hoc|iPhoneSimulator
		{EEDD1E73-BDBD-4EFD-8378-CBB789B45CCF}.Ad-Hoc|iPhoneSimulator.Build.0 = Ad-Hoc|iPhoneSimulator
		{EEDD1E73-BDBD-4EFD-8378-CBB789B45CCF}.Ad-Hoc|x64.ActiveCfg = Ad-Hoc|iPhone
		{EEDD1E73-BDBD-4EFD-8378-CBB789B45CCF}.Ad-Hoc|x86.ActiveCfg = Ad-Hoc|iPhone
		{EEDD1E73-BDBD-4EFD-8378-CBB789B45CCF}.AppStore|Any CPU.ActiveCfg = AppStore|iPhone
		{EEDD1E73-BDBD-4EFD-8378-CBB789B45CCF}.AppStore|ARM.ActiveCfg = AppStore|iPhone
		{EEDD1E73-BDBD-4EFD-8378-CBB789B45CCF}.AppStore|iPhone.ActiveCfg = AppStore|iPhone
		{EEDD1E73-BDBD-4EFD-8378-CBB789B45CCF}.AppStore|iPhone.Build.0 = AppStore|iPhone
		{EEDD1E73-BDBD-4EFD-8378-CBB789B45CCF}.AppStore|iPhoneSimulator.ActiveCfg = AppStore|iPhoneSimulator
		{EEDD1E73-BDBD-4EFD-8378-CBB789B45CCF}.AppStore|iPhoneSimulator.Build.0 = AppStore|iPhoneSimulator
		{EEDD1E73-BDBD-4EFD-8378-CBB789B45CCF}.AppStore|x64.ActiveCfg = AppStore|iPhone
		{EEDD1E73-BDBD-4EFD-8378-CBB789B45CCF}.AppStore|x86.ActiveCfg = AppStore|iPhone
		{EEDD1E73-BDBD-4EFD-8378-CBB789B45CCF}.Debug|Any CPU.ActiveCfg = Debug|iPhone
		{EEDD1E73-BDBD-4EFD-8378-CBB789B45CCF}.Debug|ARM.ActiveCfg = Debug|iPhone
		{EEDD1E73-BDBD-4EFD-8378-CBB789B45CCF}.Debug|iPhone.ActiveCfg = Debug|iPhone
		{EEDD1E73-BDBD-4EFD-8378-CBB789B45CCF}.Debug|iPhone.Build.0 = Debug|iPhone
		{EEDD1E73-BDBD-4EFD-8378-CBB789B45CCF}.Debug|iPhoneSimulator.ActiveCfg = Debug|iPhoneSimulator
		{EEDD1E73-BDBD-4EFD-8378-CBB789B45CCF}.Debug|iPhoneSimulator.Build.0 = Debug|iPhoneSimulator
		{EEDD1E73-BDBD-4EFD-8378-CBB789B45CCF}.Debug|x64.ActiveCfg = Debug|iPhone
		{EEDD1E73-BDBD-4EFD-8378-CBB789B45CCF}.Debug|x86.ActiveCfg = Debug|iPhone
		{EEDD1E73-BDBD-4EFD-8378-CBB789B45CCF}.Release|Any CPU.ActiveCfg = Release|iPhone
		{EEDD1E73-BDBD-4EFD-8378-CBB789B45CCF}.Release|ARM.ActiveCfg = Release|iPhone
		{EEDD1E73-BDBD-4EFD-8378-CBB789B45CCF}.Release|iPhone.ActiveCfg = Release|iPhone
		{EEDD1E73-BDBD-4EFD-8378-CBB789B45CCF}.Release|iPhone.Build.0 = Release|iPhone
		{EEDD1E73-BDBD-4EFD-8378-CBB789B45CCF}.Release|iPhoneSimulator.ActiveCfg = Release|iPhoneSimulator
		{EEDD1E73-BDBD-4EFD-8378-CBB789B45CCF}.Release|iPhoneSimulator.Build.0 = Release|iPhoneSimulator
		{EEDD1E73-BDBD-4EFD-8378-CBB789B45CCF}.Release|x64.ActiveCfg = Release|iPhone
		{EEDD1E73-BDBD-4EFD-8378-CBB789B45CCF}.Release|x86.ActiveCfg = Release|iPhone
	EndGlobalSection
	GlobalSection(SolutionProperties) = preSolution
		HideSolutionNode = FALSE
	EndGlobalSection
	GlobalSection(ExtensibilityGlobals) = postSolution
		SolutionGuid = {FA550CF7-1486-4978-AC20-1F3A9BED4FCD}
	EndGlobalSection
EndGlobal
