
Microsoft Visual Studio Solution File, Format Version 12.00
# Visual Studio Version 16
VisualStudioVersion = 16.0.30225.117
MinimumVisualStudioVersion = 10.0.40219.1
Project("{FAE04EC0-301F-11D3-BF4B-00C04F79EFBC}") = "XamControls.iOS", "XamControls\XamControls.iOS\XamControls.iOS.csproj", "{CD77C0E3-8FA7-48A2-B5B9-B9F96430C24A}"
EndProject
Project("{FAE04EC0-301F-11D3-BF4B-00C04F79EFBC}") = "XamControls.UWP", "XamControls\XamControls.UWP\XamControls.UWP.csproj", "{60174DCA-3F9D-47E5-96A2-B855B4149B2B}"
EndProject
Project("{9A19103F-16F7-4668-BE54-9A1E7A4F7556}") = "XamControls", "XamControls\XamControls\XamControls.csproj", "{F5D2D120-956E-4A34-9CE0-235AD74A4973}"
EndProject
Project("{FAE04EC0-301F-11D3-BF4B-00C04F79EFBC}") = "XamControls.Android", "XamControls\XamControls.Android\XamControls.Android.csproj", "{8C30C40C-6D1A-46AE-8279-2DC8806B7F86}"
EndProject
Global
	GlobalSection(SolutionConfigurationPlatforms) = preSolution
		Ad-Hoc|Any CPU = Ad-Hoc|Any CPU
		Ad-Hoc|ARM = Ad-Hoc|ARM
		Ad-Hoc|iPhone = Ad-Hoc|iPhone
		Ad-Hoc|iPhoneSimulator = Ad-Hoc|iPhoneSimulator
		Ad-Hoc|x64 = Ad-Hoc|x64
		Ad-Hoc|x86 = Ad-Hoc|x86
		AppStore|Any CPU = AppStore|Any CPU
		AppStore|ARM = AppStore|ARM
		AppStore|iPhone = AppStore|iPhone
		AppStore|iPhoneSimulator = AppStore|iPhoneSimulator
		AppStore|x64 = AppStore|x64
		AppStore|x86 = AppStore|x86
		Debug|Any CPU = Debug|Any CPU
		Debug|ARM = Debug|ARM
		Debug|iPhone = Debug|iPhone
		Debug|iPhoneSimulator = Debug|iPhoneSimulator
		Debug|x64 = Debug|x64
		Debug|x86 = Debug|x86
		Release|Any CPU = Release|Any CPU
		Release|ARM = Release|ARM
		Release|iPhone = Release|iPhone
		Release|iPhoneSimulator = Release|iPhoneSimulator
		Release|x64 = Release|x64
		Release|x86 = Release|x86
	EndGlobalSection
	GlobalSection(ProjectConfigurationPlatforms) = postSolution
		{CD77C0E3-8FA7-48A2-B5B9-B9F96430C24A}.Ad-Hoc|Any CPU.ActiveCfg = Ad-Hoc|iPhone
		{CD77C0E3-8FA7-48A2-B5B9-B9F96430C24A}.Ad-Hoc|Any CPU.Build.0 = Ad-Hoc|iPhone
		{CD77C0E3-8FA7-48A2-B5B9-B9F96430C24A}.Ad-Hoc|Any CPU.Deploy.0 = Ad-Hoc|iPhone
		{CD77C0E3-8FA7-48A2-B5B9-B9F96430C24A}.Ad-Hoc|ARM.ActiveCfg = Ad-Hoc|iPhone
		{CD77C0E3-8FA7-48A2-B5B9-B9F96430C24A}.Ad-Hoc|ARM.Build.0 = Ad-Hoc|iPhone
		{CD77C0E3-8FA7-48A2-B5B9-B9F96430C24A}.Ad-Hoc|ARM.Deploy.0 = Ad-Hoc|iPhone
		{CD77C0E3-8FA7-48A2-B5B9-B9F96430C24A}.Ad-Hoc|iPhone.ActiveCfg = Ad-Hoc|iPhone
		{CD77C0E3-8FA7-48A2-B5B9-B9F96430C24A}.Ad-Hoc|iPhone.Build.0 = Ad-Hoc|iPhone
		{CD77C0E3-8FA7-48A2-B5B9-B9F96430C24A}.Ad-Hoc|iPhone.Deploy.0 = Ad-Hoc|iPhone
		{CD77C0E3-8FA7-48A2-B5B9-B9F96430C24A}.Ad-Hoc|iPhoneSimulator.ActiveCfg = Ad-Hoc|iPhoneSimulator
		{CD77C0E3-8FA7-48A2-B5B9-B9F96430C24A}.Ad-Hoc|iPhoneSimulator.Build.0 = Ad-Hoc|iPhoneSimulator
		{CD77C0E3-8FA7-48A2-B5B9-B9F96430C24A}.Ad-Hoc|iPhoneSimulator.Deploy.0 = Ad-Hoc|iPhoneSimulator
		{CD77C0E3-8FA7-48A2-B5B9-B9F96430C24A}.Ad-Hoc|x64.ActiveCfg = Ad-Hoc|iPhone
		{CD77C0E3-8FA7-48A2-B5B9-B9F96430C24A}.Ad-Hoc|x64.Build.0 = Ad-Hoc|iPhone
		{CD77C0E3-8FA7-48A2-B5B9-B9F96430C24A}.Ad-Hoc|x64.Deploy.0 = Ad-Hoc|iPhone
		{CD77C0E3-8FA7-48A2-B5B9-B9F96430C24A}.Ad-Hoc|x86.ActiveCfg = Ad-Hoc|iPhone
		{CD77C0E3-8FA7-48A2-B5B9-B9F96430C24A}.Ad-Hoc|x86.Build.0 = Ad-Hoc|iPhone
		{CD77C0E3-8FA7-48A2-B5B9-B9F96430C24A}.Ad-Hoc|x86.Deploy.0 = Ad-Hoc|iPhone
		{CD77C0E3-8FA7-48A2-B5B9-B9F96430C24A}.AppStore|Any CPU.ActiveCfg = AppStore|iPhone
		{CD77C0E3-8FA7-48A2-B5B9-B9F96430C24A}.AppStore|Any CPU.Build.0 = AppStore|iPhone
		{CD77C0E3-8FA7-48A2-B5B9-B9F96430C24A}.AppStore|Any CPU.Deploy.0 = AppStore|iPhone
		{CD77C0E3-8FA7-48A2-B5B9-B9F96430C24A}.AppStore|ARM.ActiveCfg = AppStore|iPhone
		{CD77C0E3-8FA7-48A2-B5B9-B9F96430C24A}.AppStore|ARM.Build.0 = AppStore|iPhone
		{CD77C0E3-8FA7-48A2-B5B9-B9F96430C24A}.AppStore|ARM.Deploy.0 = AppStore|iPhone
		{CD77C0E3-8FA7-48A2-B5B9-B9F96430C24A}.AppStore|iPhone.ActiveCfg = AppStore|iPhone
		{CD77C0E3-8FA7-48A2-B5B9-B9F96430C24A}.AppStore|iPhone.Build.0 = AppStore|iPhone
		{CD77C0E3-8FA7-48A2-B5B9-B9F96430C24A}.AppStore|iPhone.Deploy.0 = AppStore|iPhone
		{CD77C0E3-8FA7-48A2-B5B9-B9F96430C24A}.AppStore|iPhoneSimulator.ActiveCfg = AppStore|iPhoneSimulator
		{CD77C0E3-8FA7-48A2-B5B9-B9F96430C24A}.AppStore|iPhoneSimulator.Build.0 = AppStore|iPhoneSimulator
		{CD77C0E3-8FA7-48A2-B5B9-B9F96430C24A}.AppStore|iPhoneSimulator.Deploy.0 = AppStore|iPhoneSimulator
		{CD77C0E3-8FA7-48A2-B5B9-B9F96430C24A}.AppStore|x64.ActiveCfg = AppStore|iPhone
		{CD77C0E3-8FA7-48A2-B5B9-B9F96430C24A}.AppStore|x64.Build.0 = AppStore|iPhone
		{CD77C0E3-8FA7-48A2-B5B9-B9F96430C24A}.AppStore|x64.Deploy.0 = AppStore|iPhone
		{CD77C0E3-8FA7-48A2-B5B9-B9F96430C24A}.AppStore|x86.ActiveCfg = AppStore|iPhone
		{CD77C0E3-8FA7-48A2-B5B9-B9F96430C24A}.AppStore|x86.Build.0 = AppStore|iPhone
		{CD77C0E3-8FA7-48A2-B5B9-B9F96430C24A}.AppStore|x86.Deploy.0 = AppStore|iPhone
		{CD77C0E3-8FA7-48A2-B5B9-B9F96430C24A}.Debug|Any CPU.ActiveCfg = Debug|iPhoneSimulator
		{CD77C0E3-8FA7-48A2-B5B9-B9F96430C24A}.Debug|Any CPU.Build.0 = Debug|iPhoneSimulator
		{CD77C0E3-8FA7-48A2-B5B9-B9F96430C24A}.Debug|Any CPU.Deploy.0 = Debug|iPhoneSimulator
		{CD77C0E3-8FA7-48A2-B5B9-B9F96430C24A}.Debug|ARM.ActiveCfg = Debug|iPhone
		{CD77C0E3-8FA7-48A2-B5B9-B9F96430C24A}.Debug|ARM.Build.0 = Debug|iPhone
		{CD77C0E3-8FA7-48A2-B5B9-B9F96430C24A}.Debug|ARM.Deploy.0 = Debug|iPhone
		{CD77C0E3-8FA7-48A2-B5B9-B9F96430C24A}.Debug|iPhone.ActiveCfg = Debug|iPhone
		{CD77C0E3-8FA7-48A2-B5B9-B9F96430C24A}.Debug|iPhone.Build.0 = Debug|iPhone
		{CD77C0E3-8FA7-48A2-B5B9-B9F96430C24A}.Debug|iPhone.Deploy.0 = Debug|iPhone
		{CD77C0E3-8FA7-48A2-B5B9-B9F96430C24A}.Debug|iPhoneSimulator.ActiveCfg = Debug|iPhoneSimulator
		{CD77C0E3-8FA7-48A2-B5B9-B9F96430C24A}.Debug|iPhoneSimulator.Build.0 = Debug|iPhoneSimulator
		{CD77C0E3-8FA7-48A2-B5B9-B9F96430C24A}.Debug|iPhoneSimulator.Deploy.0 = Debug|iPhoneSimulator
		{CD77C0E3-8FA7-48A2-B5B9-B9F96430C24A}.Debug|x64.ActiveCfg = Debug|iPhone
		{CD77C0E3-8FA7-48A2-B5B9-B9F96430C24A}.Debug|x64.Build.0 = Debug|iPhone
		{CD77C0E3-8FA7-48A2-B5B9-B9F96430C24A}.Debug|x64.Deploy.0 = Debug|iPhone
		{CD77C0E3-8FA7-48A2-B5B9-B9F96430C24A}.Debug|x86.ActiveCfg = Debug|iPhone
		{CD77C0E3-8FA7-48A2-B5B9-B9F96430C24A}.Debug|x86.Build.0 = Debug|iPhone
		{CD77C0E3-8FA7-48A2-B5B9-B9F96430C24A}.Debug|x86.Deploy.0 = Debug|iPhone
		{CD77C0E3-8FA7-48A2-B5B9-B9F96430C24A}.Release|Any CPU.ActiveCfg = Release|iPhone
		{CD77C0E3-8FA7-48A2-B5B9-B9F96430C24A}.Release|Any CPU.Build.0 = Release|iPhone
		{CD77C0E3-8FA7-48A2-B5B9-B9F96430C24A}.Release|Any CPU.Deploy.0 = Release|iPhone
		{CD77C0E3-8FA7-48A2-B5B9-B9F96430C24A}.Release|ARM.ActiveCfg = Release|iPhone
		{CD77C0E3-8FA7-48A2-B5B9-B9F96430C24A}.Release|ARM.Build.0 = Release|iPhone
		{CD77C0E3-8FA7-48A2-B5B9-B9F96430C24A}.Release|ARM.Deploy.0 = Release|iPhone
		{CD77C0E3-8FA7-48A2-B5B9-B9F96430C24A}.Release|iPhone.ActiveCfg = Release|iPhone
		{CD77C0E3-8FA7-48A2-B5B9-B9F96430C24A}.Release|iPhone.Build.0 = Release|iPhone
		{CD77C0E3-8FA7-48A2-B5B9-B9F96430C24A}.Release|iPhone.Deploy.0 = Release|iPhone
		{CD77C0E3-8FA7-48A2-B5B9-B9F96430C24A}.Release|iPhoneSimulator.ActiveCfg = Release|iPhoneSimulator
		{CD77C0E3-8FA7-48A2-B5B9-B9F96430C24A}.Release|iPhoneSimulator.Build.0 = Release|iPhoneSimulator
		{CD77C0E3-8FA7-48A2-B5B9-B9F96430C24A}.Release|iPhoneSimulator.Deploy.0 = Release|iPhoneSimulator
		{CD77C0E3-8FA7-48A2-B5B9-B9F96430C24A}.Release|x64.ActiveCfg = Release|iPhone
		{CD77C0E3-8FA7-48A2-B5B9-B9F96430C24A}.Release|x64.Build.0 = Release|iPhone
		{CD77C0E3-8FA7-48A2-B5B9-B9F96430C24A}.Release|x64.Deploy.0 = Release|iPhone
		{CD77C0E3-8FA7-48A2-B5B9-B9F96430C24A}.Release|x86.ActiveCfg = Release|iPhone
		{CD77C0E3-8FA7-48A2-B5B9-B9F96430C24A}.Release|x86.Build.0 = Release|iPhone
		{CD77C0E3-8FA7-48A2-B5B9-B9F96430C24A}.Release|x86.Deploy.0 = Release|iPhone
		{60174DCA-3F9D-47E5-96A2-B855B4149B2B}.Ad-Hoc|Any CPU.ActiveCfg = Release|x86
		{60174DCA-3F9D-47E5-96A2-B855B4149B2B}.Ad-Hoc|Any CPU.Build.0 = Release|x86
		{60174DCA-3F9D-47E5-96A2-B855B4149B2B}.Ad-Hoc|Any CPU.Deploy.0 = Release|x86
		{60174DCA-3F9D-47E5-96A2-B855B4149B2B}.Ad-Hoc|ARM.ActiveCfg = Release|ARM
		{60174DCA-3F9D-47E5-96A2-B855B4149B2B}.Ad-Hoc|ARM.Build.0 = Release|ARM
		{60174DCA-3F9D-47E5-96A2-B855B4149B2B}.Ad-Hoc|ARM.Deploy.0 = Release|ARM
		{60174DCA-3F9D-47E5-96A2-B855B4149B2B}.Ad-Hoc|iPhone.ActiveCfg = Release|x86
		{60174DCA-3F9D-47E5-96A2-B855B4149B2B}.Ad-Hoc|iPhone.Build.0 = Release|x86
		{60174DCA-3F9D-47E5-96A2-B855B4149B2B}.Ad-Hoc|iPhone.Deploy.0 = Release|x86
		{60174DCA-3F9D-47E5-96A2-B855B4149B2B}.Ad-Hoc|iPhoneSimulator.ActiveCfg = Release|x86
		{60174DCA-3F9D-47E5-96A2-B855B4149B2B}.Ad-Hoc|iPhoneSimulator.Build.0 = Release|x86
		{60174DCA-3F9D-47E5-96A2-B855B4149B2B}.Ad-Hoc|iPhoneSimulator.Deploy.0 = Release|x86
		{60174DCA-3F9D-47E5-96A2-B855B4149B2B}.Ad-Hoc|x64.ActiveCfg = Release|x64
		{60174DCA-3F9D-47E5-96A2-B855B4149B2B}.Ad-Hoc|x64.Build.0 = Release|x64
		{60174DCA-3F9D-47E5-96A2-B855B4149B2B}.Ad-Hoc|x64.Deploy.0 = Release|x64
		{60174DCA-3F9D-47E5-96A2-B855B4149B2B}.Ad-Hoc|x86.ActiveCfg = Release|x86
		{60174DCA-3F9D-47E5-96A2-B855B4149B2B}.Ad-Hoc|x86.Build.0 = Release|x86
		{60174DCA-3F9D-47E5-96A2-B855B4149B2B}.Ad-Hoc|x86.Deploy.0 = Release|x86
		{60174DCA-3F9D-47E5-96A2-B855B4149B2B}.AppStore|Any CPU.ActiveCfg = Release|x86
		{60174DCA-3F9D-47E5-96A2-B855B4149B2B}.AppStore|Any CPU.Build.0 = Release|x86
		{60174DCA-3F9D-47E5-96A2-B855B4149B2B}.AppStore|Any CPU.Deploy.0 = Release|x86
		{60174DCA-3F9D-47E5-96A2-B855B4149B2B}.AppStore|ARM.ActiveCfg = Release|ARM
		{60174DCA-3F9D-47E5-96A2-B855B4149B2B}.AppStore|ARM.Build.0 = Release|ARM
		{60174DCA-3F9D-47E5-96A2-B855B4149B2B}.AppStore|ARM.Deploy.0 = Release|ARM
		{60174DCA-3F9D-47E5-96A2-B855B4149B2B}.AppStore|iPhone.ActiveCfg = Release|x86
		{60174DCA-3F9D-47E5-96A2-B855B4149B2B}.AppStore|iPhone.Build.0 = Release|x86
		{60174DCA-3F9D-47E5-96A2-B855B4149B2B}.AppStore|iPhone.Deploy.0 = Release|x86
		{60174DCA-3F9D-47E5-96A2-B855B4149B2B}.AppStore|iPhoneSimulator.ActiveCfg = Release|x86
		{60174DCA-3F9D-47E5-96A2-B855B4149B2B}.AppStore|iPhoneSimulator.Build.0 = Release|x86
		{60174DCA-3F9D-47E5-96A2-B855B4149B2B}.AppStore|iPhoneSimulator.Deploy.0 = Release|x86
		{60174DCA-3F9D-47E5-96A2-B855B4149B2B}.AppStore|x64.ActiveCfg = Release|x64
		{60174DCA-3F9D-47E5-96A2-B855B4149B2B}.AppStore|x64.Build.0 = Release|x64
		{60174DCA-3F9D-47E5-96A2-B855B4149B2B}.AppStore|x64.Deploy.0 = Release|x64
		{60174DCA-3F9D-47E5-96A2-B855B4149B2B}.AppStore|x86.ActiveCfg = Release|x86
		{60174DCA-3F9D-47E5-96A2-B855B4149B2B}.AppStore|x86.Build.0 = Release|x86
		{60174DCA-3F9D-47E5-96A2-B855B4149B2B}.AppStore|x86.Deploy.0 = Release|x86
		{60174DCA-3F9D-47E5-96A2-B855B4149B2B}.Debug|Any CPU.ActiveCfg = Debug|x86
		{60174DCA-3F9D-47E5-96A2-B855B4149B2B}.Debug|Any CPU.Build.0 = Debug|x86
		{60174DCA-3F9D-47E5-96A2-B855B4149B2B}.Debug|Any CPU.Deploy.0 = Debug|x86
		{60174DCA-3F9D-47E5-96A2-B855B4149B2B}.Debug|ARM.ActiveCfg = Debug|ARM
		{60174DCA-3F9D-47E5-96A2-B855B4149B2B}.Debug|ARM.Build.0 = Debug|ARM
		{60174DCA-3F9D-47E5-96A2-B855B4149B2B}.Debug|ARM.Deploy.0 = Debug|ARM
		{60174DCA-3F9D-47E5-96A2-B855B4149B2B}.Debug|iPhone.ActiveCfg = Debug|x86
		{60174DCA-3F9D-47E5-96A2-B855B4149B2B}.Debug|iPhone.Build.0 = Debug|x86
		{60174DCA-3F9D-47E5-96A2-B855B4149B2B}.Debug|iPhone.Deploy.0 = Debug|x86
		{60174DCA-3F9D-47E5-96A2-B855B4149B2B}.Debug|iPhoneSimulator.ActiveCfg = Debug|x86
		{60174DCA-3F9D-47E5-96A2-B855B4149B2B}.Debug|x64.ActiveCfg = Debug|x64
		{60174DCA-3F9D-47E5-96A2-B855B4149B2B}.Debug|x64.Build.0 = Debug|x64
		{60174DCA-3F9D-47E5-96A2-B855B4149B2B}.Debug|x64.Deploy.0 = Debug|x64
		{60174DCA-3F9D-47E5-96A2-B855B4149B2B}.Debug|x86.ActiveCfg = Debug|x86
		{60174DCA-3F9D-47E5-96A2-B855B4149B2B}.Debug|x86.Build.0 = Debug|x86
		{60174DCA-3F9D-47E5-96A2-B855B4149B2B}.Debug|x86.Deploy.0 = Debug|x86
		{60174DCA-3F9D-47E5-96A2-B855B4149B2B}.Release|Any CPU.ActiveCfg = Release|x86
		{60174DCA-3F9D-47E5-96A2-B855B4149B2B}.Release|ARM.ActiveCfg = Release|ARM
		{60174DCA-3F9D-47E5-96A2-B855B4149B2B}.Release|ARM.Build.0 = Release|ARM
		{60174DCA-3F9D-47E5-96A2-B855B4149B2B}.Release|ARM.Deploy.0 = Release|ARM
		{60174DCA-3F9D-47E5-96A2-B855B4149B2B}.Release|iPhone.ActiveCfg = Release|x86
		{60174DCA-3F9D-47E5-96A2-B855B4149B2B}.Release|iPhone.Build.0 = Release|x86
		{60174DCA-3F9D-47E5-96A2-B855B4149B2B}.Release|iPhone.Deploy.0 = Release|x86
		{60174DCA-3F9D-47E5-96A2-B855B4149B2B}.Release|iPhoneSimulator.ActiveCfg = Release|x86
		{60174DCA-3F9D-47E5-96A2-B855B4149B2B}.Release|iPhoneSimulator.Build.0 = Release|x86
		{60174DCA-3F9D-47E5-96A2-B855B4149B2B}.Release|iPhoneSimulator.Deploy.0 = Release|x86
		{60174DCA-3F9D-47E5-96A2-B855B4149B2B}.Release|x64.ActiveCfg = Release|x64
		{60174DCA-3F9D-47E5-96A2-B855B4149B2B}.Release|x64.Build.0 = Release|x64
		{60174DCA-3F9D-47E5-96A2-B855B4149B2B}.Release|x64.Deploy.0 = Release|x64
		{60174DCA-3F9D-47E5-96A2-B855B4149B2B}.Release|x86.ActiveCfg = Release|x86
		{60174DCA-3F9D-47E5-96A2-B855B4149B2B}.Release|x86.Build.0 = Release|x86
		{60174DCA-3F9D-47E5-96A2-B855B4149B2B}.Release|x86.Deploy.0 = Release|x86
		{F5D2D120-956E-4A34-9CE0-235AD74A4973}.Ad-Hoc|Any CPU.ActiveCfg = Debug|Any CPU
		{F5D2D120-956E-4A34-9CE0-235AD74A4973}.Ad-Hoc|Any CPU.Build.0 = Debug|Any CPU
		{F5D2D120-956E-4A34-9CE0-235AD74A4973}.Ad-Hoc|Any CPU.Deploy.0 = Debug|Any CPU
		{F5D2D120-956E-4A34-9CE0-235AD74A4973}.Ad-Hoc|ARM.ActiveCfg = Debug|Any CPU
		{F5D2D120-956E-4A34-9CE0-235AD74A4973}.Ad-Hoc|ARM.Build.0 = Debug|Any CPU
		{F5D2D120-956E-4A34-9CE0-235AD74A4973}.Ad-Hoc|ARM.Deploy.0 = Debug|Any CPU
		{F5D2D120-956E-4A34-9CE0-235AD74A4973}.Ad-Hoc|iPhone.ActiveCfg = Debug|Any CPU
		{F5D2D120-956E-4A34-9CE0-235AD74A4973}.Ad-Hoc|iPhone.Build.0 = Debug|Any CPU
		{F5D2D120-956E-4A34-9CE0-235AD74A4973}.Ad-Hoc|iPhone.Deploy.0 = Debug|Any CPU
		{F5D2D120-956E-4A34-9CE0-235AD74A4973}.Ad-Hoc|iPhoneSimulator.ActiveCfg = Debug|Any CPU
		{F5D2D120-956E-4A34-9CE0-235AD74A4973}.Ad-Hoc|iPhoneSimulator.Build.0 = Debug|Any CPU
		{F5D2D120-956E-4A34-9CE0-235AD74A4973}.Ad-Hoc|iPhoneSimulator.Deploy.0 = Debug|Any CPU
		{F5D2D120-956E-4A34-9CE0-235AD74A4973}.Ad-Hoc|x64.ActiveCfg = Debug|Any CPU
		{F5D2D120-956E-4A34-9CE0-235AD74A4973}.Ad-Hoc|x64.Build.0 = Debug|Any CPU
		{F5D2D120-956E-4A34-9CE0-235AD74A4973}.Ad-Hoc|x64.Deploy.0 = Debug|Any CPU
		{F5D2D120-956E-4A34-9CE0-235AD74A4973}.Ad-Hoc|x86.ActiveCfg = Debug|Any CPU
		{F5D2D120-956E-4A34-9CE0-235AD74A4973}.Ad-Hoc|x86.Build.0 = Debug|Any CPU
		{F5D2D120-956E-4A34-9CE0-235AD74A4973}.Ad-Hoc|x86.Deploy.0 = Debug|Any CPU
		{F5D2D120-956E-4A34-9CE0-235AD74A4973}.AppStore|Any CPU.ActiveCfg = Debug|Any CPU
		{F5D2D120-956E-4A34-9CE0-235AD74A4973}.AppStore|Any CPU.Build.0 = Debug|Any CPU
		{F5D2D120-956E-4A34-9CE0-235AD74A4973}.AppStore|Any CPU.Deploy.0 = Debug|Any CPU
		{F5D2D120-956E-4A34-9CE0-235AD74A4973}.AppStore|ARM.ActiveCfg = Debug|Any CPU
		{F5D2D120-956E-4A34-9CE0-235AD74A4973}.AppStore|ARM.Build.0 = Debug|Any CPU
		{F5D2D120-956E-4A34-9CE0-235AD74A4973}.AppStore|ARM.Deploy.0 = Debug|Any CPU
		{F5D2D120-956E-4A34-9CE0-235AD74A4973}.AppStore|iPhone.ActiveCfg = Debug|Any CPU
		{F5D2D120-956E-4A34-9CE0-235AD74A4973}.AppStore|iPhone.Build.0 = Debug|Any CPU
		{F5D2D120-956E-4A34-9CE0-235AD74A4973}.AppStore|iPhone.Deploy.0 = Debug|Any CPU
		{F5D2D120-956E-4A34-9CE0-235AD74A4973}.AppStore|iPhoneSimulator.ActiveCfg = Debug|Any CPU
		{F5D2D120-956E-4A34-9CE0-235AD74A4973}.AppStore|iPhoneSimulator.Build.0 = Debug|Any CPU
		{F5D2D120-956E-4A34-9CE0-235AD74A4973}.AppStore|iPhoneSimulator.Deploy.0 = Debug|Any CPU
		{F5D2D120-956E-4A34-9CE0-235AD74A4973}.AppStore|x64.ActiveCfg = Debug|Any CPU
		{F5D2D120-956E-4A34-9CE0-235AD74A4973}.AppStore|x64.Build.0 = Debug|Any CPU
		{F5D2D120-956E-4A34-9CE0-235AD74A4973}.AppStore|x64.Deploy.0 = Debug|Any CPU
		{F5D2D120-956E-4A34-9CE0-235AD74A4973}.AppStore|x86.ActiveCfg = Debug|Any CPU
		{F5D2D120-956E-4A34-9CE0-235AD74A4973}.AppStore|x86.Build.0 = Debug|Any CPU
		{F5D2D120-956E-4A34-9CE0-235AD74A4973}.AppStore|x86.Deploy.0 = Debug|Any CPU
		{F5D2D120-956E-4A34-9CE0-235AD74A4973}.Debug|Any CPU.ActiveCfg = Debug|Any CPU
		{F5D2D120-956E-4A34-9CE0-235AD74A4973}.Debug|Any CPU.Build.0 = Debug|Any CPU
		{F5D2D120-956E-4A34-9CE0-235AD74A4973}.Debug|Any CPU.Deploy.0 = Debug|Any CPU
		{F5D2D120-956E-4A34-9CE0-235AD74A4973}.Debug|ARM.ActiveCfg = Debug|Any CPU
		{F5D2D120-956E-4A34-9CE0-235AD74A4973}.Debug|ARM.Build.0 = Debug|Any CPU
		{F5D2D120-956E-4A34-9CE0-235AD74A4973}.Debug|ARM.Deploy.0 = Debug|Any CPU
		{F5D2D120-956E-4A34-9CE0-235AD74A4973}.Debug|iPhone.ActiveCfg = Debug|Any CPU
		{F5D2D120-956E-4A34-9CE0-235AD74A4973}.Debug|iPhone.Build.0 = Debug|Any CPU
		{F5D2D120-956E-4A34-9CE0-235AD74A4973}.Debug|iPhone.Deploy.0 = Debug|Any CPU
		{F5D2D120-956E-4A34-9CE0-235AD74A4973}.Debug|iPhoneSimulator.ActiveCfg = Debug|Any CPU
		{F5D2D120-956E-4A34-9CE0-235AD74A4973}.Debug|iPhoneSimulator.Build.0 = Debug|Any CPU
		{F5D2D120-956E-4A34-9CE0-235AD74A4973}.Debug|iPhoneSimulator.Deploy.0 = Debug|Any CPU
		{F5D2D120-956E-4A34-9CE0-235AD74A4973}.Debug|x64.ActiveCfg = Debug|Any CPU
		{F5D2D120-956E-4A34-9CE0-235AD74A4973}.Debug|x64.Build.0 = Debug|Any CPU
		{F5D2D120-956E-4A34-9CE0-235AD74A4973}.Debug|x64.Deploy.0 = Debug|Any CPU
		{F5D2D120-956E-4A34-9CE0-235AD74A4973}.Debug|x86.ActiveCfg = Debug|Any CPU
		{F5D2D120-956E-4A34-9CE0-235AD74A4973}.Debug|x86.Build.0 = Debug|Any CPU
		{F5D2D120-956E-4A34-9CE0-235AD74A4973}.Debug|x86.Deploy.0 = Debug|Any CPU
		{F5D2D120-956E-4A34-9CE0-235AD74A4973}.Release|Any CPU.ActiveCfg = Release|Any CPU
		{F5D2D120-956E-4A34-9CE0-235AD74A4973}.Release|Any CPU.Build.0 = Release|Any CPU
		{F5D2D120-956E-4A34-9CE0-235AD74A4973}.Release|Any CPU.Deploy.0 = Release|Any CPU
		{F5D2D120-956E-4A34-9CE0-235AD74A4973}.Release|ARM.ActiveCfg = Release|Any CPU
		{F5D2D120-956E-4A34-9CE0-235AD74A4973}.Release|ARM.Build.0 = Release|Any CPU
		{F5D2D120-956E-4A34-9CE0-235AD74A4973}.Release|ARM.Deploy.0 = Release|Any CPU
		{F5D2D120-956E-4A34-9CE0-235AD74A4973}.Release|iPhone.ActiveCfg = Release|Any CPU
		{F5D2D120-956E-4A34-9CE0-235AD74A4973}.Release|iPhone.Build.0 = Release|Any CPU
		{F5D2D120-956E-4A34-9CE0-235AD74A4973}.Release|iPhone.Deploy.0 = Release|Any CPU
		{F5D2D120-956E-4A34-9CE0-235AD74A4973}.Release|iPhoneSimulator.ActiveCfg = Release|Any CPU
		{F5D2D120-956E-4A34-9CE0-235AD74A4973}.Release|iPhoneSimulator.Build.0 = Release|Any CPU
		{F5D2D120-956E-4A34-9CE0-235AD74A4973}.Release|iPhoneSimulator.Deploy.0 = Release|Any CPU
		{F5D2D120-956E-4A34-9CE0-235AD74A4973}.Release|x64.ActiveCfg = Release|Any CPU
		{F5D2D120-956E-4A34-9CE0-235AD74A4973}.Release|x64.Build.0 = Release|Any CPU
		{F5D2D120-956E-4A34-9CE0-235AD74A4973}.Release|x64.Deploy.0 = Release|Any CPU
		{F5D2D120-956E-4A34-9CE0-235AD74A4973}.Release|x86.ActiveCfg = Release|Any CPU
		{F5D2D120-956E-4A34-9CE0-235AD74A4973}.Release|x86.Build.0 = Release|Any CPU
		{F5D2D120-956E-4A34-9CE0-235AD74A4973}.Release|x86.Deploy.0 = Release|Any CPU
		{8C30C40C-6D1A-46AE-8279-2DC8806B7F86}.Ad-Hoc|Any CPU.ActiveCfg = Release|Any CPU
		{8C30C40C-6D1A-46AE-8279-2DC8806B7F86}.Ad-Hoc|Any CPU.Build.0 = Release|Any CPU
		{8C30C40C-6D1A-46AE-8279-2DC8806B7F86}.Ad-Hoc|Any CPU.Deploy.0 = Release|Any CPU
		{8C30C40C-6D1A-46AE-8279-2DC8806B7F86}.Ad-Hoc|ARM.ActiveCfg = Release|Any CPU
		{8C30C40C-6D1A-46AE-8279-2DC8806B7F86}.Ad-Hoc|ARM.Build.0 = Release|Any CPU
		{8C30C40C-6D1A-46AE-8279-2DC8806B7F86}.Ad-Hoc|ARM.Deploy.0 = Release|Any CPU
		{8C30C40C-6D1A-46AE-8279-2DC8806B7F86}.Ad-Hoc|iPhone.ActiveCfg = Release|Any CPU
		{8C30C40C-6D1A-46AE-8279-2DC8806B7F86}.Ad-Hoc|iPhone.Build.0 = Release|Any CPU
		{8C30C40C-6D1A-46AE-8279-2DC8806B7F86}.Ad-Hoc|iPhone.Deploy.0 = Release|Any CPU
		{8C30C40C-6D1A-46AE-8279-2DC8806B7F86}.Ad-Hoc|iPhoneSimulator.ActiveCfg = Release|Any CPU
		{8C30C40C-6D1A-46AE-8279-2DC8806B7F86}.Ad-Hoc|iPhoneSimulator.Build.0 = Release|Any CPU
		{8C30C40C-6D1A-46AE-8279-2DC8806B7F86}.Ad-Hoc|iPhoneSimulator.Deploy.0 = Release|Any CPU
		{8C30C40C-6D1A-46AE-8279-2DC8806B7F86}.Ad-Hoc|x64.ActiveCfg = Release|Any CPU
		{8C30C40C-6D1A-46AE-8279-2DC8806B7F86}.Ad-Hoc|x64.Build.0 = Release|Any CPU
		{8C30C40C-6D1A-46AE-8279-2DC8806B7F86}.Ad-Hoc|x64.Deploy.0 = Release|Any CPU
		{8C30C40C-6D1A-46AE-8279-2DC8806B7F86}.Ad-Hoc|x86.ActiveCfg = Release|Any CPU
		{8C30C40C-6D1A-46AE-8279-2DC8806B7F86}.Ad-Hoc|x86.Build.0 = Release|Any CPU
		{8C30C40C-6D1A-46AE-8279-2DC8806B7F86}.Ad-Hoc|x86.Deploy.0 = Release|Any CPU
		{8C30C40C-6D1A-46AE-8279-2DC8806B7F86}.AppStore|Any CPU.ActiveCfg = Release|Any CPU
		{8C30C40C-6D1A-46AE-8279-2DC8806B7F86}.AppStore|Any CPU.Build.0 = Release|Any CPU
		{8C30C40C-6D1A-46AE-8279-2DC8806B7F86}.AppStore|Any CPU.Deploy.0 = Release|Any CPU
		{8C30C40C-6D1A-46AE-8279-2DC8806B7F86}.AppStore|ARM.ActiveCfg = Release|Any CPU
		{8C30C40C-6D1A-46AE-8279-2DC8806B7F86}.AppStore|ARM.Build.0 = Release|Any CPU
		{8C30C40C-6D1A-46AE-8279-2DC8806B7F86}.AppStore|ARM.Deploy.0 = Release|Any CPU
		{8C30C40C-6D1A-46AE-8279-2DC8806B7F86}.AppStore|iPhone.ActiveCfg = Release|Any CPU
		{8C30C40C-6D1A-46AE-8279-2DC8806B7F86}.AppStore|iPhone.Build.0 = Release|Any CPU
		{8C30C40C-6D1A-46AE-8279-2DC8806B7F86}.AppStore|iPhone.Deploy.0 = Release|Any CPU
		{8C30C40C-6D1A-46AE-8279-2DC8806B7F86}.AppStore|iPhoneSimulator.ActiveCfg = Release|Any CPU
		{8C30C40C-6D1A-46AE-8279-2DC8806B7F86}.AppStore|iPhoneSimulator.Build.0 = Release|Any CPU
		{8C30C40C-6D1A-46AE-8279-2DC8806B7F86}.AppStore|iPhoneSimulator.Deploy.0 = Release|Any CPU
		{8C30C40C-6D1A-46AE-8279-2DC8806B7F86}.AppStore|x64.ActiveCfg = Release|Any CPU
		{8C30C40C-6D1A-46AE-8279-2DC8806B7F86}.AppStore|x64.Build.0 = Release|Any CPU
		{8C30C40C-6D1A-46AE-8279-2DC8806B7F86}.AppStore|x64.Deploy.0 = Release|Any CPU
		{8C30C40C-6D1A-46AE-8279-2DC8806B7F86}.AppStore|x86.ActiveCfg = Release|Any CPU
		{8C30C40C-6D1A-46AE-8279-2DC8806B7F86}.AppStore|x86.Build.0 = Release|Any CPU
		{8C30C40C-6D1A-46AE-8279-2DC8806B7F86}.AppStore|x86.Deploy.0 = Release|Any CPU
		{8C30C40C-6D1A-46AE-8279-2DC8806B7F86}.Debug|Any CPU.ActiveCfg = Debug|Any CPU
		{8C30C40C-6D1A-46AE-8279-2DC8806B7F86}.Debug|Any CPU.Build.0 = Debug|Any CPU
		{8C30C40C-6D1A-46AE-8279-2DC8806B7F86}.Debug|Any CPU.Deploy.0 = Debug|Any CPU
		{8C30C40C-6D1A-46AE-8279-2DC8806B7F86}.Debug|ARM.ActiveCfg = Debug|Any CPU
		{8C30C40C-6D1A-46AE-8279-2DC8806B7F86}.Debug|ARM.Build.0 = Debug|Any CPU
		{8C30C40C-6D1A-46AE-8279-2DC8806B7F86}.Debug|ARM.Deploy.0 = Debug|Any CPU
		{8C30C40C-6D1A-46AE-8279-2DC8806B7F86}.Debug|iPhone.ActiveCfg = Debug|Any CPU
		{8C30C40C-6D1A-46AE-8279-2DC8806B7F86}.Debug|iPhone.Build.0 = Debug|Any CPU
		{8C30C40C-6D1A-46AE-8279-2DC8806B7F86}.Debug|iPhone.Deploy.0 = Debug|Any CPU
		{8C30C40C-6D1A-46AE-8279-2DC8806B7F86}.Debug|iPhoneSimulator.ActiveCfg = Debug|Any CPU
		{8C30C40C-6D1A-46AE-8279-2DC8806B7F86}.Debug|iPhoneSimulator.Build.0 = Debug|Any CPU
		{8C30C40C-6D1A-46AE-8279-2DC8806B7F86}.Debug|iPhoneSimulator.Deploy.0 = Debug|Any CPU
		{8C30C40C-6D1A-46AE-8279-2DC8806B7F86}.Debug|x64.ActiveCfg = Debug|Any CPU
		{8C30C40C-6D1A-46AE-8279-2DC8806B7F86}.Debug|x64.Build.0 = Debug|Any CPU
		{8C30C40C-6D1A-46AE-8279-2DC8806B7F86}.Debug|x64.Deploy.0 = Debug|Any CPU
		{8C30C40C-6D1A-46AE-8279-2DC8806B7F86}.Debug|x86.ActiveCfg = Debug|Any CPU
		{8C30C40C-6D1A-46AE-8279-2DC8806B7F86}.Debug|x86.Build.0 = Debug|Any CPU
		{8C30C40C-6D1A-46AE-8279-2DC8806B7F86}.Debug|x86.Deploy.0 = Debug|Any CPU
		{8C30C40C-6D1A-46AE-8279-2DC8806B7F86}.Release|Any CPU.ActiveCfg = Release|Any CPU
		{8C30C40C-6D1A-46AE-8279-2DC8806B7F86}.Release|Any CPU.Build.0 = Release|Any CPU
		{8C30C40C-6D1A-46AE-8279-2DC8806B7F86}.Release|Any CPU.Deploy.0 = Release|Any CPU
		{8C30C40C-6D1A-46AE-8279-2DC8806B7F86}.Release|ARM.ActiveCfg = Release|Any CPU
		{8C30C40C-6D1A-46AE-8279-2DC8806B7F86}.Release|ARM.Build.0 = Release|Any CPU
		{8C30C40C-6D1A-46AE-8279-2DC8806B7F86}.Release|ARM.Deploy.0 = Release|Any CPU
		{8C30C40C-6D1A-46AE-8279-2DC8806B7F86}.Release|iPhone.ActiveCfg = Release|Any CPU
		{8C30C40C-6D1A-46AE-8279-2DC8806B7F86}.Release|iPhone.Build.0 = Release|Any CPU
		{8C30C40C-6D1A-46AE-8279-2DC8806B7F86}.Release|iPhone.Deploy.0 = Release|Any CPU
		{8C30C40C-6D1A-46AE-8279-2DC8806B7F86}.Release|iPhoneSimulator.ActiveCfg = Release|Any CPU
		{8C30C40C-6D1A-46AE-8279-2DC8806B7F86}.Release|iPhoneSimulator.Build.0 = Release|Any CPU
		{8C30C40C-6D1A-46AE-8279-2DC8806B7F86}.Release|iPhoneSimulator.Deploy.0 = Release|Any CPU
		{8C30C40C-6D1A-46AE-8279-2DC8806B7F86}.Release|x64.ActiveCfg = Release|Any CPU
		{8C30C40C-6D1A-46AE-8279-2DC8806B7F86}.Release|x64.Build.0 = Release|Any CPU
		{8C30C40C-6D1A-46AE-8279-2DC8806B7F86}.Release|x64.Deploy.0 = Release|Any CPU
		{8C30C40C-6D1A-46AE-8279-2DC8806B7F86}.Release|x86.ActiveCfg = Release|Any CPU
		{8C30C40C-6D1A-46AE-8279-2DC8806B7F86}.Release|x86.Build.0 = Release|Any CPU
		{8C30C40C-6D1A-46AE-8279-2DC8806B7F86}.Release|x86.Deploy.0 = Release|Any CPU
	EndGlobalSection
	GlobalSection(SolutionProperties) = preSolution
		HideSolutionNode = FALSE
	EndGlobalSection
	GlobalSection(ExtensibilityGlobals) = postSolution
		SolutionGuid = {7E1F6E3E-EB2A-43FC-BE40-973BA7B950A2}
	EndGlobalSection
EndGlobal
