
Microsoft Visual Studio Solution File, Format Version 12.00
# Visual Studio Version 16
VisualStudioVersion = 16.0.28721.148
MinimumVisualStudioVersion = 10.0.40219.1
Project("{FAE04EC0-301F-11D3-BF4B-00C04F79EFBC}") = "AreaLineWithPointer.Android", "AreaLineWithPointer\AreaLineWithPointer.Android\AreaLineWithPointer.Android.csproj", "{3D6F6F8B-F473-4EB6-99D0-973F2B7D6E1F}"
EndProject
Project("{FAE04EC0-301F-11D3-BF4B-00C04F79EFBC}") = "AreaLineWithPointer.iOS", "AreaLineWithPointer\AreaLineWithPointer.iOS\AreaLineWithPointer.iOS.csproj", "{81009EA9-0AE2-4252-B7C1-172C3E4A23FC}"
EndProject
Project("{FAE04EC0-301F-11D3-BF4B-00C04F79EFBC}") = "AreaLineWithPointer", "AreaLineWithPointer\AreaLineWithPointer\AreaLineWithPointer.csproj", "{3EB3BE39-7B42-4B0D-A74F-EC310B1E962D}"
EndProject
Global
	GlobalSection(SolutionConfigurationPlatforms) = preSolution
		Debug|Any CPU = Debug|Any CPU
		Debug|iPhone = Debug|iPhone
		Debug|iPhoneSimulator = Debug|iPhoneSimulator
		Release|Any CPU = Release|Any CPU
		Release|iPhone = Release|iPhone
		Release|iPhoneSimulator = Release|iPhoneSimulator
	EndGlobalSection
	GlobalSection(ProjectConfigurationPlatforms) = postSolution
		{3D6F6F8B-F473-4EB6-99D0-973F2B7D6E1F}.Debug|Any CPU.ActiveCfg = Debug|Any CPU
		{3D6F6F8B-F473-4EB6-99D0-973F2B7D6E1F}.Debug|Any CPU.Build.0 = Debug|Any CPU
		{3D6F6F8B-F473-4EB6-99D0-973F2B7D6E1F}.Debug|Any CPU.Deploy.0 = Debug|Any CPU
		{3D6F6F8B-F473-4EB6-99D0-973F2B7D6E1F}.Debug|iPhone.ActiveCfg = Debug|Any CPU
		{3D6F6F8B-F473-4EB6-99D0-973F2B7D6E1F}.Debug|iPhone.Build.0 = Debug|Any CPU
		{3D6F6F8B-F473-4EB6-99D0-973F2B7D6E1F}.Debug|iPhone.Deploy.0 = Debug|Any CPU
		{3D6F6F8B-F473-4EB6-99D0-973F2B7D6E1F}.Debug|iPhoneSimulator.ActiveCfg = Debug|Any CPU
		{3D6F6F8B-F473-4EB6-99D0-973F2B7D6E1F}.Debug|iPhoneSimulator.Build.0 = Debug|Any CPU
		{3D6F6F8B-F473-4EB6-99D0-973F2B7D6E1F}.Debug|iPhoneSimulator.Deploy.0 = Debug|Any CPU
		{3D6F6F8B-F473-4EB6-99D0-973F2B7D6E1F}.Release|Any CPU.ActiveCfg = Release|Any CPU
		{3D6F6F8B-F473-4EB6-99D0-973F2B7D6E1F}.Release|Any CPU.Build.0 = Release|Any CPU
		{3D6F6F8B-F473-4EB6-99D0-973F2B7D6E1F}.Release|Any CPU.Deploy.0 = Release|Any CPU
		{3D6F6F8B-F473-4EB6-99D0-973F2B7D6E1F}.Release|iPhone.ActiveCfg = Release|Any CPU
		{3D6F6F8B-F473-4EB6-99D0-973F2B7D6E1F}.Release|iPhone.Build.0 = Release|Any CPU
		{3D6F6F8B-F473-4EB6-99D0-973F2B7D6E1F}.Release|iPhone.Deploy.0 = Release|Any CPU
		{3D6F6F8B-F473-4EB6-99D0-973F2B7D6E1F}.Release|iPhoneSimulator.ActiveCfg = Release|Any CPU
		{3D6F6F8B-F473-4EB6-99D0-973F2B7D6E1F}.Release|iPhoneSimulator.Build.0 = Release|Any CPU
		{3D6F6F8B-F473-4EB6-99D0-973F2B7D6E1F}.Release|iPhoneSimulator.Deploy.0 = Release|Any CPU
		{81009EA9-0AE2-4252-B7C1-172C3E4A23FC}.Debug|Any CPU.ActiveCfg = Debug|iPhoneSimulator
		{81009EA9-0AE2-4252-B7C1-172C3E4A23FC}.Debug|Any CPU.Build.0 = Debug|iPhoneSimulator
		{81009EA9-0AE2-4252-B7C1-172C3E4A23FC}.Debug|Any CPU.Deploy.0 = Debug|iPhoneSimulator
		{81009EA9-0AE2-4252-B7C1-172C3E4A23FC}.Debug|iPhone.ActiveCfg = Debug|iPhone
		{81009EA9-0AE2-4252-B7C1-172C3E4A23FC}.Debug|iPhone.Build.0 = Debug|iPhone
		{81009EA9-0AE2-4252-B7C1-172C3E4A23FC}.Debug|iPhone.Deploy.0 = Debug|iPhone
		{81009EA9-0AE2-4252-B7C1-172C3E4A23FC}.Debug|iPhoneSimulator.ActiveCfg = Debug|iPhoneSimulator
		{81009EA9-0AE2-4252-B7C1-172C3E4A23FC}.Debug|iPhoneSimulator.Build.0 = Debug|iPhoneSimulator
		{81009EA9-0AE2-4252-B7C1-172C3E4A23FC}.Debug|iPhoneSimulator.Deploy.0 = Debug|iPhoneSimulator
		{81009EA9-0AE2-4252-B7C1-172C3E4A23FC}.Release|Any CPU.ActiveCfg = Release|iPhone
		{81009EA9-0AE2-4252-B7C1-172C3E4A23FC}.Release|Any CPU.Build.0 = Release|iPhone
		{81009EA9-0AE2-4252-B7C1-172C3E4A23FC}.Release|Any CPU.Deploy.0 = Release|iPhone
		{81009EA9-0AE2-4252-B7C1-172C3E4A23FC}.Release|iPhone.ActiveCfg = Release|iPhone
		{81009EA9-0AE2-4252-B7C1-172C3E4A23FC}.Release|iPhone.Build.0 = Release|iPhone
		{81009EA9-0AE2-4252-B7C1-172C3E4A23FC}.Release|iPhone.Deploy.0 = Release|iPhone
		{81009EA9-0AE2-4252-B7C1-172C3E4A23FC}.Release|iPhoneSimulator.ActiveCfg = Release|iPhoneSimulator
		{81009EA9-0AE2-4252-B7C1-172C3E4A23FC}.Release|iPhoneSimulator.Build.0 = Release|iPhoneSimulator
		{81009EA9-0AE2-4252-B7C1-172C3E4A23FC}.Release|iPhoneSimulator.Deploy.0 = Release|iPhoneSimulator
		{3EB3BE39-7B42-4B0D-A74F-EC310B1E962D}.Debug|Any CPU.ActiveCfg = Debug|Any CPU
		{3EB3BE39-7B42-4B0D-A74F-EC310B1E962D}.Debug|Any CPU.Build.0 = Debug|Any CPU
		{3EB3BE39-7B42-4B0D-A74F-EC310B1E962D}.Debug|Any CPU.Deploy.0 = Debug|Any CPU
		{3EB3BE39-7B42-4B0D-A74F-EC310B1E962D}.Debug|iPhone.ActiveCfg = Debug|Any CPU
		{3EB3BE39-7B42-4B0D-A74F-EC310B1E962D}.Debug|iPhone.Build.0 = Debug|Any CPU
		{3EB3BE39-7B42-4B0D-A74F-EC310B1E962D}.Debug|iPhone.Deploy.0 = Debug|Any CPU
		{3EB3BE39-7B42-4B0D-A74F-EC310B1E962D}.Debug|iPhoneSimulator.ActiveCfg = Debug|Any CPU
		{3EB3BE39-7B42-4B0D-A74F-EC310B1E962D}.Debug|iPhoneSimulator.Build.0 = Debug|Any CPU
		{3EB3BE39-7B42-4B0D-A74F-EC310B1E962D}.Debug|iPhoneSimulator.Deploy.0 = Debug|Any CPU
		{3EB3BE39-7B42-4B0D-A74F-EC310B1E962D}.Release|Any CPU.ActiveCfg = Release|Any CPU
		{3EB3BE39-7B42-4B0D-A74F-EC310B1E962D}.Release|Any CPU.Build.0 = Release|Any CPU
		{3EB3BE39-7B42-4B0D-A74F-EC310B1E962D}.Release|Any CPU.Deploy.0 = Release|Any CPU
		{3EB3BE39-7B42-4B0D-A74F-EC310B1E962D}.Release|iPhone.ActiveCfg = Release|Any CPU
		{3EB3BE39-7B42-4B0D-A74F-EC310B1E962D}.Release|iPhone.Build.0 = Release|Any CPU
		{3EB3BE39-7B42-4B0D-A74F-EC310B1E962D}.Release|iPhone.Deploy.0 = Release|Any CPU
		{3EB3BE39-7B42-4B0D-A74F-EC310B1E962D}.Release|iPhoneSimulator.ActiveCfg = Release|Any CPU
		{3EB3BE39-7B42-4B0D-A74F-EC310B1E962D}.Release|iPhoneSimulator.Build.0 = Release|Any CPU
		{3EB3BE39-7B42-4B0D-A74F-EC310B1E962D}.Release|iPhoneSimulator.Deploy.0 = Release|Any CPU
	EndGlobalSection
	GlobalSection(SolutionProperties) = preSolution
		HideSolutionNode = FALSE
	EndGlobalSection
	GlobalSection(ExtensibilityGlobals) = postSolution
		SolutionGuid = {220469BC-63A9-4C5A-AFE6-7B44DB0BA28C}
	EndGlobalSection
EndGlobal
