
Microsoft Visual Studio Solution File, Format Version 12.00
# Visual Studio 15
VisualStudioVersion = 15.0.27130.2027
MinimumVisualStudioVersion = 10.0.40219.1
Project("{FAE04EC0-301F-11D3-BF4B-00C04F79EFBC}") = "RotateTool", "RotateTool.csproj", "{352FF71F-D347-4483-86B7-477559AD33C8}"
EndProject
Project("{FAE04EC0-301F-11D3-BF4B-00C04F79EFBC}") = "RotateTool.Android", "..\RotateTool.Android\RotateTool.Android.csproj", "{1544CCF4-1001-4E60-B5B5-22541CEC3D54}"
EndProject
Project("{FAE04EC0-301F-11D3-BF4B-00C04F79EFBC}") = "RotateTool.iOS", "..\RotateTool.iOS\RotateTool.iOS.csproj", "{380BB222-CB6D-411B-B43A-190004C93422}"
EndProject
Global
	GlobalSection(SolutionConfigurationPlatforms) = preSolution
		Ad-Hoc|Any CPU = Ad-Hoc|Any CPU
		Ad-Hoc|iPhone = Ad-Hoc|iPhone
		Ad-Hoc|iPhoneSimulator = Ad-Hoc|iPhoneSimulator
		AppStore|Any CPU = AppStore|Any CPU
		AppStore|iPhone = AppStore|iPhone
		AppStore|iPhoneSimulator = AppStore|iPhoneSimulator
		Debug|Any CPU = Debug|Any CPU
		Debug|iPhone = Debug|iPhone
		Debug|iPhoneSimulator = Debug|iPhoneSimulator
		Release|Any CPU = Release|Any CPU
		Release|iPhone = Release|iPhone
		Release|iPhoneSimulator = Release|iPhoneSimulator
	EndGlobalSection
	GlobalSection(ProjectConfigurationPlatforms) = postSolution
		{352FF71F-D347-4483-86B7-477559AD33C8}.Ad-Hoc|Any CPU.ActiveCfg = Release|Any CPU
		{352FF71F-D347-4483-86B7-477559AD33C8}.Ad-Hoc|Any CPU.Build.0 = Release|Any CPU
		{352FF71F-D347-4483-86B7-477559AD33C8}.Ad-Hoc|iPhone.ActiveCfg = Release|Any CPU
		{352FF71F-D347-4483-86B7-477559AD33C8}.Ad-Hoc|iPhone.Build.0 = Release|Any CPU
		{352FF71F-D347-4483-86B7-477559AD33C8}.Ad-Hoc|iPhoneSimulator.ActiveCfg = Release|Any CPU
		{352FF71F-D347-4483-86B7-477559AD33C8}.Ad-Hoc|iPhoneSimulator.Build.0 = Release|Any CPU
		{352FF71F-D347-4483-86B7-477559AD33C8}.AppStore|Any CPU.ActiveCfg = Release|Any CPU
		{352FF71F-D347-4483-86B7-477559AD33C8}.AppStore|Any CPU.Build.0 = Release|Any CPU
		{352FF71F-D347-4483-86B7-477559AD33C8}.AppStore|iPhone.ActiveCfg = Release|Any CPU
		{352FF71F-D347-4483-86B7-477559AD33C8}.AppStore|iPhone.Build.0 = Release|Any CPU
		{352FF71F-D347-4483-86B7-477559AD33C8}.AppStore|iPhoneSimulator.ActiveCfg = Release|Any CPU
		{352FF71F-D347-4483-86B7-477559AD33C8}.AppStore|iPhoneSimulator.Build.0 = Release|Any CPU
		{352FF71F-D347-4483-86B7-477559AD33C8}.Debug|Any CPU.ActiveCfg = Debug|Any CPU
		{352FF71F-D347-4483-86B7-477559AD33C8}.Debug|Any CPU.Build.0 = Debug|Any CPU
		{352FF71F-D347-4483-86B7-477559AD33C8}.Debug|iPhone.ActiveCfg = Debug|Any CPU
		{352FF71F-D347-4483-86B7-477559AD33C8}.Debug|iPhone.Build.0 = Debug|Any CPU
		{352FF71F-D347-4483-86B7-477559AD33C8}.Debug|iPhoneSimulator.ActiveCfg = Debug|Any CPU
		{352FF71F-D347-4483-86B7-477559AD33C8}.Debug|iPhoneSimulator.Build.0 = Debug|Any CPU
		{352FF71F-D347-4483-86B7-477559AD33C8}.Release|Any CPU.ActiveCfg = Release|Any CPU
		{352FF71F-D347-4483-86B7-477559AD33C8}.Release|Any CPU.Build.0 = Release|Any CPU
		{352FF71F-D347-4483-86B7-477559AD33C8}.Release|iPhone.ActiveCfg = Release|Any CPU
		{352FF71F-D347-4483-86B7-477559AD33C8}.Release|iPhone.Build.0 = Release|Any CPU
		{352FF71F-D347-4483-86B7-477559AD33C8}.Release|iPhoneSimulator.ActiveCfg = Release|Any CPU
		{352FF71F-D347-4483-86B7-477559AD33C8}.Release|iPhoneSimulator.Build.0 = Release|Any CPU
		{1544CCF4-1001-4E60-B5B5-22541CEC3D54}.Ad-Hoc|Any CPU.ActiveCfg = Release|Any CPU
		{1544CCF4-1001-4E60-B5B5-22541CEC3D54}.Ad-Hoc|Any CPU.Build.0 = Release|Any CPU
		{1544CCF4-1001-4E60-B5B5-22541CEC3D54}.Ad-Hoc|Any CPU.Deploy.0 = Release|Any CPU
		{1544CCF4-1001-4E60-B5B5-22541CEC3D54}.Ad-Hoc|iPhone.ActiveCfg = Release|Any CPU
		{1544CCF4-1001-4E60-B5B5-22541CEC3D54}.Ad-Hoc|iPhone.Build.0 = Release|Any CPU
		{1544CCF4-1001-4E60-B5B5-22541CEC3D54}.Ad-Hoc|iPhone.Deploy.0 = Release|Any CPU
		{1544CCF4-1001-4E60-B5B5-22541CEC3D54}.Ad-Hoc|iPhoneSimulator.ActiveCfg = Release|Any CPU
		{1544CCF4-1001-4E60-B5B5-22541CEC3D54}.Ad-Hoc|iPhoneSimulator.Build.0 = Release|Any CPU
		{1544CCF4-1001-4E60-B5B5-22541CEC3D54}.Ad-Hoc|iPhoneSimulator.Deploy.0 = Release|Any CPU
		{1544CCF4-1001-4E60-B5B5-22541CEC3D54}.AppStore|Any CPU.ActiveCfg = Release|Any CPU
		{1544CCF4-1001-4E60-B5B5-22541CEC3D54}.AppStore|Any CPU.Build.0 = Release|Any CPU
		{1544CCF4-1001-4E60-B5B5-22541CEC3D54}.AppStore|Any CPU.Deploy.0 = Release|Any CPU
		{1544CCF4-1001-4E60-B5B5-22541CEC3D54}.AppStore|iPhone.ActiveCfg = Release|Any CPU
		{1544CCF4-1001-4E60-B5B5-22541CEC3D54}.AppStore|iPhone.Build.0 = Release|Any CPU
		{1544CCF4-1001-4E60-B5B5-22541CEC3D54}.AppStore|iPhone.Deploy.0 = Release|Any CPU
		{1544CCF4-1001-4E60-B5B5-22541CEC3D54}.AppStore|iPhoneSimulator.ActiveCfg = Release|Any CPU
		{1544CCF4-1001-4E60-B5B5-22541CEC3D54}.AppStore|iPhoneSimulator.Build.0 = Release|Any CPU
		{1544CCF4-1001-4E60-B5B5-22541CEC3D54}.AppStore|iPhoneSimulator.Deploy.0 = Release|Any CPU
		{1544CCF4-1001-4E60-B5B5-22541CEC3D54}.Debug|Any CPU.ActiveCfg = Debug|Any CPU
		{1544CCF4-1001-4E60-B5B5-22541CEC3D54}.Debug|Any CPU.Build.0 = Debug|Any CPU
		{1544CCF4-1001-4E60-B5B5-22541CEC3D54}.Debug|Any CPU.Deploy.0 = Debug|Any CPU
		{1544CCF4-1001-4E60-B5B5-22541CEC3D54}.Debug|iPhone.ActiveCfg = Debug|Any CPU
		{1544CCF4-1001-4E60-B5B5-22541CEC3D54}.Debug|iPhone.Build.0 = Debug|Any CPU
		{1544CCF4-1001-4E60-B5B5-22541CEC3D54}.Debug|iPhone.Deploy.0 = Debug|Any CPU
		{1544CCF4-1001-4E60-B5B5-22541CEC3D54}.Debug|iPhoneSimulator.ActiveCfg = Debug|Any CPU
		{1544CCF4-1001-4E60-B5B5-22541CEC3D54}.Debug|iPhoneSimulator.Build.0 = Debug|Any CPU
		{1544CCF4-1001-4E60-B5B5-22541CEC3D54}.Debug|iPhoneSimulator.Deploy.0 = Debug|Any CPU
		{1544CCF4-1001-4E60-B5B5-22541CEC3D54}.Release|Any CPU.ActiveCfg = Release|Any CPU
		{1544CCF4-1001-4E60-B5B5-22541CEC3D54}.Release|Any CPU.Build.0 = Release|Any CPU
		{1544CCF4-1001-4E60-B5B5-22541CEC3D54}.Release|Any CPU.Deploy.0 = Release|Any CPU
		{1544CCF4-1001-4E60-B5B5-22541CEC3D54}.Release|iPhone.ActiveCfg = Release|Any CPU
		{1544CCF4-1001-4E60-B5B5-22541CEC3D54}.Release|iPhone.Build.0 = Release|Any CPU
		{1544CCF4-1001-4E60-B5B5-22541CEC3D54}.Release|iPhone.Deploy.0 = Release|Any CPU
		{1544CCF4-1001-4E60-B5B5-22541CEC3D54}.Release|iPhoneSimulator.ActiveCfg = Release|Any CPU
		{1544CCF4-1001-4E60-B5B5-22541CEC3D54}.Release|iPhoneSimulator.Build.0 = Release|Any CPU
		{1544CCF4-1001-4E60-B5B5-22541CEC3D54}.Release|iPhoneSimulator.Deploy.0 = Release|Any CPU
		{380BB222-CB6D-411B-B43A-190004C93422}.Ad-Hoc|Any CPU.ActiveCfg = Ad-Hoc|iPhone
		{380BB222-CB6D-411B-B43A-190004C93422}.Ad-Hoc|iPhone.ActiveCfg = Ad-Hoc|iPhone
		{380BB222-CB6D-411B-B43A-190004C93422}.Ad-Hoc|iPhone.Build.0 = Ad-Hoc|iPhone
		{380BB222-CB6D-411B-B43A-190004C93422}.Ad-Hoc|iPhoneSimulator.ActiveCfg = Ad-Hoc|iPhoneSimulator
		{380BB222-CB6D-411B-B43A-190004C93422}.Ad-Hoc|iPhoneSimulator.Build.0 = Ad-Hoc|iPhoneSimulator
		{380BB222-CB6D-411B-B43A-190004C93422}.AppStore|Any CPU.ActiveCfg = AppStore|iPhone
		{380BB222-CB6D-411B-B43A-190004C93422}.AppStore|iPhone.ActiveCfg = AppStore|iPhone
		{380BB222-CB6D-411B-B43A-190004C93422}.AppStore|iPhone.Build.0 = AppStore|iPhone
		{380BB222-CB6D-411B-B43A-190004C93422}.AppStore|iPhoneSimulator.ActiveCfg = AppStore|iPhoneSimulator
		{380BB222-CB6D-411B-B43A-190004C93422}.AppStore|iPhoneSimulator.Build.0 = AppStore|iPhoneSimulator
		{380BB222-CB6D-411B-B43A-190004C93422}.Debug|Any CPU.ActiveCfg = Debug|iPhone
		{380BB222-CB6D-411B-B43A-190004C93422}.Debug|iPhone.ActiveCfg = Debug|iPhone
		{380BB222-CB6D-411B-B43A-190004C93422}.Debug|iPhone.Build.0 = Debug|iPhone
		{380BB222-CB6D-411B-B43A-190004C93422}.Debug|iPhoneSimulator.ActiveCfg = Debug|iPhoneSimulator
		{380BB222-CB6D-411B-B43A-190004C93422}.Debug|iPhoneSimulator.Build.0 = Debug|iPhoneSimulator
		{380BB222-CB6D-411B-B43A-190004C93422}.Release|Any CPU.ActiveCfg = Release|iPhone
		{380BB222-CB6D-411B-B43A-190004C93422}.Release|iPhone.ActiveCfg = Release|iPhone
		{380BB222-CB6D-411B-B43A-190004C93422}.Release|iPhone.Build.0 = Release|iPhone
		{380BB222-CB6D-411B-B43A-190004C93422}.Release|iPhoneSimulator.ActiveCfg = Release|iPhoneSimulator
		{380BB222-CB6D-411B-B43A-190004C93422}.Release|iPhoneSimulator.Build.0 = Release|iPhoneSimulator
	EndGlobalSection
	GlobalSection(SolutionProperties) = preSolution
		HideSolutionNode = FALSE
	EndGlobalSection
	GlobalSection(ExtensibilityGlobals) = postSolution
		SolutionGuid = {19D6E741-0C00-4E32-8032-5C8357FBEAB1}
	EndGlobalSection
EndGlobal
