
Microsoft Visual Studio Solution File, Format Version 12.00
# Visual Studio 2013
VisualStudioVersion = 12.0.21005.1
MinimumVisualStudioVersion = 10.0.40219.1
Project("{FAE04EC0-301F-11D3-BF4B-00C04F79EFBC}") = "TeeChartDemo.PCL.iOS", "TeeChartDemo.PCL.iOS.csproj", "{8083A6CD-A66E-47C8-B031-0372B368593F}"
EndProject
Global
	GlobalSection(SolutionConfigurationPlatforms) = preSolution
		Ad-Hoc|iPhone = Ad-Hoc|iPhone
		Ad-Hoc|iPhoneSimulator = Ad-Hoc|iPhoneSimulator
		AppStore|iPhone = AppStore|iPhone
		AppStore|iPhoneSimulator = AppStore|iPhoneSimulator
		Debug|iPhone = Debug|iPhone
		Debug|iPhoneSimulator = Debug|iPhoneSimulator
		Release|iPhone = Release|iPhone
		Release|iPhoneSimulator = Release|iPhoneSimulator
	EndGlobalSection
	GlobalSection(ProjectConfigurationPlatforms) = postSolution
		{8083A6CD-A66E-47C8-B031-0372B368593F}.Ad-Hoc|iPhone.ActiveCfg = Ad-Hoc|iPhone
		{8083A6CD-A66E-47C8-B031-0372B368593F}.Ad-Hoc|iPhone.Build.0 = Ad-Hoc|iPhone
		{8083A6CD-A66E-47C8-B031-0372B368593F}.Ad-Hoc|iPhone.Deploy.0 = Ad-Hoc|iPhone
		{8083A6CD-A66E-47C8-B031-0372B368593F}.Ad-Hoc|iPhoneSimulator.ActiveCfg = Ad-Hoc|iPhoneSimulator
		{8083A6CD-A66E-47C8-B031-0372B368593F}.Ad-Hoc|iPhoneSimulator.Build.0 = Ad-Hoc|iPhoneSimulator
		{8083A6CD-A66E-47C8-B031-0372B368593F}.Ad-Hoc|iPhoneSimulator.Deploy.0 = Ad-Hoc|iPhoneSimulator
		{8083A6CD-A66E-47C8-B031-0372B368593F}.AppStore|iPhone.ActiveCfg = AppStore|iPhone
		{8083A6CD-A66E-47C8-B031-0372B368593F}.AppStore|iPhone.Build.0 = AppStore|iPhone
		{8083A6CD-A66E-47C8-B031-0372B368593F}.AppStore|iPhone.Deploy.0 = AppStore|iPhone
		{8083A6CD-A66E-47C8-B031-0372B368593F}.AppStore|iPhoneSimulator.ActiveCfg = AppStore|iPhoneSimulator
		{8083A6CD-A66E-47C8-B031-0372B368593F}.AppStore|iPhoneSimulator.Build.0 = AppStore|iPhoneSimulator
		{8083A6CD-A66E-47C8-B031-0372B368593F}.AppStore|iPhoneSimulator.Deploy.0 = AppStore|iPhoneSimulator
		{8083A6CD-A66E-47C8-B031-0372B368593F}.Debug|iPhone.ActiveCfg = Debug|iPhone
		{8083A6CD-A66E-47C8-B031-0372B368593F}.Debug|iPhone.Build.0 = Debug|iPhone
		{8083A6CD-A66E-47C8-B031-0372B368593F}.Debug|iPhone.Deploy.0 = Debug|iPhone
		{8083A6CD-A66E-47C8-B031-0372B368593F}.Debug|iPhoneSimulator.ActiveCfg = Debug|iPhoneSimulator
		{8083A6CD-A66E-47C8-B031-0372B368593F}.Debug|iPhoneSimulator.Build.0 = Debug|iPhoneSimulator
		{8083A6CD-A66E-47C8-B031-0372B368593F}.Debug|iPhoneSimulator.Deploy.0 = Debug|iPhoneSimulator
		{8083A6CD-A66E-47C8-B031-0372B368593F}.Release|iPhone.ActiveCfg = Release|iPhone
		{8083A6CD-A66E-47C8-B031-0372B368593F}.Release|iPhone.Build.0 = Release|iPhone
		{8083A6CD-A66E-47C8-B031-0372B368593F}.Release|iPhone.Deploy.0 = Release|iPhone
		{8083A6CD-A66E-47C8-B031-0372B368593F}.Release|iPhoneSimulator.ActiveCfg = Release|iPhoneSimulator
		{8083A6CD-A66E-47C8-B031-0372B368593F}.Release|iPhoneSimulator.Build.0 = Release|iPhoneSimulator
		{8083A6CD-A66E-47C8-B031-0372B368593F}.Release|iPhoneSimulator.Deploy.0 = Release|iPhoneSimulator
	EndGlobalSection
	GlobalSection(SolutionProperties) = preSolution
		HideSolutionNode = FALSE
	EndGlobalSection
EndGlobal
