
Microsoft Visual Studio Solution File, Format Version 12.00
# Visual Studio 2013
VisualStudioVersion = 12.0.31101.0
MinimumVisualStudioVersion = 10.0.40219.1
Project("{FAE04EC0-301F-11D3-BF4B-00C04F79EFBC}") = "TeeChartDemo.PCL", "TeeChartDemo.PCL\TeeChartDemo.PCL\TeeChartDemo.PCL.csproj", "{63599FBB-A98A-4CD7-A49F-A0B430F156AF}"
EndProject
Project("{FAE04EC0-301F-11D3-BF4B-00C04F79EFBC}") = "TeeChartDemo.PCL.WinPhone", "TeeChartDemo.PCL\TeeChartDemo.PCL.WinPhone\TeeChartDemo.PCL.WinPhone.csproj", "{EFCCBB22-D4C4-400E-BC74-902AEC94EC3D}"
EndProject
Project("{FAE04EC0-301F-11D3-BF4B-00C04F79EFBC}") = "TeeChart.PCL", "..\..\Sources\TeeChart.Xamarin.Forms\TeeChart.PCL\TeeChart.PCL.csproj", "{9CE121FC-EDCB-44AE-92E0-4587DC2C8697}"
EndProject
Project("{FAE04EC0-301F-11D3-BF4B-00C04F79EFBC}") = "TeeChart.PCL.WP8", "..\..\Sources\TeeChart.Xamarin.Forms\TeeChart.PCL.WP8\TeeChart.PCL.WP8.csproj", "{E7F99720-54BB-4F17-A03D-C807E3B32B49}"
EndProject
Project("{FAE04EC0-301F-11D3-BF4B-00C04F79EFBC}") = "TeeChartDemo.PCL.Android", "TeeChartDemo.PCL\TeeChartDemo.PCL.Android\TeeChartDemo.PCL.Android.csproj", "{C1A0E53F-25ED-41D1-A0E3-1E3FCD84FE92}"
EndProject
Project("{FAE04EC0-301F-11D3-BF4B-00C04F79EFBC}") = "TeeChart.PCL.Android", "..\..\Sources\TeeChart.Xamarin.Forms\TeeChart.PCL.Android\TeeChart.PCL.Android.csproj", "{192CC99A-4357-40F6-9349-1E1F26223787}"
EndProject
Project("{FAE04EC0-301F-11D3-BF4B-00C04F79EFBC}") = "TeeChart.PCL.iOS", "..\..\Sources\TeeChart.Xamarin.Forms\TeeChart.PCL.iOS\TeeChart.PCL.iOS.csproj", "{701A58FB-EF7C-40DD-A9D4-3C5DB2A94C98}"
EndProject
Project("{FAE04EC0-301F-11D3-BF4B-00C04F79EFBC}") = "TeeChartDemo.PCL.iOS", "TeeChartDemo.PCL\TeeChartDemo.PCL.iOS\TeeChartDemo.PCL.iOS.csproj", "{F3DAB20E-4FC9-4D83-B562-CB0E86DC5A6C}"
EndProject
Project("{FAE04EC0-301F-11D3-BF4B-00C04F79EFBC}") = "TeeChartDemo.PCL.iOS.Unified", "TeeChartDemo.PCL\TeeChartDemo.PCL.iOS.Unified\TeeChartDemo.PCL.iOS.Unified.csproj", "{CA1E6BC1-C9D9-4D47-AEB2-0C8B661F5D5C}"
EndProject
Project("{FAE04EC0-301F-11D3-BF4B-00C04F79EFBC}") = "TeeChart.PCL.iOS.Unified", "..\..\Sources\TeeChart.Xamarin.Forms\TeeChart.PCL.iOS.Unified\TeeChart.PCL.iOS.Unified.csproj", "{AEAF2DFF-7866-44D9-91A3-0B2B303BAC22}"
EndProject
Global
	GlobalSection(SolutionConfigurationPlatforms) = preSolution
		Ad-Hoc|Any CPU = Ad-Hoc|Any CPU
		Ad-Hoc|ARM = Ad-Hoc|ARM
		Ad-Hoc|iPhone = Ad-Hoc|iPhone
		Ad-Hoc|iPhoneSimulator = Ad-Hoc|iPhoneSimulator
		Ad-Hoc|Mixed Platforms = Ad-Hoc|Mixed Platforms
		Ad-Hoc|x86 = Ad-Hoc|x86
		AppStore|Any CPU = AppStore|Any CPU
		AppStore|ARM = AppStore|ARM
		AppStore|iPhone = AppStore|iPhone
		AppStore|iPhoneSimulator = AppStore|iPhoneSimulator
		AppStore|Mixed Platforms = AppStore|Mixed Platforms
		AppStore|x86 = AppStore|x86
		Debug|Any CPU = Debug|Any CPU
		Debug|ARM = Debug|ARM
		Debug|iPhone = Debug|iPhone
		Debug|iPhoneSimulator = Debug|iPhoneSimulator
		Debug|Mixed Platforms = Debug|Mixed Platforms
		Debug|x86 = Debug|x86
		Release|Any CPU = Release|Any CPU
		Release|ARM = Release|ARM
		Release|iPhone = Release|iPhone
		Release|iPhoneSimulator = Release|iPhoneSimulator
		Release|Mixed Platforms = Release|Mixed Platforms
		Release|x86 = Release|x86
	EndGlobalSection
	GlobalSection(ProjectConfigurationPlatforms) = postSolution
		{63599FBB-A98A-4CD7-A49F-A0B430F156AF}.Ad-Hoc|Any CPU.ActiveCfg = Release|Any CPU
		{63599FBB-A98A-4CD7-A49F-A0B430F156AF}.Ad-Hoc|Any CPU.Build.0 = Release|Any CPU
		{63599FBB-A98A-4CD7-A49F-A0B430F156AF}.Ad-Hoc|ARM.ActiveCfg = Release|Any CPU
		{63599FBB-A98A-4CD7-A49F-A0B430F156AF}.Ad-Hoc|iPhone.ActiveCfg = Release|Any CPU
		{63599FBB-A98A-4CD7-A49F-A0B430F156AF}.Ad-Hoc|iPhoneSimulator.ActiveCfg = Release|Any CPU
		{63599FBB-A98A-4CD7-A49F-A0B430F156AF}.Ad-Hoc|Mixed Platforms.ActiveCfg = Release|Any CPU
		{63599FBB-A98A-4CD7-A49F-A0B430F156AF}.Ad-Hoc|Mixed Platforms.Build.0 = Release|Any CPU
		{63599FBB-A98A-4CD7-A49F-A0B430F156AF}.Ad-Hoc|x86.ActiveCfg = Release|Any CPU
		{63599FBB-A98A-4CD7-A49F-A0B430F156AF}.AppStore|Any CPU.ActiveCfg = Release|Any CPU
		{63599FBB-A98A-4CD7-A49F-A0B430F156AF}.AppStore|Any CPU.Build.0 = Release|Any CPU
		{63599FBB-A98A-4CD7-A49F-A0B430F156AF}.AppStore|ARM.ActiveCfg = Release|Any CPU
		{63599FBB-A98A-4CD7-A49F-A0B430F156AF}.AppStore|iPhone.ActiveCfg = Release|Any CPU
		{63599FBB-A98A-4CD7-A49F-A0B430F156AF}.AppStore|iPhoneSimulator.ActiveCfg = Release|Any CPU
		{63599FBB-A98A-4CD7-A49F-A0B430F156AF}.AppStore|Mixed Platforms.ActiveCfg = Release|Any CPU
		{63599FBB-A98A-4CD7-A49F-A0B430F156AF}.AppStore|Mixed Platforms.Build.0 = Release|Any CPU
		{63599FBB-A98A-4CD7-A49F-A0B430F156AF}.AppStore|x86.ActiveCfg = Release|Any CPU
		{63599FBB-A98A-4CD7-A49F-A0B430F156AF}.Debug|Any CPU.ActiveCfg = Debug|Any CPU
		{63599FBB-A98A-4CD7-A49F-A0B430F156AF}.Debug|Any CPU.Build.0 = Debug|Any CPU
		{63599FBB-A98A-4CD7-A49F-A0B430F156AF}.Debug|ARM.ActiveCfg = Debug|Any CPU
		{63599FBB-A98A-4CD7-A49F-A0B430F156AF}.Debug|iPhone.ActiveCfg = Debug|Any CPU
		{63599FBB-A98A-4CD7-A49F-A0B430F156AF}.Debug|iPhoneSimulator.ActiveCfg = Debug|Any CPU
		{63599FBB-A98A-4CD7-A49F-A0B430F156AF}.Debug|Mixed Platforms.ActiveCfg = Debug|Any CPU
		{63599FBB-A98A-4CD7-A49F-A0B430F156AF}.Debug|Mixed Platforms.Build.0 = Debug|Any CPU
		{63599FBB-A98A-4CD7-A49F-A0B430F156AF}.Debug|x86.ActiveCfg = Debug|Any CPU
		{63599FBB-A98A-4CD7-A49F-A0B430F156AF}.Release|Any CPU.ActiveCfg = Release|Any CPU
		{63599FBB-A98A-4CD7-A49F-A0B430F156AF}.Release|Any CPU.Build.0 = Release|Any CPU
		{63599FBB-A98A-4CD7-A49F-A0B430F156AF}.Release|ARM.ActiveCfg = Release|Any CPU
		{63599FBB-A98A-4CD7-A49F-A0B430F156AF}.Release|iPhone.ActiveCfg = Release|Any CPU
		{63599FBB-A98A-4CD7-A49F-A0B430F156AF}.Release|iPhoneSimulator.ActiveCfg = Release|Any CPU
		{63599FBB-A98A-4CD7-A49F-A0B430F156AF}.Release|Mixed Platforms.ActiveCfg = Release|Any CPU
		{63599FBB-A98A-4CD7-A49F-A0B430F156AF}.Release|Mixed Platforms.Build.0 = Release|Any CPU
		{63599FBB-A98A-4CD7-A49F-A0B430F156AF}.Release|x86.ActiveCfg = Release|Any CPU
		{EFCCBB22-D4C4-400E-BC74-902AEC94EC3D}.Ad-Hoc|Any CPU.ActiveCfg = Release|Any CPU
		{EFCCBB22-D4C4-400E-BC74-902AEC94EC3D}.Ad-Hoc|Any CPU.Build.0 = Release|Any CPU
		{EFCCBB22-D4C4-400E-BC74-902AEC94EC3D}.Ad-Hoc|Any CPU.Deploy.0 = Release|Any CPU
		{EFCCBB22-D4C4-400E-BC74-902AEC94EC3D}.Ad-Hoc|ARM.ActiveCfg = Release|ARM
		{EFCCBB22-D4C4-400E-BC74-902AEC94EC3D}.Ad-Hoc|ARM.Build.0 = Release|ARM
		{EFCCBB22-D4C4-400E-BC74-902AEC94EC3D}.Ad-Hoc|ARM.Deploy.0 = Release|ARM
		{EFCCBB22-D4C4-400E-BC74-902AEC94EC3D}.Ad-Hoc|iPhone.ActiveCfg = Release|Any CPU
		{EFCCBB22-D4C4-400E-BC74-902AEC94EC3D}.Ad-Hoc|iPhoneSimulator.ActiveCfg = Release|Any CPU
		{EFCCBB22-D4C4-400E-BC74-902AEC94EC3D}.Ad-Hoc|Mixed Platforms.ActiveCfg = Release|x86
		{EFCCBB22-D4C4-400E-BC74-902AEC94EC3D}.Ad-Hoc|Mixed Platforms.Build.0 = Release|x86
		{EFCCBB22-D4C4-400E-BC74-902AEC94EC3D}.Ad-Hoc|Mixed Platforms.Deploy.0 = Release|x86
		{EFCCBB22-D4C4-400E-BC74-902AEC94EC3D}.Ad-Hoc|x86.ActiveCfg = Release|x86
		{EFCCBB22-D4C4-400E-BC74-902AEC94EC3D}.Ad-Hoc|x86.Build.0 = Release|x86
		{EFCCBB22-D4C4-400E-BC74-902AEC94EC3D}.Ad-Hoc|x86.Deploy.0 = Release|x86
		{EFCCBB22-D4C4-400E-BC74-902AEC94EC3D}.AppStore|Any CPU.ActiveCfg = Release|Any CPU
		{EFCCBB22-D4C4-400E-BC74-902AEC94EC3D}.AppStore|Any CPU.Build.0 = Release|Any CPU
		{EFCCBB22-D4C4-400E-BC74-902AEC94EC3D}.AppStore|Any CPU.Deploy.0 = Release|Any CPU
		{EFCCBB22-D4C4-400E-BC74-902AEC94EC3D}.AppStore|ARM.ActiveCfg = Release|ARM
		{EFCCBB22-D4C4-400E-BC74-902AEC94EC3D}.AppStore|ARM.Build.0 = Release|ARM
		{EFCCBB22-D4C4-400E-BC74-902AEC94EC3D}.AppStore|ARM.Deploy.0 = Release|ARM
		{EFCCBB22-D4C4-400E-BC74-902AEC94EC3D}.AppStore|iPhone.ActiveCfg = Release|Any CPU
		{EFCCBB22-D4C4-400E-BC74-902AEC94EC3D}.AppStore|iPhoneSimulator.ActiveCfg = Release|Any CPU
		{EFCCBB22-D4C4-400E-BC74-902AEC94EC3D}.AppStore|Mixed Platforms.ActiveCfg = Release|x86
		{EFCCBB22-D4C4-400E-BC74-902AEC94EC3D}.AppStore|Mixed Platforms.Build.0 = Release|x86
		{EFCCBB22-D4C4-400E-BC74-902AEC94EC3D}.AppStore|Mixed Platforms.Deploy.0 = Release|x86
		{EFCCBB22-D4C4-400E-BC74-902AEC94EC3D}.AppStore|x86.ActiveCfg = Release|x86
		{EFCCBB22-D4C4-400E-BC74-902AEC94EC3D}.AppStore|x86.Build.0 = Release|x86
		{EFCCBB22-D4C4-400E-BC74-902AEC94EC3D}.AppStore|x86.Deploy.0 = Release|x86
		{EFCCBB22-D4C4-400E-BC74-902AEC94EC3D}.Debug|Any CPU.ActiveCfg = Debug|Any CPU
		{EFCCBB22-D4C4-400E-BC74-902AEC94EC3D}.Debug|Any CPU.Build.0 = Debug|Any CPU
		{EFCCBB22-D4C4-400E-BC74-902AEC94EC3D}.Debug|Any CPU.Deploy.0 = Debug|Any CPU
		{EFCCBB22-D4C4-400E-BC74-902AEC94EC3D}.Debug|ARM.ActiveCfg = Debug|ARM
		{EFCCBB22-D4C4-400E-BC74-902AEC94EC3D}.Debug|ARM.Build.0 = Debug|ARM
		{EFCCBB22-D4C4-400E-BC74-902AEC94EC3D}.Debug|ARM.Deploy.0 = Debug|ARM
		{EFCCBB22-D4C4-400E-BC74-902AEC94EC3D}.Debug|iPhone.ActiveCfg = Debug|Any CPU
		{EFCCBB22-D4C4-400E-BC74-902AEC94EC3D}.Debug|iPhoneSimulator.ActiveCfg = Debug|Any CPU
		{EFCCBB22-D4C4-400E-BC74-902AEC94EC3D}.Debug|Mixed Platforms.ActiveCfg = Debug|x86
		{EFCCBB22-D4C4-400E-BC74-902AEC94EC3D}.Debug|Mixed Platforms.Build.0 = Debug|x86
		{EFCCBB22-D4C4-400E-BC74-902AEC94EC3D}.Debug|Mixed Platforms.Deploy.0 = Debug|x86
		{EFCCBB22-D4C4-400E-BC74-902AEC94EC3D}.Debug|x86.ActiveCfg = Debug|x86
		{EFCCBB22-D4C4-400E-BC74-902AEC94EC3D}.Debug|x86.Build.0 = Debug|x86
		{EFCCBB22-D4C4-400E-BC74-902AEC94EC3D}.Debug|x86.Deploy.0 = Debug|x86
		{EFCCBB22-D4C4-400E-BC74-902AEC94EC3D}.Release|Any CPU.ActiveCfg = Release|Any CPU
		{EFCCBB22-D4C4-400E-BC74-902AEC94EC3D}.Release|Any CPU.Build.0 = Release|Any CPU
		{EFCCBB22-D4C4-400E-BC74-902AEC94EC3D}.Release|Any CPU.Deploy.0 = Release|Any CPU
		{EFCCBB22-D4C4-400E-BC74-902AEC94EC3D}.Release|ARM.ActiveCfg = Release|ARM
		{EFCCBB22-D4C4-400E-BC74-902AEC94EC3D}.Release|ARM.Build.0 = Release|ARM
		{EFCCBB22-D4C4-400E-BC74-902AEC94EC3D}.Release|ARM.Deploy.0 = Release|ARM
		{EFCCBB22-D4C4-400E-BC74-902AEC94EC3D}.Release|iPhone.ActiveCfg = Release|Any CPU
		{EFCCBB22-D4C4-400E-BC74-902AEC94EC3D}.Release|iPhoneSimulator.ActiveCfg = Release|Any CPU
		{EFCCBB22-D4C4-400E-BC74-902AEC94EC3D}.Release|Mixed Platforms.ActiveCfg = Release|x86
		{EFCCBB22-D4C4-400E-BC74-902AEC94EC3D}.Release|Mixed Platforms.Build.0 = Release|x86
		{EFCCBB22-D4C4-400E-BC74-902AEC94EC3D}.Release|Mixed Platforms.Deploy.0 = Release|x86
		{EFCCBB22-D4C4-400E-BC74-902AEC94EC3D}.Release|x86.ActiveCfg = Release|x86
		{EFCCBB22-D4C4-400E-BC74-902AEC94EC3D}.Release|x86.Build.0 = Release|x86
		{EFCCBB22-D4C4-400E-BC74-902AEC94EC3D}.Release|x86.Deploy.0 = Release|x86
		{9CE121FC-EDCB-44AE-92E0-4587DC2C8697}.Ad-Hoc|Any CPU.ActiveCfg = Release|Any CPU
		{9CE121FC-EDCB-44AE-92E0-4587DC2C8697}.Ad-Hoc|Any CPU.Build.0 = Release|Any CPU
		{9CE121FC-EDCB-44AE-92E0-4587DC2C8697}.Ad-Hoc|ARM.ActiveCfg = Release|Any CPU
		{9CE121FC-EDCB-44AE-92E0-4587DC2C8697}.Ad-Hoc|iPhone.ActiveCfg = Release|Any CPU
		{9CE121FC-EDCB-44AE-92E0-4587DC2C8697}.Ad-Hoc|iPhoneSimulator.ActiveCfg = Release|Any CPU
		{9CE121FC-EDCB-44AE-92E0-4587DC2C8697}.Ad-Hoc|Mixed Platforms.ActiveCfg = Release|Any CPU
		{9CE121FC-EDCB-44AE-92E0-4587DC2C8697}.Ad-Hoc|Mixed Platforms.Build.0 = Release|Any CPU
		{9CE121FC-EDCB-44AE-92E0-4587DC2C8697}.Ad-Hoc|x86.ActiveCfg = Release|Any CPU
		{9CE121FC-EDCB-44AE-92E0-4587DC2C8697}.AppStore|Any CPU.ActiveCfg = Release|Any CPU
		{9CE121FC-EDCB-44AE-92E0-4587DC2C8697}.AppStore|Any CPU.Build.0 = Release|Any CPU
		{9CE121FC-EDCB-44AE-92E0-4587DC2C8697}.AppStore|ARM.ActiveCfg = Release|Any CPU
		{9CE121FC-EDCB-44AE-92E0-4587DC2C8697}.AppStore|iPhone.ActiveCfg = Release|Any CPU
		{9CE121FC-EDCB-44AE-92E0-4587DC2C8697}.AppStore|iPhoneSimulator.ActiveCfg = Release|Any CPU
		{9CE121FC-EDCB-44AE-92E0-4587DC2C8697}.AppStore|Mixed Platforms.ActiveCfg = Release|Any CPU
		{9CE121FC-EDCB-44AE-92E0-4587DC2C8697}.AppStore|Mixed Platforms.Build.0 = Release|Any CPU
		{9CE121FC-EDCB-44AE-92E0-4587DC2C8697}.AppStore|x86.ActiveCfg = Release|Any CPU
		{9CE121FC-EDCB-44AE-92E0-4587DC2C8697}.Debug|Any CPU.ActiveCfg = Debug|Any CPU
		{9CE121FC-EDCB-44AE-92E0-4587DC2C8697}.Debug|Any CPU.Build.0 = Debug|Any CPU
		{9CE121FC-EDCB-44AE-92E0-4587DC2C8697}.Debug|ARM.ActiveCfg = Debug|Any CPU
		{9CE121FC-EDCB-44AE-92E0-4587DC2C8697}.Debug|iPhone.ActiveCfg = Debug|Any CPU
		{9CE121FC-EDCB-44AE-92E0-4587DC2C8697}.Debug|iPhoneSimulator.ActiveCfg = Debug|Any CPU
		{9CE121FC-EDCB-44AE-92E0-4587DC2C8697}.Debug|Mixed Platforms.ActiveCfg = Debug|Any CPU
		{9CE121FC-EDCB-44AE-92E0-4587DC2C8697}.Debug|Mixed Platforms.Build.0 = Debug|Any CPU
		{9CE121FC-EDCB-44AE-92E0-4587DC2C8697}.Debug|x86.ActiveCfg = Debug|Any CPU
		{9CE121FC-EDCB-44AE-92E0-4587DC2C8697}.Release|Any CPU.ActiveCfg = Release|Any CPU
		{9CE121FC-EDCB-44AE-92E0-4587DC2C8697}.Release|Any CPU.Build.0 = Release|Any CPU
		{9CE121FC-EDCB-44AE-92E0-4587DC2C8697}.Release|ARM.ActiveCfg = Release|Any CPU
		{9CE121FC-EDCB-44AE-92E0-4587DC2C8697}.Release|iPhone.ActiveCfg = Release|Any CPU
		{9CE121FC-EDCB-44AE-92E0-4587DC2C8697}.Release|iPhoneSimulator.ActiveCfg = Release|Any CPU
		{9CE121FC-EDCB-44AE-92E0-4587DC2C8697}.Release|Mixed Platforms.ActiveCfg = Release|Any CPU
		{9CE121FC-EDCB-44AE-92E0-4587DC2C8697}.Release|Mixed Platforms.Build.0 = Release|Any CPU
		{9CE121FC-EDCB-44AE-92E0-4587DC2C8697}.Release|x86.ActiveCfg = Release|Any CPU
		{E7F99720-54BB-4F17-A03D-C807E3B32B49}.Ad-Hoc|Any CPU.ActiveCfg = Release|Any CPU
		{E7F99720-54BB-4F17-A03D-C807E3B32B49}.Ad-Hoc|Any CPU.Build.0 = Release|Any CPU
		{E7F99720-54BB-4F17-A03D-C807E3B32B49}.Ad-Hoc|ARM.ActiveCfg = Release|ARM
		{E7F99720-54BB-4F17-A03D-C807E3B32B49}.Ad-Hoc|ARM.Build.0 = Release|ARM
		{E7F99720-54BB-4F17-A03D-C807E3B32B49}.Ad-Hoc|iPhone.ActiveCfg = Release|Any CPU
		{E7F99720-54BB-4F17-A03D-C807E3B32B49}.Ad-Hoc|iPhoneSimulator.ActiveCfg = Release|Any CPU
		{E7F99720-54BB-4F17-A03D-C807E3B32B49}.Ad-Hoc|Mixed Platforms.ActiveCfg = Release|x86
		{E7F99720-54BB-4F17-A03D-C807E3B32B49}.Ad-Hoc|Mixed Platforms.Build.0 = Release|x86
		{E7F99720-54BB-4F17-A03D-C807E3B32B49}.Ad-Hoc|x86.ActiveCfg = Release|x86
		{E7F99720-54BB-4F17-A03D-C807E3B32B49}.Ad-Hoc|x86.Build.0 = Release|x86
		{E7F99720-54BB-4F17-A03D-C807E3B32B49}.AppStore|Any CPU.ActiveCfg = Release|Any CPU
		{E7F99720-54BB-4F17-A03D-C807E3B32B49}.AppStore|Any CPU.Build.0 = Release|Any CPU
		{E7F99720-54BB-4F17-A03D-C807E3B32B49}.AppStore|ARM.ActiveCfg = Release|ARM
		{E7F99720-54BB-4F17-A03D-C807E3B32B49}.AppStore|ARM.Build.0 = Release|ARM
		{E7F99720-54BB-4F17-A03D-C807E3B32B49}.AppStore|iPhone.ActiveCfg = Release|Any CPU
		{E7F99720-54BB-4F17-A03D-C807E3B32B49}.AppStore|iPhoneSimulator.ActiveCfg = Release|Any CPU
		{E7F99720-54BB-4F17-A03D-C807E3B32B49}.AppStore|Mixed Platforms.ActiveCfg = Release|x86
		{E7F99720-54BB-4F17-A03D-C807E3B32B49}.AppStore|Mixed Platforms.Build.0 = Release|x86
		{E7F99720-54BB-4F17-A03D-C807E3B32B49}.AppStore|x86.ActiveCfg = Release|x86
		{E7F99720-54BB-4F17-A03D-C807E3B32B49}.AppStore|x86.Build.0 = Release|x86
		{E7F99720-54BB-4F17-A03D-C807E3B32B49}.Debug|Any CPU.ActiveCfg = Debug|Any CPU
		{E7F99720-54BB-4F17-A03D-C807E3B32B49}.Debug|Any CPU.Build.0 = Debug|Any CPU
		{E7F99720-54BB-4F17-A03D-C807E3B32B49}.Debug|ARM.ActiveCfg = Debug|ARM
		{E7F99720-54BB-4F17-A03D-C807E3B32B49}.Debug|ARM.Build.0 = Debug|ARM
		{E7F99720-54BB-4F17-A03D-C807E3B32B49}.Debug|iPhone.ActiveCfg = Debug|Any CPU
		{E7F99720-54BB-4F17-A03D-C807E3B32B49}.Debug|iPhoneSimulator.ActiveCfg = Debug|Any CPU
		{E7F99720-54BB-4F17-A03D-C807E3B32B49}.Debug|Mixed Platforms.ActiveCfg = Debug|x86
		{E7F99720-54BB-4F17-A03D-C807E3B32B49}.Debug|Mixed Platforms.Build.0 = Debug|x86
		{E7F99720-54BB-4F17-A03D-C807E3B32B49}.Debug|x86.ActiveCfg = Debug|x86
		{E7F99720-54BB-4F17-A03D-C807E3B32B49}.Debug|x86.Build.0 = Debug|x86
		{E7F99720-54BB-4F17-A03D-C807E3B32B49}.Release|Any CPU.ActiveCfg = Release|Any CPU
		{E7F99720-54BB-4F17-A03D-C807E3B32B49}.Release|Any CPU.Build.0 = Release|Any CPU
		{E7F99720-54BB-4F17-A03D-C807E3B32B49}.Release|ARM.ActiveCfg = Release|ARM
		{E7F99720-54BB-4F17-A03D-C807E3B32B49}.Release|ARM.Build.0 = Release|ARM
		{E7F99720-54BB-4F17-A03D-C807E3B32B49}.Release|iPhone.ActiveCfg = Release|Any CPU
		{E7F99720-54BB-4F17-A03D-C807E3B32B49}.Release|iPhoneSimulator.ActiveCfg = Release|Any CPU
		{E7F99720-54BB-4F17-A03D-C807E3B32B49}.Release|Mixed Platforms.ActiveCfg = Release|x86
		{E7F99720-54BB-4F17-A03D-C807E3B32B49}.Release|Mixed Platforms.Build.0 = Release|x86
		{E7F99720-54BB-4F17-A03D-C807E3B32B49}.Release|x86.ActiveCfg = Release|x86
		{E7F99720-54BB-4F17-A03D-C807E3B32B49}.Release|x86.Build.0 = Release|x86
		{C1A0E53F-25ED-41D1-A0E3-1E3FCD84FE92}.Ad-Hoc|Any CPU.ActiveCfg = Release|Any CPU
		{C1A0E53F-25ED-41D1-A0E3-1E3FCD84FE92}.Ad-Hoc|Any CPU.Build.0 = Release|Any CPU
		{C1A0E53F-25ED-41D1-A0E3-1E3FCD84FE92}.Ad-Hoc|Any CPU.Deploy.0 = Release|Any CPU
		{C1A0E53F-25ED-41D1-A0E3-1E3FCD84FE92}.Ad-Hoc|ARM.ActiveCfg = Release|Any CPU
		{C1A0E53F-25ED-41D1-A0E3-1E3FCD84FE92}.Ad-Hoc|iPhone.ActiveCfg = Release|Any CPU
		{C1A0E53F-25ED-41D1-A0E3-1E3FCD84FE92}.Ad-Hoc|iPhoneSimulator.ActiveCfg = Release|Any CPU
		{C1A0E53F-25ED-41D1-A0E3-1E3FCD84FE92}.Ad-Hoc|Mixed Platforms.ActiveCfg = Release|Any CPU
		{C1A0E53F-25ED-41D1-A0E3-1E3FCD84FE92}.Ad-Hoc|Mixed Platforms.Build.0 = Release|Any CPU
		{C1A0E53F-25ED-41D1-A0E3-1E3FCD84FE92}.Ad-Hoc|Mixed Platforms.Deploy.0 = Release|Any CPU
		{C1A0E53F-25ED-41D1-A0E3-1E3FCD84FE92}.Ad-Hoc|x86.ActiveCfg = Release|Any CPU
		{C1A0E53F-25ED-41D1-A0E3-1E3FCD84FE92}.AppStore|Any CPU.ActiveCfg = Release|Any CPU
		{C1A0E53F-25ED-41D1-A0E3-1E3FCD84FE92}.AppStore|Any CPU.Build.0 = Release|Any CPU
		{C1A0E53F-25ED-41D1-A0E3-1E3FCD84FE92}.AppStore|Any CPU.Deploy.0 = Release|Any CPU
		{C1A0E53F-25ED-41D1-A0E3-1E3FCD84FE92}.AppStore|ARM.ActiveCfg = Release|Any CPU
		{C1A0E53F-25ED-41D1-A0E3-1E3FCD84FE92}.AppStore|iPhone.ActiveCfg = Release|Any CPU
		{C1A0E53F-25ED-41D1-A0E3-1E3FCD84FE92}.AppStore|iPhoneSimulator.ActiveCfg = Release|Any CPU
		{C1A0E53F-25ED-41D1-A0E3-1E3FCD84FE92}.AppStore|Mixed Platforms.ActiveCfg = Release|Any CPU
		{C1A0E53F-25ED-41D1-A0E3-1E3FCD84FE92}.AppStore|Mixed Platforms.Build.0 = Release|Any CPU
		{C1A0E53F-25ED-41D1-A0E3-1E3FCD84FE92}.AppStore|Mixed Platforms.Deploy.0 = Release|Any CPU
		{C1A0E53F-25ED-41D1-A0E3-1E3FCD84FE92}.AppStore|x86.ActiveCfg = Release|Any CPU
		{C1A0E53F-25ED-41D1-A0E3-1E3FCD84FE92}.Debug|Any CPU.ActiveCfg = Debug|Any CPU
		{C1A0E53F-25ED-41D1-A0E3-1E3FCD84FE92}.Debug|Any CPU.Build.0 = Debug|Any CPU
		{C1A0E53F-25ED-41D1-A0E3-1E3FCD84FE92}.Debug|Any CPU.Deploy.0 = Debug|Any CPU
		{C1A0E53F-25ED-41D1-A0E3-1E3FCD84FE92}.Debug|ARM.ActiveCfg = Debug|Any CPU
		{C1A0E53F-25ED-41D1-A0E3-1E3FCD84FE92}.Debug|iPhone.ActiveCfg = Debug|Any CPU
		{C1A0E53F-25ED-41D1-A0E3-1E3FCD84FE92}.Debug|iPhoneSimulator.ActiveCfg = Debug|Any CPU
		{C1A0E53F-25ED-41D1-A0E3-1E3FCD84FE92}.Debug|Mixed Platforms.ActiveCfg = Debug|Any CPU
		{C1A0E53F-25ED-41D1-A0E3-1E3FCD84FE92}.Debug|Mixed Platforms.Build.0 = Debug|Any CPU
		{C1A0E53F-25ED-41D1-A0E3-1E3FCD84FE92}.Debug|Mixed Platforms.Deploy.0 = Debug|Any CPU
		{C1A0E53F-25ED-41D1-A0E3-1E3FCD84FE92}.Debug|x86.ActiveCfg = Debug|Any CPU
		{C1A0E53F-25ED-41D1-A0E3-1E3FCD84FE92}.Release|Any CPU.ActiveCfg = Release|Any CPU
		{C1A0E53F-25ED-41D1-A0E3-1E3FCD84FE92}.Release|Any CPU.Build.0 = Release|Any CPU
		{C1A0E53F-25ED-41D1-A0E3-1E3FCD84FE92}.Release|Any CPU.Deploy.0 = Release|Any CPU
		{C1A0E53F-25ED-41D1-A0E3-1E3FCD84FE92}.Release|ARM.ActiveCfg = Release|Any CPU
		{C1A0E53F-25ED-41D1-A0E3-1E3FCD84FE92}.Release|iPhone.ActiveCfg = Release|Any CPU
		{C1A0E53F-25ED-41D1-A0E3-1E3FCD84FE92}.Release|iPhoneSimulator.ActiveCfg = Release|Any CPU
		{C1A0E53F-25ED-41D1-A0E3-1E3FCD84FE92}.Release|Mixed Platforms.ActiveCfg = Release|Any CPU
		{C1A0E53F-25ED-41D1-A0E3-1E3FCD84FE92}.Release|Mixed Platforms.Build.0 = Release|Any CPU
		{C1A0E53F-25ED-41D1-A0E3-1E3FCD84FE92}.Release|Mixed Platforms.Deploy.0 = Release|Any CPU
		{C1A0E53F-25ED-41D1-A0E3-1E3FCD84FE92}.Release|x86.ActiveCfg = Release|Any CPU
		{192CC99A-4357-40F6-9349-1E1F26223787}.Ad-Hoc|Any CPU.ActiveCfg = Release|Any CPU
		{192CC99A-4357-40F6-9349-1E1F26223787}.Ad-Hoc|Any CPU.Build.0 = Release|Any CPU
		{192CC99A-4357-40F6-9349-1E1F26223787}.Ad-Hoc|Any CPU.Deploy.0 = Release|Any CPU
		{192CC99A-4357-40F6-9349-1E1F26223787}.Ad-Hoc|ARM.ActiveCfg = Release|Any CPU
		{192CC99A-4357-40F6-9349-1E1F26223787}.Ad-Hoc|iPhone.ActiveCfg = Release|Any CPU
		{192CC99A-4357-40F6-9349-1E1F26223787}.Ad-Hoc|iPhoneSimulator.ActiveCfg = Release|Any CPU
		{192CC99A-4357-40F6-9349-1E1F26223787}.Ad-Hoc|Mixed Platforms.ActiveCfg = Release|Any CPU
		{192CC99A-4357-40F6-9349-1E1F26223787}.Ad-Hoc|Mixed Platforms.Build.0 = Release|Any CPU
		{192CC99A-4357-40F6-9349-1E1F26223787}.Ad-Hoc|Mixed Platforms.Deploy.0 = Release|Any CPU
		{192CC99A-4357-40F6-9349-1E1F26223787}.Ad-Hoc|x86.ActiveCfg = Release|Any CPU
		{192CC99A-4357-40F6-9349-1E1F26223787}.AppStore|Any CPU.ActiveCfg = Release|Any CPU
		{192CC99A-4357-40F6-9349-1E1F26223787}.AppStore|Any CPU.Build.0 = Release|Any CPU
		{192CC99A-4357-40F6-9349-1E1F26223787}.AppStore|Any CPU.Deploy.0 = Release|Any CPU
		{192CC99A-4357-40F6-9349-1E1F26223787}.AppStore|ARM.ActiveCfg = Release|Any CPU
		{192CC99A-4357-40F6-9349-1E1F26223787}.AppStore|iPhone.ActiveCfg = Release|Any CPU
		{192CC99A-4357-40F6-9349-1E1F26223787}.AppStore|iPhoneSimulator.ActiveCfg = Release|Any CPU
		{192CC99A-4357-40F6-9349-1E1F26223787}.AppStore|Mixed Platforms.ActiveCfg = Release|Any CPU
		{192CC99A-4357-40F6-9349-1E1F26223787}.AppStore|Mixed Platforms.Build.0 = Release|Any CPU
		{192CC99A-4357-40F6-9349-1E1F26223787}.AppStore|Mixed Platforms.Deploy.0 = Release|Any CPU
		{192CC99A-4357-40F6-9349-1E1F26223787}.AppStore|x86.ActiveCfg = Release|Any CPU
		{192CC99A-4357-40F6-9349-1E1F26223787}.Debug|Any CPU.ActiveCfg = Debug|Any CPU
		{192CC99A-4357-40F6-9349-1E1F26223787}.Debug|Any CPU.Build.0 = Debug|Any CPU
		{192CC99A-4357-40F6-9349-1E1F26223787}.Debug|Any CPU.Deploy.0 = Debug|Any CPU
		{192CC99A-4357-40F6-9349-1E1F26223787}.Debug|ARM.ActiveCfg = Debug|Any CPU
		{192CC99A-4357-40F6-9349-1E1F26223787}.Debug|iPhone.ActiveCfg = Debug|Any CPU
		{192CC99A-4357-40F6-9349-1E1F26223787}.Debug|iPhoneSimulator.ActiveCfg = Debug|Any CPU
		{192CC99A-4357-40F6-9349-1E1F26223787}.Debug|Mixed Platforms.ActiveCfg = Debug|Any CPU
		{192CC99A-4357-40F6-9349-1E1F26223787}.Debug|Mixed Platforms.Build.0 = Debug|Any CPU
		{192CC99A-4357-40F6-9349-1E1F26223787}.Debug|Mixed Platforms.Deploy.0 = Debug|Any CPU
		{192CC99A-4357-40F6-9349-1E1F26223787}.Debug|x86.ActiveCfg = Debug|Any CPU
		{192CC99A-4357-40F6-9349-1E1F26223787}.Release|Any CPU.ActiveCfg = Release|Any CPU
		{192CC99A-4357-40F6-9349-1E1F26223787}.Release|Any CPU.Build.0 = Release|Any CPU
		{192CC99A-4357-40F6-9349-1E1F26223787}.Release|Any CPU.Deploy.0 = Release|Any CPU
		{192CC99A-4357-40F6-9349-1E1F26223787}.Release|ARM.ActiveCfg = Release|Any CPU
		{192CC99A-4357-40F6-9349-1E1F26223787}.Release|iPhone.ActiveCfg = Release|Any CPU
		{192CC99A-4357-40F6-9349-1E1F26223787}.Release|iPhoneSimulator.ActiveCfg = Release|Any CPU
		{192CC99A-4357-40F6-9349-1E1F26223787}.Release|Mixed Platforms.ActiveCfg = Release|Any CPU
		{192CC99A-4357-40F6-9349-1E1F26223787}.Release|Mixed Platforms.Build.0 = Release|Any CPU
		{192CC99A-4357-40F6-9349-1E1F26223787}.Release|Mixed Platforms.Deploy.0 = Release|Any CPU
		{192CC99A-4357-40F6-9349-1E1F26223787}.Release|x86.ActiveCfg = Release|Any CPU
		{701A58FB-EF7C-40DD-A9D4-3C5DB2A94C98}.Ad-Hoc|Any CPU.ActiveCfg = Ad-Hoc|iPhone
		{701A58FB-EF7C-40DD-A9D4-3C5DB2A94C98}.Ad-Hoc|ARM.ActiveCfg = Ad-Hoc|iPhone
		{701A58FB-EF7C-40DD-A9D4-3C5DB2A94C98}.Ad-Hoc|iPhone.ActiveCfg = Ad-Hoc|iPhone
		{701A58FB-EF7C-40DD-A9D4-3C5DB2A94C98}.Ad-Hoc|iPhone.Build.0 = Ad-Hoc|iPhone
		{701A58FB-EF7C-40DD-A9D4-3C5DB2A94C98}.Ad-Hoc|iPhoneSimulator.ActiveCfg = Ad-Hoc|iPhoneSimulator
		{701A58FB-EF7C-40DD-A9D4-3C5DB2A94C98}.Ad-Hoc|iPhoneSimulator.Build.0 = Ad-Hoc|iPhoneSimulator
		{701A58FB-EF7C-40DD-A9D4-3C5DB2A94C98}.Ad-Hoc|Mixed Platforms.ActiveCfg = Ad-Hoc|iPhone
		{701A58FB-EF7C-40DD-A9D4-3C5DB2A94C98}.Ad-Hoc|Mixed Platforms.Build.0 = Ad-Hoc|iPhone
		{701A58FB-EF7C-40DD-A9D4-3C5DB2A94C98}.Ad-Hoc|x86.ActiveCfg = Ad-Hoc|iPhone
		{701A58FB-EF7C-40DD-A9D4-3C5DB2A94C98}.AppStore|Any CPU.ActiveCfg = AppStore|iPhone
		{701A58FB-EF7C-40DD-A9D4-3C5DB2A94C98}.AppStore|ARM.ActiveCfg = AppStore|iPhone
		{701A58FB-EF7C-40DD-A9D4-3C5DB2A94C98}.AppStore|iPhone.ActiveCfg = AppStore|iPhone
		{701A58FB-EF7C-40DD-A9D4-3C5DB2A94C98}.AppStore|iPhone.Build.0 = AppStore|iPhone
		{701A58FB-EF7C-40DD-A9D4-3C5DB2A94C98}.AppStore|iPhoneSimulator.ActiveCfg = AppStore|iPhoneSimulator
		{701A58FB-EF7C-40DD-A9D4-3C5DB2A94C98}.AppStore|iPhoneSimulator.Build.0 = AppStore|iPhoneSimulator
		{701A58FB-EF7C-40DD-A9D4-3C5DB2A94C98}.AppStore|Mixed Platforms.ActiveCfg = AppStore|iPhone
		{701A58FB-EF7C-40DD-A9D4-3C5DB2A94C98}.AppStore|Mixed Platforms.Build.0 = AppStore|iPhone
		{701A58FB-EF7C-40DD-A9D4-3C5DB2A94C98}.AppStore|x86.ActiveCfg = AppStore|iPhone
		{701A58FB-EF7C-40DD-A9D4-3C5DB2A94C98}.Debug|Any CPU.ActiveCfg = Debug|iPhone
		{701A58FB-EF7C-40DD-A9D4-3C5DB2A94C98}.Debug|ARM.ActiveCfg = Debug|iPhone
		{701A58FB-EF7C-40DD-A9D4-3C5DB2A94C98}.Debug|iPhone.ActiveCfg = Debug|iPhone
		{701A58FB-EF7C-40DD-A9D4-3C5DB2A94C98}.Debug|iPhone.Build.0 = Debug|iPhone
		{701A58FB-EF7C-40DD-A9D4-3C5DB2A94C98}.Debug|iPhoneSimulator.ActiveCfg = Debug|iPhoneSimulator
		{701A58FB-EF7C-40DD-A9D4-3C5DB2A94C98}.Debug|iPhoneSimulator.Build.0 = Debug|iPhoneSimulator
		{701A58FB-EF7C-40DD-A9D4-3C5DB2A94C98}.Debug|Mixed Platforms.ActiveCfg = Debug|iPhone
		{701A58FB-EF7C-40DD-A9D4-3C5DB2A94C98}.Debug|Mixed Platforms.Build.0 = Debug|iPhone
		{701A58FB-EF7C-40DD-A9D4-3C5DB2A94C98}.Debug|x86.ActiveCfg = Debug|iPhone
		{701A58FB-EF7C-40DD-A9D4-3C5DB2A94C98}.Release|Any CPU.ActiveCfg = Release|iPhone
		{701A58FB-EF7C-40DD-A9D4-3C5DB2A94C98}.Release|ARM.ActiveCfg = Release|iPhone
		{701A58FB-EF7C-40DD-A9D4-3C5DB2A94C98}.Release|iPhone.ActiveCfg = Release|iPhone
		{701A58FB-EF7C-40DD-A9D4-3C5DB2A94C98}.Release|iPhone.Build.0 = Release|iPhone
		{701A58FB-EF7C-40DD-A9D4-3C5DB2A94C98}.Release|iPhoneSimulator.ActiveCfg = Release|iPhoneSimulator
		{701A58FB-EF7C-40DD-A9D4-3C5DB2A94C98}.Release|iPhoneSimulator.Build.0 = Release|iPhoneSimulator
		{701A58FB-EF7C-40DD-A9D4-3C5DB2A94C98}.Release|Mixed Platforms.ActiveCfg = Release|iPhone
		{701A58FB-EF7C-40DD-A9D4-3C5DB2A94C98}.Release|Mixed Platforms.Build.0 = Release|iPhone
		{701A58FB-EF7C-40DD-A9D4-3C5DB2A94C98}.Release|x86.ActiveCfg = Release|iPhone
		{F3DAB20E-4FC9-4D83-B562-CB0E86DC5A6C}.Ad-Hoc|Any CPU.ActiveCfg = Ad-Hoc|iPhone
		{F3DAB20E-4FC9-4D83-B562-CB0E86DC5A6C}.Ad-Hoc|ARM.ActiveCfg = Ad-Hoc|iPhone
		{F3DAB20E-4FC9-4D83-B562-CB0E86DC5A6C}.Ad-Hoc|iPhone.ActiveCfg = Ad-Hoc|iPhone
		{F3DAB20E-4FC9-4D83-B562-CB0E86DC5A6C}.Ad-Hoc|iPhone.Build.0 = Ad-Hoc|iPhone
		{F3DAB20E-4FC9-4D83-B562-CB0E86DC5A6C}.Ad-Hoc|iPhone.Deploy.0 = Ad-Hoc|iPhone
		{F3DAB20E-4FC9-4D83-B562-CB0E86DC5A6C}.Ad-Hoc|iPhoneSimulator.ActiveCfg = Ad-Hoc|iPhoneSimulator
		{F3DAB20E-4FC9-4D83-B562-CB0E86DC5A6C}.Ad-Hoc|iPhoneSimulator.Build.0 = Ad-Hoc|iPhoneSimulator
		{F3DAB20E-4FC9-4D83-B562-CB0E86DC5A6C}.Ad-Hoc|iPhoneSimulator.Deploy.0 = Ad-Hoc|iPhoneSimulator
		{F3DAB20E-4FC9-4D83-B562-CB0E86DC5A6C}.Ad-Hoc|Mixed Platforms.ActiveCfg = Ad-Hoc|iPhone
		{F3DAB20E-4FC9-4D83-B562-CB0E86DC5A6C}.Ad-Hoc|Mixed Platforms.Build.0 = Ad-Hoc|iPhone
		{F3DAB20E-4FC9-4D83-B562-CB0E86DC5A6C}.Ad-Hoc|Mixed Platforms.Deploy.0 = Ad-Hoc|iPhone
		{F3DAB20E-4FC9-4D83-B562-CB0E86DC5A6C}.Ad-Hoc|x86.ActiveCfg = Ad-Hoc|iPhone
		{F3DAB20E-4FC9-4D83-B562-CB0E86DC5A6C}.AppStore|Any CPU.ActiveCfg = AppStore|iPhone
		{F3DAB20E-4FC9-4D83-B562-CB0E86DC5A6C}.AppStore|ARM.ActiveCfg = AppStore|iPhone
		{F3DAB20E-4FC9-4D83-B562-CB0E86DC5A6C}.AppStore|iPhone.ActiveCfg = AppStore|iPhone
		{F3DAB20E-4FC9-4D83-B562-CB0E86DC5A6C}.AppStore|iPhone.Build.0 = AppStore|iPhone
		{F3DAB20E-4FC9-4D83-B562-CB0E86DC5A6C}.AppStore|iPhone.Deploy.0 = AppStore|iPhone
		{F3DAB20E-4FC9-4D83-B562-CB0E86DC5A6C}.AppStore|iPhoneSimulator.ActiveCfg = AppStore|iPhoneSimulator
		{F3DAB20E-4FC9-4D83-B562-CB0E86DC5A6C}.AppStore|iPhoneSimulator.Build.0 = AppStore|iPhoneSimulator
		{F3DAB20E-4FC9-4D83-B562-CB0E86DC5A6C}.AppStore|iPhoneSimulator.Deploy.0 = AppStore|iPhoneSimulator
		{F3DAB20E-4FC9-4D83-B562-CB0E86DC5A6C}.AppStore|Mixed Platforms.ActiveCfg = AppStore|iPhone
		{F3DAB20E-4FC9-4D83-B562-CB0E86DC5A6C}.AppStore|Mixed Platforms.Build.0 = AppStore|iPhone
		{F3DAB20E-4FC9-4D83-B562-CB0E86DC5A6C}.AppStore|Mixed Platforms.Deploy.0 = AppStore|iPhone
		{F3DAB20E-4FC9-4D83-B562-CB0E86DC5A6C}.AppStore|x86.ActiveCfg = AppStore|iPhone
		{F3DAB20E-4FC9-4D83-B562-CB0E86DC5A6C}.Debug|Any CPU.ActiveCfg = Debug|iPhone
		{F3DAB20E-4FC9-4D83-B562-CB0E86DC5A6C}.Debug|ARM.ActiveCfg = Debug|iPhone
		{F3DAB20E-4FC9-4D83-B562-CB0E86DC5A6C}.Debug|iPhone.ActiveCfg = Debug|iPhone
		{F3DAB20E-4FC9-4D83-B562-CB0E86DC5A6C}.Debug|iPhone.Build.0 = Debug|iPhone
		{F3DAB20E-4FC9-4D83-B562-CB0E86DC5A6C}.Debug|iPhone.Deploy.0 = Debug|iPhone
		{F3DAB20E-4FC9-4D83-B562-CB0E86DC5A6C}.Debug|iPhoneSimulator.ActiveCfg = Debug|iPhoneSimulator
		{F3DAB20E-4FC9-4D83-B562-CB0E86DC5A6C}.Debug|iPhoneSimulator.Build.0 = Debug|iPhoneSimulator
		{F3DAB20E-4FC9-4D83-B562-CB0E86DC5A6C}.Debug|iPhoneSimulator.Deploy.0 = Debug|iPhoneSimulator
		{F3DAB20E-4FC9-4D83-B562-CB0E86DC5A6C}.Debug|Mixed Platforms.ActiveCfg = Debug|iPhone
		{F3DAB20E-4FC9-4D83-B562-CB0E86DC5A6C}.Debug|Mixed Platforms.Build.0 = Debug|iPhone
		{F3DAB20E-4FC9-4D83-B562-CB0E86DC5A6C}.Debug|Mixed Platforms.Deploy.0 = Debug|iPhone
		{F3DAB20E-4FC9-4D83-B562-CB0E86DC5A6C}.Debug|x86.ActiveCfg = Debug|iPhone
		{F3DAB20E-4FC9-4D83-B562-CB0E86DC5A6C}.Release|Any CPU.ActiveCfg = Release|iPhone
		{F3DAB20E-4FC9-4D83-B562-CB0E86DC5A6C}.Release|ARM.ActiveCfg = Release|iPhone
		{F3DAB20E-4FC9-4D83-B562-CB0E86DC5A6C}.Release|iPhone.ActiveCfg = Release|iPhone
		{F3DAB20E-4FC9-4D83-B562-CB0E86DC5A6C}.Release|iPhone.Build.0 = Release|iPhone
		{F3DAB20E-4FC9-4D83-B562-CB0E86DC5A6C}.Release|iPhone.Deploy.0 = Release|iPhone
		{F3DAB20E-4FC9-4D83-B562-CB0E86DC5A6C}.Release|iPhoneSimulator.ActiveCfg = Release|iPhoneSimulator
		{F3DAB20E-4FC9-4D83-B562-CB0E86DC5A6C}.Release|iPhoneSimulator.Build.0 = Release|iPhoneSimulator
		{F3DAB20E-4FC9-4D83-B562-CB0E86DC5A6C}.Release|iPhoneSimulator.Deploy.0 = Release|iPhoneSimulator
		{F3DAB20E-4FC9-4D83-B562-CB0E86DC5A6C}.Release|Mixed Platforms.ActiveCfg = Release|iPhone
		{F3DAB20E-4FC9-4D83-B562-CB0E86DC5A6C}.Release|Mixed Platforms.Build.0 = Release|iPhone
		{F3DAB20E-4FC9-4D83-B562-CB0E86DC5A6C}.Release|Mixed Platforms.Deploy.0 = Release|iPhone
		{F3DAB20E-4FC9-4D83-B562-CB0E86DC5A6C}.Release|x86.ActiveCfg = Release|iPhone
		{CA1E6BC1-C9D9-4D47-AEB2-0C8B661F5D5C}.Ad-Hoc|Any CPU.ActiveCfg = Ad-Hoc|iPhone
		{CA1E6BC1-C9D9-4D47-AEB2-0C8B661F5D5C}.Ad-Hoc|ARM.ActiveCfg = Ad-Hoc|iPhone
		{CA1E6BC1-C9D9-4D47-AEB2-0C8B661F5D5C}.Ad-Hoc|iPhone.ActiveCfg = Ad-Hoc|iPhone
		{CA1E6BC1-C9D9-4D47-AEB2-0C8B661F5D5C}.Ad-Hoc|iPhone.Build.0 = Ad-Hoc|iPhone
		{CA1E6BC1-C9D9-4D47-AEB2-0C8B661F5D5C}.Ad-Hoc|iPhoneSimulator.ActiveCfg = Ad-Hoc|iPhoneSimulator
		{CA1E6BC1-C9D9-4D47-AEB2-0C8B661F5D5C}.Ad-Hoc|iPhoneSimulator.Build.0 = Ad-Hoc|iPhoneSimulator
		{CA1E6BC1-C9D9-4D47-AEB2-0C8B661F5D5C}.Ad-Hoc|Mixed Platforms.ActiveCfg = Ad-Hoc|iPhone
		{CA1E6BC1-C9D9-4D47-AEB2-0C8B661F5D5C}.Ad-Hoc|Mixed Platforms.Build.0 = Ad-Hoc|iPhone
		{CA1E6BC1-C9D9-4D47-AEB2-0C8B661F5D5C}.Ad-Hoc|x86.ActiveCfg = Ad-Hoc|iPhone
		{CA1E6BC1-C9D9-4D47-AEB2-0C8B661F5D5C}.AppStore|Any CPU.ActiveCfg = AppStore|iPhone
		{CA1E6BC1-C9D9-4D47-AEB2-0C8B661F5D5C}.AppStore|ARM.ActiveCfg = AppStore|iPhone
		{CA1E6BC1-C9D9-4D47-AEB2-0C8B661F5D5C}.AppStore|iPhone.ActiveCfg = AppStore|iPhone
		{CA1E6BC1-C9D9-4D47-AEB2-0C8B661F5D5C}.AppStore|iPhone.Build.0 = AppStore|iPhone
		{CA1E6BC1-C9D9-4D47-AEB2-0C8B661F5D5C}.AppStore|iPhoneSimulator.ActiveCfg = AppStore|iPhoneSimulator
		{CA1E6BC1-C9D9-4D47-AEB2-0C8B661F5D5C}.AppStore|iPhoneSimulator.Build.0 = AppStore|iPhoneSimulator
		{CA1E6BC1-C9D9-4D47-AEB2-0C8B661F5D5C}.AppStore|Mixed Platforms.ActiveCfg = AppStore|iPhone
		{CA1E6BC1-C9D9-4D47-AEB2-0C8B661F5D5C}.AppStore|Mixed Platforms.Build.0 = AppStore|iPhone
		{CA1E6BC1-C9D9-4D47-AEB2-0C8B661F5D5C}.AppStore|x86.ActiveCfg = AppStore|iPhone
		{CA1E6BC1-C9D9-4D47-AEB2-0C8B661F5D5C}.Debug|Any CPU.ActiveCfg = Debug|iPhone
		{CA1E6BC1-C9D9-4D47-AEB2-0C8B661F5D5C}.Debug|ARM.ActiveCfg = Debug|iPhone
		{CA1E6BC1-C9D9-4D47-AEB2-0C8B661F5D5C}.Debug|iPhone.ActiveCfg = Debug|iPhone
		{CA1E6BC1-C9D9-4D47-AEB2-0C8B661F5D5C}.Debug|iPhone.Build.0 = Debug|iPhone
		{CA1E6BC1-C9D9-4D47-AEB2-0C8B661F5D5C}.Debug|iPhoneSimulator.ActiveCfg = Debug|iPhoneSimulator
		{CA1E6BC1-C9D9-4D47-AEB2-0C8B661F5D5C}.Debug|iPhoneSimulator.Build.0 = Debug|iPhoneSimulator
		{CA1E6BC1-C9D9-4D47-AEB2-0C8B661F5D5C}.Debug|Mixed Platforms.ActiveCfg = Debug|iPhone
		{CA1E6BC1-C9D9-4D47-AEB2-0C8B661F5D5C}.Debug|Mixed Platforms.Build.0 = Debug|iPhone
		{CA1E6BC1-C9D9-4D47-AEB2-0C8B661F5D5C}.Debug|x86.ActiveCfg = Debug|iPhone
		{CA1E6BC1-C9D9-4D47-AEB2-0C8B661F5D5C}.Release|Any CPU.ActiveCfg = Release|iPhone
		{CA1E6BC1-C9D9-4D47-AEB2-0C8B661F5D5C}.Release|ARM.ActiveCfg = Release|iPhone
		{CA1E6BC1-C9D9-4D47-AEB2-0C8B661F5D5C}.Release|iPhone.ActiveCfg = Release|iPhone
		{CA1E6BC1-C9D9-4D47-AEB2-0C8B661F5D5C}.Release|iPhone.Build.0 = Release|iPhone
		{CA1E6BC1-C9D9-4D47-AEB2-0C8B661F5D5C}.Release|iPhoneSimulator.ActiveCfg = Release|iPhoneSimulator
		{CA1E6BC1-C9D9-4D47-AEB2-0C8B661F5D5C}.Release|iPhoneSimulator.Build.0 = Release|iPhoneSimulator
		{CA1E6BC1-C9D9-4D47-AEB2-0C8B661F5D5C}.Release|Mixed Platforms.ActiveCfg = Release|iPhone
		{CA1E6BC1-C9D9-4D47-AEB2-0C8B661F5D5C}.Release|Mixed Platforms.Build.0 = Release|iPhone
		{CA1E6BC1-C9D9-4D47-AEB2-0C8B661F5D5C}.Release|x86.ActiveCfg = Release|iPhone
		{AEAF2DFF-7866-44D9-91A3-0B2B303BAC22}.Ad-Hoc|Any CPU.ActiveCfg = Ad-Hoc|iPhone
		{AEAF2DFF-7866-44D9-91A3-0B2B303BAC22}.Ad-Hoc|ARM.ActiveCfg = Ad-Hoc|iPhone
		{AEAF2DFF-7866-44D9-91A3-0B2B303BAC22}.Ad-Hoc|iPhone.ActiveCfg = Ad-Hoc|iPhone
		{AEAF2DFF-7866-44D9-91A3-0B2B303BAC22}.Ad-Hoc|iPhone.Build.0 = Ad-Hoc|iPhone
		{AEAF2DFF-7866-44D9-91A3-0B2B303BAC22}.Ad-Hoc|iPhoneSimulator.ActiveCfg = Ad-Hoc|iPhoneSimulator
		{AEAF2DFF-7866-44D9-91A3-0B2B303BAC22}.Ad-Hoc|iPhoneSimulator.Build.0 = Ad-Hoc|iPhoneSimulator
		{AEAF2DFF-7866-44D9-91A3-0B2B303BAC22}.Ad-Hoc|Mixed Platforms.ActiveCfg = Ad-Hoc|iPhone
		{AEAF2DFF-7866-44D9-91A3-0B2B303BAC22}.Ad-Hoc|Mixed Platforms.Build.0 = Ad-Hoc|iPhone
		{AEAF2DFF-7866-44D9-91A3-0B2B303BAC22}.Ad-Hoc|x86.ActiveCfg = Ad-Hoc|iPhone
		{AEAF2DFF-7866-44D9-91A3-0B2B303BAC22}.AppStore|Any CPU.ActiveCfg = AppStore|iPhone
		{AEAF2DFF-7866-44D9-91A3-0B2B303BAC22}.AppStore|ARM.ActiveCfg = AppStore|iPhone
		{AEAF2DFF-7866-44D9-91A3-0B2B303BAC22}.AppStore|iPhone.ActiveCfg = AppStore|iPhone
		{AEAF2DFF-7866-44D9-91A3-0B2B303BAC22}.AppStore|iPhone.Build.0 = AppStore|iPhone
		{AEAF2DFF-7866-44D9-91A3-0B2B303BAC22}.AppStore|iPhoneSimulator.ActiveCfg = AppStore|iPhoneSimulator
		{AEAF2DFF-7866-44D9-91A3-0B2B303BAC22}.AppStore|iPhoneSimulator.Build.0 = AppStore|iPhoneSimulator
		{AEAF2DFF-7866-44D9-91A3-0B2B303BAC22}.AppStore|Mixed Platforms.ActiveCfg = AppStore|iPhone
		{AEAF2DFF-7866-44D9-91A3-0B2B303BAC22}.AppStore|Mixed Platforms.Build.0 = AppStore|iPhone
		{AEAF2DFF-7866-44D9-91A3-0B2B303BAC22}.AppStore|x86.ActiveCfg = AppStore|iPhone
		{AEAF2DFF-7866-44D9-91A3-0B2B303BAC22}.Debug|Any CPU.ActiveCfg = Debug|iPhone
		{AEAF2DFF-7866-44D9-91A3-0B2B303BAC22}.Debug|ARM.ActiveCfg = Debug|iPhone
		{AEAF2DFF-7866-44D9-91A3-0B2B303BAC22}.Debug|iPhone.ActiveCfg = Debug|iPhone
		{AEAF2DFF-7866-44D9-91A3-0B2B303BAC22}.Debug|iPhone.Build.0 = Debug|iPhone
		{AEAF2DFF-7866-44D9-91A3-0B2B303BAC22}.Debug|iPhoneSimulator.ActiveCfg = Debug|iPhoneSimulator
		{AEAF2DFF-7866-44D9-91A3-0B2B303BAC22}.Debug|iPhoneSimulator.Build.0 = Debug|iPhoneSimulator
		{AEAF2DFF-7866-44D9-91A3-0B2B303BAC22}.Debug|Mixed Platforms.ActiveCfg = Debug|iPhone
		{AEAF2DFF-7866-44D9-91A3-0B2B303BAC22}.Debug|Mixed Platforms.Build.0 = Debug|iPhone
		{AEAF2DFF-7866-44D9-91A3-0B2B303BAC22}.Debug|x86.ActiveCfg = Debug|iPhone
		{AEAF2DFF-7866-44D9-91A3-0B2B303BAC22}.Release|Any CPU.ActiveCfg = Release|iPhone
		{AEAF2DFF-7866-44D9-91A3-0B2B303BAC22}.Release|ARM.ActiveCfg = Release|iPhone
		{AEAF2DFF-7866-44D9-91A3-0B2B303BAC22}.Release|iPhone.ActiveCfg = Release|iPhone
		{AEAF2DFF-7866-44D9-91A3-0B2B303BAC22}.Release|iPhone.Build.0 = Release|iPhone
		{AEAF2DFF-7866-44D9-91A3-0B2B303BAC22}.Release|iPhoneSimulator.ActiveCfg = Release|iPhoneSimulator
		{AEAF2DFF-7866-44D9-91A3-0B2B303BAC22}.Release|iPhoneSimulator.Build.0 = Release|iPhoneSimulator
		{AEAF2DFF-7866-44D9-91A3-0B2B303BAC22}.Release|Mixed Platforms.ActiveCfg = Release|iPhone
		{AEAF2DFF-7866-44D9-91A3-0B2B303BAC22}.Release|Mixed Platforms.Build.0 = Release|iPhone
		{AEAF2DFF-7866-44D9-91A3-0B2B303BAC22}.Release|x86.ActiveCfg = Release|iPhone
	EndGlobalSection
	GlobalSection(SolutionProperties) = preSolution
		HideSolutionNode = FALSE
	EndGlobalSection
EndGlobal
